
Microsoft Visual Studio Solution File, Format Version 12.00
# Visual Studio Version 17
VisualStudioVersion = 17.0.31903.59
MinimumVisualStudioVersion = 10.0.40219.1
Project("{2150E333-8FDC-42A3-9474-1A3956D46DE8}") = "src", "src", "{827E0CD3-B72D-47B6-A68D-7590B98EB39B}"
EndProject
Project("{2150E333-8FDC-42A3-9474-1A3956D46DE8}") = "BuildingBlocks", "BuildingBlocks", "{90298CBA-BD6F-3A0A-69D5-97CAD7B05E7E}"
EndProject
Project("{FAE04EC0-301F-11D3-BF4B-00C04F79EFBC}") = "TechCart.SharedKernel", "src\BuildingBlocks\TechCart.SharedKernel\TechCart.SharedKernel.csproj", "{AC6052AA-D8D6-4DAF-8526-1225FA8852A0}"
EndProject
Project("{FAE04EC0-301F-11D3-BF4B-00C04F79EFBC}") = "TechCart.Infrastructure", "src\BuildingBlocks\TechCart.Infrastructure\TechCart.Infrastructure.csproj", "{FD5C8AA9-A039-49FB-9C29-8A2CE0CF1144}"
EndProject
Project("{FAE04EC0-301F-11D3-BF4B-00C04F79EFBC}") = "TechCart.EventBus", "src\BuildingBlocks\TechCart.EventBus\TechCart.EventBus.csproj", "{8ED6BEAC-F867-4AA1-864E-180C5D681682}"
EndProject
Project("{2150E333-8FDC-42A3-9474-1A3956D46DE8}") = "Hosts", "Hosts", "{C79C3622-AC92-5B3C-4F71-0BD0E7B3816F}"
EndProject
Project("{FAE04EC0-301F-11D3-BF4B-00C04F79EFBC}") = "TechCart.Api", "src\Hosts\TechCart.Api\TechCart.Api.csproj", "{49F07E54-3F34-40A0-9028-FC450B714B69}"
EndProject
Project("{FAE04EC0-301F-11D3-BF4B-00C04F79EFBC}") = "TechCart.Worker", "src\Hosts\TechCart.Worker\TechCart.Worker.csproj", "{A2E61184-7394-4FE1-A736-B40787453275}"
EndProject
Project("{2150E333-8FDC-42A3-9474-1A3956D46DE8}") = "Modules", "Modules", "{EC447DCF-ABFA-6E24-52A5-D7FD48A5C558}"
EndProject
Project("{2150E333-8FDC-42A3-9474-1A3956D46DE8}") = "Identity", "Identity", "{0EC62A1A-9858-3A60-8A0C-FC9AACFA2EC7}"
EndProject
Project("{FAE04EC0-301F-11D3-BF4B-00C04F79EFBC}") = "TechCart.Identity.Domain", "src\Modules\Identity\TechCart.Identity.Domain\TechCart.Identity.Domain.csproj", "{E090F5A8-1F19-45AA-895A-E0A4BB96928F}"
EndProject
Project("{FAE04EC0-301F-11D3-BF4B-00C04F79EFBC}") = "TechCart.Identity.Application", "src\Modules\Identity\TechCart.Identity.Application\TechCart.Identity.Application.csproj", "{D6F824E3-AACE-4CEF-BF2D-100378E14905}"
EndProject
Project("{FAE04EC0-301F-11D3-BF4B-00C04F79EFBC}") = "TechCart.Identity.Infrastructure", "src\Modules\Identity\TechCart.Identity.Infrastructure\TechCart.Identity.Infrastructure.csproj", "{68C2D6FC-C727-472C-BE5B-D46CD021AE72}"
EndProject
Project("{FAE04EC0-301F-11D3-BF4B-00C04F79EFBC}") = "TechCart.Identity.Contracts", "src\Modules\Identity\TechCart.Identity.Contracts\TechCart.Identity.Contracts.csproj", "{01984BF9-3263-4AA4-9D32-BE3B7E04E4EF}"
EndProject
Project("{2150E333-8FDC-42A3-9474-1A3956D46DE8}") = "Cart", "Cart", "{4CB6940A-8DC2-EB53-204F-2C1D4B30062C}"
EndProject
Project("{FAE04EC0-301F-11D3-BF4B-00C04F79EFBC}") = "TechCart.Cart.Domain", "src\Modules\Cart\TechCart.Cart.Domain\TechCart.Cart.Domain.csproj", "{E09AE3D5-FC1D-4EA1-9656-4103EFD9D58A}"
EndProject
Project("{FAE04EC0-301F-11D3-BF4B-00C04F79EFBC}") = "TechCart.Cart.Application", "src\Modules\Cart\TechCart.Cart.Application\TechCart.Cart.Application.csproj", "{8406A602-E682-415E-96D6-EBB085A3CBEC}"
EndProject
Project("{FAE04EC0-301F-11D3-BF4B-00C04F79EFBC}") = "TechCart.Cart.Infrastructure", "src\Modules\Cart\TechCart.Cart.Infrastructure\TechCart.Cart.Infrastructure.csproj", "{6F228E13-9594-4490-A90C-7CD9705E0DA8}"
EndProject
Project("{FAE04EC0-301F-11D3-BF4B-00C04F79EFBC}") = "TechCart.Cart.Contracts", "src\Modules\Cart\TechCart.Cart.Contracts\TechCart.Cart.Contracts.csproj", "{E9B36E33-B2E4-4DD6-A153-3E5BC2F78EBC}"
EndProject
Project("{2150E333-8FDC-42A3-9474-1A3956D46DE8}") = "Ordering", "Ordering", "{1652FDBE-FD70-10D2-8806-7EAA51A58284}"
EndProject
Project("{FAE04EC0-301F-11D3-BF4B-00C04F79EFBC}") = "TechCart.Ordering.Domain", "src\Modules\Ordering\TechCart.Ordering.Domain\TechCart.Ordering.Domain.csproj", "{658CDA05-A919-4216-A7A9-B65EBF47BBDB}"
EndProject
Project("{FAE04EC0-301F-11D3-BF4B-00C04F79EFBC}") = "TechCart.Ordering.Application", "src\Modules\Ordering\TechCart.Ordering.Application\TechCart.Ordering.Application.csproj", "{ED86505D-6600-4116-A538-773AC6044A4D}"
EndProject
Project("{FAE04EC0-301F-11D3-BF4B-00C04F79EFBC}") = "TechCart.Ordering.Infrastructure", "src\Modules\Ordering\TechCart.Ordering.Infrastructure\TechCart.Ordering.Infrastructure.csproj", "{82EC95C3-CD91-4526-82E0-AE514E0069B3}"
EndProject
Project("{FAE04EC0-301F-11D3-BF4B-00C04F79EFBC}") = "TechCart.Ordering.Contracts", "src\Modules\Ordering\TechCart.Ordering.Contracts\TechCart.Ordering.Contracts.csproj", "{3654770A-C72F-4839-95B9-D0C7066797A1}"
EndProject
Project("{2150E333-8FDC-42A3-9474-1A3956D46DE8}") = "Payment", "Payment", "{486050DE-C6A4-B1E8-2B12-E91E5BE99E3F}"
EndProject
Project("{FAE04EC0-301F-11D3-BF4B-00C04F79EFBC}") = "TechCart.Payment.Domain", "src\Modules\Payment\TechCart.Payment.Domain\TechCart.Payment.Domain.csproj", "{EB755903-1BE7-4BB2-A29A-CFCEEC0C10D5}"
EndProject
Project("{FAE04EC0-301F-11D3-BF4B-00C04F79EFBC}") = "TechCart.Payment.Application", "src\Modules\Payment\TechCart.Payment.Application\TechCart.Payment.Application.csproj", "{29DCA6B4-66DA-49C3-BC46-AFA0B96C467A}"
EndProject
Project("{FAE04EC0-301F-11D3-BF4B-00C04F79EFBC}") = "TechCart.Payment.Infrastructure", "src\Modules\Payment\TechCart.Payment.Infrastructure\TechCart.Payment.Infrastructure.csproj", "{80B2A91E-E7BA-45C3-9ACA-44E68408B5E1}"
EndProject
Project("{FAE04EC0-301F-11D3-BF4B-00C04F79EFBC}") = "TechCart.Payment.Contracts", "src\Modules\Payment\TechCart.Payment.Contracts\TechCart.Payment.Contracts.csproj", "{396AFF48-57E1-4978-AD99-E75A38AC3F97}"
EndProject
Project("{2150E333-8FDC-42A3-9474-1A3956D46DE8}") = "Search", "Search", "{6E7B6FB6-1E98-6448-75A1-2A21B50F43BA}"
EndProject
Project("{FAE04EC0-301F-11D3-BF4B-00C04F79EFBC}") = "TechCart.Search.Domain", "src\Modules\Search\TechCart.Search.Domain\TechCart.Search.Domain.csproj", "{E020D72F-4EC7-48FF-AB52-CE9A031E6B24}"
EndProject
Project("{FAE04EC0-301F-11D3-BF4B-00C04F79EFBC}") = "TechCart.Search.Application", "src\Modules\Search\TechCart.Search.Application\TechCart.Search.Application.csproj", "{5A236648-F329-4DE0-857F-E4A6F6645E40}"
EndProject
Project("{FAE04EC0-301F-11D3-BF4B-00C04F79EFBC}") = "TechCart.Search.Infrastructure", "src\Modules\Search\TechCart.Search.Infrastructure\TechCart.Search.Infrastructure.csproj", "{BC6E1D99-59F8-44EA-8138-CB992C848241}"
EndProject
Project("{FAE04EC0-301F-11D3-BF4B-00C04F79EFBC}") = "TechCart.Search.Contracts", "src\Modules\Search\TechCart.Search.Contracts\TechCart.Search.Contracts.csproj", "{910695F9-0C36-4DB2-BBAA-BBD77B5ACEC9}"
EndProject
Project("{2150E333-8FDC-42A3-9474-1A3956D46DE8}") = "Ratings", "Ratings", "{82A79FF3-AF37-F2F7-8945-CDFBE75466C5}"
EndProject
Project("{FAE04EC0-301F-11D3-BF4B-00C04F79EFBC}") = "TechCart.Ratings.Domain", "src\Modules\Ratings\TechCart.Ratings.Domain\TechCart.Ratings.Domain.csproj", "{218F627C-4FF7-4881-BF19-81AF15960D5D}"
EndProject
Project("{FAE04EC0-301F-11D3-BF4B-00C04F79EFBC}") = "TechCart.Ratings.Application", "src\Modules\Ratings\TechCart.Ratings.Application\TechCart.Ratings.Application.csproj", "{31FA42BB-D49B-411B-AD60-A65B28D55C92}"
EndProject
Project("{FAE04EC0-301F-11D3-BF4B-00C04F79EFBC}") = "TechCart.Ratings.Infrastructure", "src\Modules\Ratings\TechCart.Ratings.Infrastructure\TechCart.Ratings.Infrastructure.csproj", "{87A9F18E-D048-4700-96D0-2155384796F2}"
EndProject
Project("{FAE04EC0-301F-11D3-BF4B-00C04F79EFBC}") = "TechCart.Ratings.Contracts", "src\Modules\Ratings\TechCart.Ratings.Contracts\TechCart.Ratings.Contracts.csproj", "{4CACEE35-B072-4243-AEFA-70524A4D748C}"
EndProject
Project("{2150E333-8FDC-42A3-9474-1A3956D46DE8}") = "tests", "tests", "{0AB3BF05-4346-4AA6-1389-037BE0695223}"
EndProject
Project("{FAE04EC0-301F-11D3-BF4B-00C04F79EFBC}") = "TechCart.UnitTests", "tests\TechCart.UnitTests\TechCart.UnitTests.csproj", "{F8E0709C-0DB2-4414-8CF7-292D8786B394}"
EndProject
Project("{FAE04EC0-301F-11D3-BF4B-00C04F79EFBC}") = "TechCart.ArchitectureTests", "tests\TechCart.ArchitectureTests\TechCart.ArchitectureTests.csproj", "{1408B3BB-DC6E-41CE-9B61-69A754D43DA6}"
EndProject
Project("{FAE04EC0-301F-11D3-BF4B-00C04F79EFBC}") = "TechCart.IntegrationTests", "tests\TechCart.IntegrationTests\TechCart.IntegrationTests.csproj", "{6873F25A-94D8-4C9A-9FA0-67668BD2BE95}"
EndProject
Project("{2150E333-8FDC-42A3-9474-1A3956D46DE8}") = "Catalog", "Catalog", "{1E1EF545-4C18-AEE2-B997-7EF431518D3F}"
EndProject
Project("{FAE04EC0-301F-11D3-BF4B-00C04F79EFBC}") = "TechCart.Catalog.Domain", "src\Modules\Catalog\TechCart.Catalog.Domain\TechCart.Catalog.Domain.csproj", "{7DBC778E-700C-467D-825B-96FA181E0349}"
EndProject
Project("{FAE04EC0-301F-11D3-BF4B-00C04F79EFBC}") = "TechCart.Catalog.Application", "src\Modules\Catalog\TechCart.Catalog.Application\TechCart.Catalog.Application.csproj", "{F3225E7C-A2BA-4B9D-8DA1-1022AEF848EF}"
EndProject
Project("{FAE04EC0-301F-11D3-BF4B-00C04F79EFBC}") = "TechCart.Catalog.Infrastructure", "src\Modules\Catalog\TechCart.Catalog.Infrastructure\TechCart.Catalog.Infrastructure.csproj", "{D6B6C0B8-C6D4-4FEC-B62A-1CD79DA7E359}"
EndProject
Project("{FAE04EC0-301F-11D3-BF4B-00C04F79EFBC}") = "TechCart.Catalog.Contracts", "src\Modules\Catalog\TechCart.Catalog.Contracts\TechCart.Catalog.Contracts.csproj", "{7379408D-DFC0-490C-9E7A-7445C4F5BE04}"
EndProject
Project("{2150E333-8FDC-42A3-9474-1A3956D46DE8}") = "Inventory", "Inventory", "{18C073E0-6CB1-4693-3636-BFEE619A6192}"
EndProject
Project("{FAE04EC0-301F-11D3-BF4B-00C04F79EFBC}") = "TechCart.Inventory.Domain", "src\Modules\Inventory\TechCart.Inventory.Domain\TechCart.Inventory.Domain.csproj", "{0AE9A5D1-F6C5-48AC-B9A0-E7EDC11B43F3}"
EndProject
Project("{FAE04EC0-301F-11D3-BF4B-00C04F79EFBC}") = "TechCart.Inventory.Application", "src\Modules\Inventory\TechCart.Inventory.Application\TechCart.Inventory.Application.csproj", "{EF6CA425-60F2-496B-9CF7-F482D69DDF73}"
EndProject
Project("{FAE04EC0-301F-11D3-BF4B-00C04F79EFBC}") = "TechCart.Inventory.Infrastructure", "src\Modules\Inventory\TechCart.Inventory.Infrastructure\TechCart.Inventory.Infrastructure.csproj", "{0D7A6775-ADF2-4C9E-8642-8600EB22E167}"
EndProject
Project("{FAE04EC0-301F-11D3-BF4B-00C04F79EFBC}") = "TechCart.Inventory.Contracts", "src\Modules\Inventory\TechCart.Inventory.Contracts\TechCart.Inventory.Contracts.csproj", "{34AD194B-8205-47C6-BB1C-9B33F16C8403}"
EndProject
Global
	GlobalSection(SolutionConfigurationPlatforms) = preSolution
		Debug|Any CPU = Debug|Any CPU
		Debug|x64 = Debug|x64
		Debug|x86 = Debug|x86
		Release|Any CPU = Release|Any CPU
		Release|x64 = Release|x64
		Release|x86 = Release|x86
	EndGlobalSection
	GlobalSection(ProjectConfigurationPlatforms) = postSolution
		{AC6052AA-D8D6-4DAF-8526-1225FA8852A0}.Debug|Any CPU.ActiveCfg = Debug|Any CPU
		{AC6052AA-D8D6-4DAF-8526-1225FA8852A0}.Debug|Any CPU.Build.0 = Debug|Any CPU
		{AC6052AA-D8D6-4DAF-8526-1225FA8852A0}.Debug|x64.ActiveCfg = Debug|Any CPU
		{AC6052AA-D8D6-4DAF-8526-1225FA8852A0}.Debug|x64.Build.0 = Debug|Any CPU
		{AC6052AA-D8D6-4DAF-8526-1225FA8852A0}.Debug|x86.ActiveCfg = Debug|Any CPU
		{AC6052AA-D8D6-4DAF-8526-1225FA8852A0}.Debug|x86.Build.0 = Debug|Any CPU
		{AC6052AA-D8D6-4DAF-8526-1225FA8852A0}.Release|Any CPU.ActiveCfg = Release|Any CPU
		{AC6052AA-D8D6-4DAF-8526-1225FA8852A0}.Release|Any CPU.Build.0 = Release|Any CPU
		{AC6052AA-D8D6-4DAF-8526-1225FA8852A0}.Release|x64.ActiveCfg = Release|Any CPU
		{AC6052AA-D8D6-4DAF-8526-1225FA8852A0}.Release|x64.Build.0 = Release|Any CPU
		{AC6052AA-D8D6-4DAF-8526-1225FA8852A0}.Release|x86.ActiveCfg = Release|Any CPU
		{AC6052AA-D8D6-4DAF-8526-1225FA8852A0}.Release|x86.Build.0 = Release|Any CPU
		{FD5C8AA9-A039-49FB-9C29-8A2CE0CF1144}.Debug|Any CPU.ActiveCfg = Debug|Any CPU
		{FD5C8AA9-A039-49FB-9C29-8A2CE0CF1144}.Debug|Any CPU.Build.0 = Debug|Any CPU
		{FD5C8AA9-A039-49FB-9C29-8A2CE0CF1144}.Debug|x64.ActiveCfg = Debug|Any CPU
		{FD5C8AA9-A039-49FB-9C29-8A2CE0CF1144}.Debug|x64.Build.0 = Debug|Any CPU
		{FD5C8AA9-A039-49FB-9C29-8A2CE0CF1144}.Debug|x86.ActiveCfg = Debug|Any CPU
		{FD5C8AA9-A039-49FB-9C29-8A2CE0CF1144}.Debug|x86.Build.0 = Debug|Any CPU
		{FD5C8AA9-A039-49FB-9C29-8A2CE0CF1144}.Release|Any CPU.ActiveCfg = Release|Any CPU
		{FD5C8AA9-A039-49FB-9C29-8A2CE0CF1144}.Release|Any CPU.Build.0 = Release|Any CPU
		{FD5C8AA9-A039-49FB-9C29-8A2CE0CF1144}.Release|x64.ActiveCfg = Release|Any CPU
		{FD5C8AA9-A039-49FB-9C29-8A2CE0CF1144}.Release|x64.Build.0 = Release|Any CPU
		{FD5C8AA9-A039-49FB-9C29-8A2CE0CF1144}.Release|x86.ActiveCfg = Release|Any CPU
		{FD5C8AA9-A039-49FB-9C29-8A2CE0CF1144}.Release|x86.Build.0 = Release|Any CPU
		{8ED6BEAC-F867-4AA1-864E-180C5D681682}.Debug|Any CPU.ActiveCfg = Debug|Any CPU
		{8ED6BEAC-F867-4AA1-864E-180C5D681682}.Debug|Any CPU.Build.0 = Debug|Any CPU
		{8ED6BEAC-F867-4AA1-864E-180C5D681682}.Debug|x64.ActiveCfg = Debug|Any CPU
		{8ED6BEAC-F867-4AA1-864E-180C5D681682}.Debug|x64.Build.0 = Debug|Any CPU
		{8ED6BEAC-F867-4AA1-864E-180C5D681682}.Debug|x86.ActiveCfg = Debug|Any CPU
		{8ED6BEAC-F867-4AA1-864E-180C5D681682}.Debug|x86.Build.0 = Debug|Any CPU
		{8ED6BEAC-F867-4AA1-864E-180C5D681682}.Release|Any CPU.ActiveCfg = Release|Any CPU
		{8ED6BEAC-F867-4AA1-864E-180C5D681682}.Release|Any CPU.Build.0 = Release|Any CPU
		{8ED6BEAC-F867-4AA1-864E-180C5D681682}.Release|x64.ActiveCfg = Release|Any CPU
		{8ED6BEAC-F867-4AA1-864E-180C5D681682}.Release|x64.Build.0 = Release|Any CPU
		{8ED6BEAC-F867-4AA1-864E-180C5D681682}.Release|x86.ActiveCfg = Release|Any CPU
		{8ED6BEAC-F867-4AA1-864E-180C5D681682}.Release|x86.Build.0 = Release|Any CPU
		{49F07E54-3F34-40A0-9028-FC450B714B69}.Debug|Any CPU.ActiveCfg = Debug|Any CPU
		{49F07E54-3F34-40A0-9028-FC450B714B69}.Debug|Any CPU.Build.0 = Debug|Any CPU
		{49F07E54-3F34-40A0-9028-FC450B714B69}.Debug|x64.ActiveCfg = Debug|Any CPU
		{49F07E54-3F34-40A0-9028-FC450B714B69}.Debug|x64.Build.0 = Debug|Any CPU
		{49F07E54-3F34-40A0-9028-FC450B714B69}.Debug|x86.ActiveCfg = Debug|Any CPU
		{49F07E54-3F34-40A0-9028-FC450B714B69}.Debug|x86.Build.0 = Debug|Any CPU
		{49F07E54-3F34-40A0-9028-FC450B714B69}.Release|Any CPU.ActiveCfg = Release|Any CPU
		{49F07E54-3F34-40A0-9028-FC450B714B69}.Release|Any CPU.Build.0 = Release|Any CPU
		{49F07E54-3F34-40A0-9028-FC450B714B69}.Release|x64.ActiveCfg = Release|Any CPU
		{49F07E54-3F34-40A0-9028-FC450B714B69}.Release|x64.Build.0 = Release|Any CPU
		{49F07E54-3F34-40A0-9028-FC450B714B69}.Release|x86.ActiveCfg = Release|Any CPU
		{49F07E54-3F34-40A0-9028-FC450B714B69}.Release|x86.Build.0 = Release|Any CPU
		{A2E61184-7394-4FE1-A736-B40787453275}.Debug|Any CPU.ActiveCfg = Debug|Any CPU
		{A2E61184-7394-4FE1-A736-B40787453275}.Debug|Any CPU.Build.0 = Debug|Any CPU
		{A2E61184-7394-4FE1-A736-B40787453275}.Debug|x64.ActiveCfg = Debug|Any CPU
		{A2E61184-7394-4FE1-A736-B40787453275}.Debug|x64.Build.0 = Debug|Any CPU
		{A2E61184-7394-4FE1-A736-B40787453275}.Debug|x86.ActiveCfg = Debug|Any CPU
		{A2E61184-7394-4FE1-A736-B40787453275}.Debug|x86.Build.0 = Debug|Any CPU
		{A2E61184-7394-4FE1-A736-B40787453275}.Release|Any CPU.ActiveCfg = Release|Any CPU
		{A2E61184-7394-4FE1-A736-B40787453275}.Release|Any CPU.Build.0 = Release|Any CPU
		{A2E61184-7394-4FE1-A736-B40787453275}.Release|x64.ActiveCfg = Release|Any CPU
		{A2E61184-7394-4FE1-A736-B40787453275}.Release|x64.Build.0 = Release|Any CPU
		{A2E61184-7394-4FE1-A736-B40787453275}.Release|x86.ActiveCfg = Release|Any CPU
		{A2E61184-7394-4FE1-A736-B40787453275}.Release|x86.Build.0 = Release|Any CPU
		{E090F5A8-1F19-45AA-895A-E0A4BB96928F}.Debug|Any CPU.ActiveCfg = Debug|Any CPU
		{E090F5A8-1F19-45AA-895A-E0A4BB96928F}.Debug|Any CPU.Build.0 = Debug|Any CPU
		{E090F5A8-1F19-45AA-895A-E0A4BB96928F}.Debug|x64.ActiveCfg = Debug|Any CPU
		{E090F5A8-1F19-45AA-895A-E0A4BB96928F}.Debug|x64.Build.0 = Debug|Any CPU
		{E090F5A8-1F19-45AA-895A-E0A4BB96928F}.Debug|x86.ActiveCfg = Debug|Any CPU
		{E090F5A8-1F19-45AA-895A-E0A4BB96928F}.Debug|x86.Build.0 = Debug|Any CPU
		{E090F5A8-1F19-45AA-895A-E0A4BB96928F}.Release|Any CPU.ActiveCfg = Release|Any CPU
		{E090F5A8-1F19-45AA-895A-E0A4BB96928F}.Release|Any CPU.Build.0 = Release|Any CPU
		{E090F5A8-1F19-45AA-895A-E0A4BB96928F}.Release|x64.ActiveCfg = Release|Any CPU
		{E090F5A8-1F19-45AA-895A-E0A4BB96928F}.Release|x64.Build.0 = Release|Any CPU
		{E090F5A8-1F19-45AA-895A-E0A4BB96928F}.Release|x86.ActiveCfg = Release|Any CPU
		{E090F5A8-1F19-45AA-895A-E0A4BB96928F}.Release|x86.Build.0 = Release|Any CPU
		{D6F824E3-AACE-4CEF-BF2D-100378E14905}.Debug|Any CPU.ActiveCfg = Debug|Any CPU
		{D6F824E3-AACE-4CEF-BF2D-100378E14905}.Debug|Any CPU.Build.0 = Debug|Any CPU
		{D6F824E3-AACE-4CEF-BF2D-100378E14905}.Debug|x64.ActiveCfg = Debug|Any CPU
		{D6F824E3-AACE-4CEF-BF2D-100378E14905}.Debug|x64.Build.0 = Debug|Any CPU
		{D6F824E3-AACE-4CEF-BF2D-100378E14905}.Debug|x86.ActiveCfg = Debug|Any CPU
		{D6F824E3-AACE-4CEF-BF2D-100378E14905}.Debug|x86.Build.0 = Debug|Any CPU
		{D6F824E3-AACE-4CEF-BF2D-100378E14905}.Release|Any CPU.ActiveCfg = Release|Any CPU
		{D6F824E3-AACE-4CEF-BF2D-100378E14905}.Release|Any CPU.Build.0 = Release|Any CPU
		{D6F824E3-AACE-4CEF-BF2D-100378E14905}.Release|x64.ActiveCfg = Release|Any CPU
		{D6F824E3-AACE-4CEF-BF2D-100378E14905}.Release|x64.Build.0 = Release|Any CPU
		{D6F824E3-AACE-4CEF-BF2D-100378E14905}.Release|x86.ActiveCfg = Release|Any CPU
		{D6F824E3-AACE-4CEF-BF2D-100378E14905}.Release|x86.Build.0 = Release|Any CPU
		{68C2D6FC-C727-472C-BE5B-D46CD021AE72}.Debug|Any CPU.ActiveCfg = Debug|Any CPU
		{68C2D6FC-C727-472C-BE5B-D46CD021AE72}.Debug|Any CPU.Build.0 = Debug|Any CPU
		{68C2D6FC-C727-472C-BE5B-D46CD021AE72}.Debug|x64.ActiveCfg = Debug|Any CPU
		{68C2D6FC-C727-472C-BE5B-D46CD021AE72}.Debug|x64.Build.0 = Debug|Any CPU
		{68C2D6FC-C727-472C-BE5B-D46CD021AE72}.Debug|x86.ActiveCfg = Debug|Any CPU
		{68C2D6FC-C727-472C-BE5B-D46CD021AE72}.Debug|x86.Build.0 = Debug|Any CPU
		{68C2D6FC-C727-472C-BE5B-D46CD021AE72}.Release|Any CPU.ActiveCfg = Release|Any CPU
		{68C2D6FC-C727-472C-BE5B-D46CD021AE72}.Release|Any CPU.Build.0 = Release|Any CPU
		{68C2D6FC-C727-472C-BE5B-D46CD021AE72}.Release|x64.ActiveCfg = Release|Any CPU
		{68C2D6FC-C727-472C-BE5B-D46CD021AE72}.Release|x64.Build.0 = Release|Any CPU
		{68C2D6FC-C727-472C-BE5B-D46CD021AE72}.Release|x86.ActiveCfg = Release|Any CPU
		{68C2D6FC-C727-472C-BE5B-D46CD021AE72}.Release|x86.Build.0 = Release|Any CPU
		{01984BF9-3263-4AA4-9D32-BE3B7E04E4EF}.Debug|Any CPU.ActiveCfg = Debug|Any CPU
		{01984BF9-3263-4AA4-9D32-BE3B7E04E4EF}.Debug|Any CPU.Build.0 = Debug|Any CPU
		{01984BF9-3263-4AA4-9D32-BE3B7E04E4EF}.Debug|x64.ActiveCfg = Debug|Any CPU
		{01984BF9-3263-4AA4-9D32-BE3B7E04E4EF}.Debug|x64.Build.0 = Debug|Any CPU
		{01984BF9-3263-4AA4-9D32-BE3B7E04E4EF}.Debug|x86.ActiveCfg = Debug|Any CPU
		{01984BF9-3263-4AA4-9D32-BE3B7E04E4EF}.Debug|x86.Build.0 = Debug|Any CPU
		{01984BF9-3263-4AA4-9D32-BE3B7E04E4EF}.Release|Any CPU.ActiveCfg = Release|Any CPU
		{01984BF9-3263-4AA4-9D32-BE3B7E04E4EF}.Release|Any CPU.Build.0 = Release|Any CPU
		{01984BF9-3263-4AA4-9D32-BE3B7E04E4EF}.Release|x64.ActiveCfg = Release|Any CPU
		{01984BF9-3263-4AA4-9D32-BE3B7E04E4EF}.Release|x64.Build.0 = Release|Any CPU
		{01984BF9-3263-4AA4-9D32-BE3B7E04E4EF}.Release|x86.ActiveCfg = Release|Any CPU
		{01984BF9-3263-4AA4-9D32-BE3B7E04E4EF}.Release|x86.Build.0 = Release|Any CPU
		{E09AE3D5-FC1D-4EA1-9656-4103EFD9D58A}.Debug|Any CPU.ActiveCfg = Debug|Any CPU
		{E09AE3D5-FC1D-4EA1-9656-4103EFD9D58A}.Debug|Any CPU.Build.0 = Debug|Any CPU
		{E09AE3D5-FC1D-4EA1-9656-4103EFD9D58A}.Debug|x64.ActiveCfg = Debug|Any CPU
		{E09AE3D5-FC1D-4EA1-9656-4103EFD9D58A}.Debug|x64.Build.0 = Debug|Any CPU
		{E09AE3D5-FC1D-4EA1-9656-4103EFD9D58A}.Debug|x86.ActiveCfg = Debug|Any CPU
		{E09AE3D5-FC1D-4EA1-9656-4103EFD9D58A}.Debug|x86.Build.0 = Debug|Any CPU
		{E09AE3D5-FC1D-4EA1-9656-4103EFD9D58A}.Release|Any CPU.ActiveCfg = Release|Any CPU
		{E09AE3D5-FC1D-4EA1-9656-4103EFD9D58A}.Release|Any CPU.Build.0 = Release|Any CPU
		{E09AE3D5-FC1D-4EA1-9656-4103EFD9D58A}.Release|x64.ActiveCfg = Release|Any CPU
		{E09AE3D5-FC1D-4EA1-9656-4103EFD9D58A}.Release|x64.Build.0 = Release|Any CPU
		{E09AE3D5-FC1D-4EA1-9656-4103EFD9D58A}.Release|x86.ActiveCfg = Release|Any CPU
		{E09AE3D5-FC1D-4EA1-9656-4103EFD9D58A}.Release|x86.Build.0 = Release|Any CPU
		{8406A602-E682-415E-96D6-EBB085A3CBEC}.Debug|Any CPU.ActiveCfg = Debug|Any CPU
		{8406A602-E682-415E-96D6-EBB085A3CBEC}.Debug|Any CPU.Build.0 = Debug|Any CPU
		{8406A602-E682-415E-96D6-EBB085A3CBEC}.Debug|x64.ActiveCfg = Debug|Any CPU
		{8406A602-E682-415E-96D6-EBB085A3CBEC}.Debug|x64.Build.0 = Debug|Any CPU
		{8406A602-E682-415E-96D6-EBB085A3CBEC}.Debug|x86.ActiveCfg = Debug|Any CPU
		{8406A602-E682-415E-96D6-EBB085A3CBEC}.Debug|x86.Build.0 = Debug|Any CPU
		{8406A602-E682-415E-96D6-EBB085A3CBEC}.Release|Any CPU.ActiveCfg = Release|Any CPU
		{8406A602-E682-415E-96D6-EBB085A3CBEC}.Release|Any CPU.Build.0 = Release|Any CPU
		{8406A602-E682-415E-96D6-EBB085A3CBEC}.Release|x64.ActiveCfg = Release|Any CPU
		{8406A602-E682-415E-96D6-EBB085A3CBEC}.Release|x64.Build.0 = Release|Any CPU
		{8406A602-E682-415E-96D6-EBB085A3CBEC}.Release|x86.ActiveCfg = Release|Any CPU
		{8406A602-E682-415E-96D6-EBB085A3CBEC}.Release|x86.Build.0 = Release|Any CPU
		{6F228E13-9594-4490-A90C-7CD9705E0DA8}.Debug|Any CPU.ActiveCfg = Debug|Any CPU
		{6F228E13-9594-4490-A90C-7CD9705E0DA8}.Debug|Any CPU.Build.0 = Debug|Any CPU
		{6F228E13-9594-4490-A90C-7CD9705E0DA8}.Debug|x64.ActiveCfg = Debug|Any CPU
		{6F228E13-9594-4490-A90C-7CD9705E0DA8}.Debug|x64.Build.0 = Debug|Any CPU
		{6F228E13-9594-4490-A90C-7CD9705E0DA8}.Debug|x86.ActiveCfg = Debug|Any CPU
		{6F228E13-9594-4490-A90C-7CD9705E0DA8}.Debug|x86.Build.0 = Debug|Any CPU
		{6F228E13-9594-4490-A90C-7CD9705E0DA8}.Release|Any CPU.ActiveCfg = Release|Any CPU
		{6F228E13-9594-4490-A90C-7CD9705E0DA8}.Release|Any CPU.Build.0 = Release|Any CPU
		{6F228E13-9594-4490-A90C-7CD9705E0DA8}.Release|x64.ActiveCfg = Release|Any CPU
		{6F228E13-9594-4490-A90C-7CD9705E0DA8}.Release|x64.Build.0 = Release|Any CPU
		{6F228E13-9594-4490-A90C-7CD9705E0DA8}.Release|x86.ActiveCfg = Release|Any CPU
		{6F228E13-9594-4490-A90C-7CD9705E0DA8}.Release|x86.Build.0 = Release|Any CPU
		{E9B36E33-B2E4-4DD6-A153-3E5BC2F78EBC}.Debug|Any CPU.ActiveCfg = Debug|Any CPU
		{E9B36E33-B2E4-4DD6-A153-3E5BC2F78EBC}.Debug|Any CPU.Build.0 = Debug|Any CPU
		{E9B36E33-B2E4-4DD6-A153-3E5BC2F78EBC}.Debug|x64.ActiveCfg = Debug|Any CPU
		{E9B36E33-B2E4-4DD6-A153-3E5BC2F78EBC}.Debug|x64.Build.0 = Debug|Any CPU
		{E9B36E33-B2E4-4DD6-A153-3E5BC2F78EBC}.Debug|x86.ActiveCfg = Debug|Any CPU
		{E9B36E33-B2E4-4DD6-A153-3E5BC2F78EBC}.Debug|x86.Build.0 = Debug|Any CPU
		{E9B36E33-B2E4-4DD6-A153-3E5BC2F78EBC}.Release|Any CPU.ActiveCfg = Release|Any CPU
		{E9B36E33-B2E4-4DD6-A153-3E5BC2F78EBC}.Release|Any CPU.Build.0 = Release|Any CPU
		{E9B36E33-B2E4-4DD6-A153-3E5BC2F78EBC}.Release|x64.ActiveCfg = Release|Any CPU
		{E9B36E33-B2E4-4DD6-A153-3E5BC2F78EBC}.Release|x64.Build.0 = Release|Any CPU
		{E9B36E33-B2E4-4DD6-A153-3E5BC2F78EBC}.Release|x86.ActiveCfg = Release|Any CPU
		{E9B36E33-B2E4-4DD6-A153-3E5BC2F78EBC}.Release|x86.Build.0 = Release|Any CPU
		{658CDA05-A919-4216-A7A9-B65EBF47BBDB}.Debug|Any CPU.ActiveCfg = Debug|Any CPU
		{658CDA05-A919-4216-A7A9-B65EBF47BBDB}.Debug|Any CPU.Build.0 = Debug|Any CPU
		{658CDA05-A919-4216-A7A9-B65EBF47BBDB}.Debug|x64.ActiveCfg = Debug|Any CPU
		{658CDA05-A919-4216-A7A9-B65EBF47BBDB}.Debug|x64.Build.0 = Debug|Any CPU
		{658CDA05-A919-4216-A7A9-B65EBF47BBDB}.Debug|x86.ActiveCfg = Debug|Any CPU
		{658CDA05-A919-4216-A7A9-B65EBF47BBDB}.Debug|x86.Build.0 = Debug|Any CPU
		{658CDA05-A919-4216-A7A9-B65EBF47BBDB}.Release|Any CPU.ActiveCfg = Release|Any CPU
		{658CDA05-A919-4216-A7A9-B65EBF47BBDB}.Release|Any CPU.Build.0 = Release|Any CPU
		{658CDA05-A919-4216-A7A9-B65EBF47BBDB}.Release|x64.ActiveCfg = Release|Any CPU
		{658CDA05-A919-4216-A7A9-B65EBF47BBDB}.Release|x64.Build.0 = Release|Any CPU
		{658CDA05-A919-4216-A7A9-B65EBF47BBDB}.Release|x86.ActiveCfg = Release|Any CPU
		{658CDA05-A919-4216-A7A9-B65EBF47BBDB}.Release|x86.Build.0 = Release|Any CPU
		{ED86505D-6600-4116-A538-773AC6044A4D}.Debug|Any CPU.ActiveCfg = Debug|Any CPU
		{ED86505D-6600-4116-A538-773AC6044A4D}.Debug|Any CPU.Build.0 = Debug|Any CPU
		{ED86505D-6600-4116-A538-773AC6044A4D}.Debug|x64.ActiveCfg = Debug|Any CPU
		{ED86505D-6600-4116-A538-773AC6044A4D}.Debug|x64.Build.0 = Debug|Any CPU
		{ED86505D-6600-4116-A538-773AC6044A4D}.Debug|x86.ActiveCfg = Debug|Any CPU
		{ED86505D-6600-4116-A538-773AC6044A4D}.Debug|x86.Build.0 = Debug|Any CPU
		{ED86505D-6600-4116-A538-773AC6044A4D}.Release|Any CPU.ActiveCfg = Release|Any CPU
		{ED86505D-6600-4116-A538-773AC6044A4D}.Release|Any CPU.Build.0 = Release|Any CPU
		{ED86505D-6600-4116-A538-773AC6044A4D}.Release|x64.ActiveCfg = Release|Any CPU
		{ED86505D-6600-4116-A538-773AC6044A4D}.Release|x64.Build.0 = Release|Any CPU
		{ED86505D-6600-4116-A538-773AC6044A4D}.Release|x86.ActiveCfg = Release|Any CPU
		{ED86505D-6600-4116-A538-773AC6044A4D}.Release|x86.Build.0 = Release|Any CPU
		{82EC95C3-CD91-4526-82E0-AE514E0069B3}.Debug|Any CPU.ActiveCfg = Debug|Any CPU
		{82EC95C3-CD91-4526-82E0-AE514E0069B3}.Debug|Any CPU.Build.0 = Debug|Any CPU
		{82EC95C3-CD91-4526-82E0-AE514E0069B3}.Debug|x64.ActiveCfg = Debug|Any CPU
		{82EC95C3-CD91-4526-82E0-AE514E0069B3}.Debug|x64.Build.0 = Debug|Any CPU
		{82EC95C3-CD91-4526-82E0-AE514E0069B3}.Debug|x86.ActiveCfg = Debug|Any CPU
		{82EC95C3-CD91-4526-82E0-AE514E0069B3}.Debug|x86.Build.0 = Debug|Any CPU
		{82EC95C3-CD91-4526-82E0-AE514E0069B3}.Release|Any CPU.ActiveCfg = Release|Any CPU
		{82EC95C3-CD91-4526-82E0-AE514E0069B3}.Release|Any CPU.Build.0 = Release|Any CPU
		{82EC95C3-CD91-4526-82E0-AE514E0069B3}.Release|x64.ActiveCfg = Release|Any CPU
		{82EC95C3-CD91-4526-82E0-AE514E0069B3}.Release|x64.Build.0 = Release|Any CPU
		{82EC95C3-CD91-4526-82E0-AE514E0069B3}.Release|x86.ActiveCfg = Release|Any CPU
		{82EC95C3-CD91-4526-82E0-AE514E0069B3}.Release|x86.Build.0 = Release|Any CPU
		{3654770A-C72F-4839-95B9-D0C7066797A1}.Debug|Any CPU.ActiveCfg = Debug|Any CPU
		{3654770A-C72F-4839-95B9-D0C7066797A1}.Debug|Any CPU.Build.0 = Debug|Any CPU
		{3654770A-C72F-4839-95B9-D0C7066797A1}.Debug|x64.ActiveCfg = Debug|Any CPU
		{3654770A-C72F-4839-95B9-D0C7066797A1}.Debug|x64.Build.0 = Debug|Any CPU
		{3654770A-C72F-4839-95B9-D0C7066797A1}.Debug|x86.ActiveCfg = Debug|Any CPU
		{3654770A-C72F-4839-95B9-D0C7066797A1}.Debug|x86.Build.0 = Debug|Any CPU
		{3654770A-C72F-4839-95B9-D0C7066797A1}.Release|Any CPU.ActiveCfg = Release|Any CPU
		{3654770A-C72F-4839-95B9-D0C7066797A1}.Release|Any CPU.Build.0 = Release|Any CPU
		{3654770A-C72F-4839-95B9-D0C7066797A1}.Release|x64.ActiveCfg = Release|Any CPU
		{3654770A-C72F-4839-95B9-D0C7066797A1}.Release|x64.Build.0 = Release|Any CPU
		{3654770A-C72F-4839-95B9-D0C7066797A1}.Release|x86.ActiveCfg = Release|Any CPU
		{3654770A-C72F-4839-95B9-D0C7066797A1}.Release|x86.Build.0 = Release|Any CPU
		{EB755903-1BE7-4BB2-A29A-CFCEEC0C10D5}.Debug|Any CPU.ActiveCfg = Debug|Any CPU
		{EB755903-1BE7-4BB2-A29A-CFCEEC0C10D5}.Debug|Any CPU.Build.0 = Debug|Any CPU
		{EB755903-1BE7-4BB2-A29A-CFCEEC0C10D5}.Debug|x64.ActiveCfg = Debug|Any CPU
		{EB755903-1BE7-4BB2-A29A-CFCEEC0C10D5}.Debug|x64.Build.0 = Debug|Any CPU
		{EB755903-1BE7-4BB2-A29A-CFCEEC0C10D5}.Debug|x86.ActiveCfg = Debug|Any CPU
		{EB755903-1BE7-4BB2-A29A-CFCEEC0C10D5}.Debug|x86.Build.0 = Debug|Any CPU
		{EB755903-1BE7-4BB2-A29A-CFCEEC0C10D5}.Release|Any CPU.ActiveCfg = Release|Any CPU
		{EB755903-1BE7-4BB2-A29A-CFCEEC0C10D5}.Release|Any CPU.Build.0 = Release|Any CPU
		{EB755903-1BE7-4BB2-A29A-CFCEEC0C10D5}.Release|x64.ActiveCfg = Release|Any CPU
		{EB755903-1BE7-4BB2-A29A-CFCEEC0C10D5}.Release|x64.Build.0 = Release|Any CPU
		{EB755903-1BE7-4BB2-A29A-CFCEEC0C10D5}.Release|x86.ActiveCfg = Release|Any CPU
		{EB755903-1BE7-4BB2-A29A-CFCEEC0C10D5}.Release|x86.Build.0 = Release|Any CPU
		{29DCA6B4-66DA-49C3-BC46-AFA0B96C467A}.Debug|Any CPU.ActiveCfg = Debug|Any CPU
		{29DCA6B4-66DA-49C3-BC46-AFA0B96C467A}.Debug|Any CPU.Build.0 = Debug|Any CPU
		{29DCA6B4-66DA-49C3-BC46-AFA0B96C467A}.Debug|x64.ActiveCfg = Debug|Any CPU
		{29DCA6B4-66DA-49C3-BC46-AFA0B96C467A}.Debug|x64.Build.0 = Debug|Any CPU
		{29DCA6B4-66DA-49C3-BC46-AFA0B96C467A}.Debug|x86.ActiveCfg = Debug|Any CPU
		{29DCA6B4-66DA-49C3-BC46-AFA0B96C467A}.Debug|x86.Build.0 = Debug|Any CPU
		{29DCA6B4-66DA-49C3-BC46-AFA0B96C467A}.Release|Any CPU.ActiveCfg = Release|Any CPU
		{29DCA6B4-66DA-49C3-BC46-AFA0B96C467A}.Release|Any CPU.Build.0 = Release|Any CPU
		{29DCA6B4-66DA-49C3-BC46-AFA0B96C467A}.Release|x64.ActiveCfg = Release|Any CPU
		{29DCA6B4-66DA-49C3-BC46-AFA0B96C467A}.Release|x64.Build.0 = Release|Any CPU
		{29DCA6B4-66DA-49C3-BC46-AFA0B96C467A}.Release|x86.ActiveCfg = Release|Any CPU
		{29DCA6B4-66DA-49C3-BC46-AFA0B96C467A}.Release|x86.Build.0 = Release|Any CPU
		{80B2A91E-E7BA-45C3-9ACA-44E68408B5E1}.Debug|Any CPU.ActiveCfg = Debug|Any CPU
		{80B2A91E-E7BA-45C3-9ACA-44E68408B5E1}.Debug|Any CPU.Build.0 = Debug|Any CPU
		{80B2A91E-E7BA-45C3-9ACA-44E68408B5E1}.Debug|x64.ActiveCfg = Debug|Any CPU
		{80B2A91E-E7BA-45C3-9ACA-44E68408B5E1}.Debug|x64.Build.0 = Debug|Any CPU
		{80B2A91E-E7BA-45C3-9ACA-44E68408B5E1}.Debug|x86.ActiveCfg = Debug|Any CPU
		{80B2A91E-E7BA-45C3-9ACA-44E68408B5E1}.Debug|x86.Build.0 = Debug|Any CPU
		{80B2A91E-E7BA-45C3-9ACA-44E68408B5E1}.Release|Any CPU.ActiveCfg = Release|Any CPU
		{80B2A91E-E7BA-45C3-9ACA-44E68408B5E1}.Release|Any CPU.Build.0 = Release|Any CPU
		{80B2A91E-E7BA-45C3-9ACA-44E68408B5E1}.Release|x64.ActiveCfg = Release|Any CPU
		{80B2A91E-E7BA-45C3-9ACA-44E68408B5E1}.Release|x64.Build.0 = Release|Any CPU
		{80B2A91E-E7BA-45C3-9ACA-44E68408B5E1}.Release|x86.ActiveCfg = Release|Any CPU
		{80B2A91E-E7BA-45C3-9ACA-44E68408B5E1}.Release|x86.Build.0 = Release|Any CPU
		{396AFF48-57E1-4978-AD99-E75A38AC3F97}.Debug|Any CPU.ActiveCfg = Debug|Any CPU
		{396AFF48-57E1-4978-AD99-E75A38AC3F97}.Debug|Any CPU.Build.0 = Debug|Any CPU
		{396AFF48-57E1-4978-AD99-E75A38AC3F97}.Debug|x64.ActiveCfg = Debug|Any CPU
		{396AFF48-57E1-4978-AD99-E75A38AC3F97}.Debug|x64.Build.0 = Debug|Any CPU
		{396AFF48-57E1-4978-AD99-E75A38AC3F97}.Debug|x86.ActiveCfg = Debug|Any CPU
		{396AFF48-57E1-4978-AD99-E75A38AC3F97}.Debug|x86.Build.0 = Debug|Any CPU
		{396AFF48-57E1-4978-AD99-E75A38AC3F97}.Release|Any CPU.ActiveCfg = Release|Any CPU
		{396AFF48-57E1-4978-AD99-E75A38AC3F97}.Release|Any CPU.Build.0 = Release|Any CPU
		{396AFF48-57E1-4978-AD99-E75A38AC3F97}.Release|x64.ActiveCfg = Release|Any CPU
		{396AFF48-57E1-4978-AD99-E75A38AC3F97}.Release|x64.Build.0 = Release|Any CPU
		{396AFF48-57E1-4978-AD99-E75A38AC3F97}.Release|x86.ActiveCfg = Release|Any CPU
		{396AFF48-57E1-4978-AD99-E75A38AC3F97}.Release|x86.Build.0 = Release|Any CPU
		{E020D72F-4EC7-48FF-AB52-CE9A031E6B24}.Debug|Any CPU.ActiveCfg = Debug|Any CPU
		{E020D72F-4EC7-48FF-AB52-CE9A031E6B24}.Debug|Any CPU.Build.0 = Debug|Any CPU
		{E020D72F-4EC7-48FF-AB52-CE9A031E6B24}.Debug|x64.ActiveCfg = Debug|Any CPU
		{E020D72F-4EC7-48FF-AB52-CE9A031E6B24}.Debug|x64.Build.0 = Debug|Any CPU
		{E020D72F-4EC7-48FF-AB52-CE9A031E6B24}.Debug|x86.ActiveCfg = Debug|Any CPU
		{E020D72F-4EC7-48FF-AB52-CE9A031E6B24}.Debug|x86.Build.0 = Debug|Any CPU
		{E020D72F-4EC7-48FF-AB52-CE9A031E6B24}.Release|Any CPU.ActiveCfg = Release|Any CPU
		{E020D72F-4EC7-48FF-AB52-CE9A031E6B24}.Release|Any CPU.Build.0 = Release|Any CPU
		{E020D72F-4EC7-48FF-AB52-CE9A031E6B24}.Release|x64.ActiveCfg = Release|Any CPU
		{E020D72F-4EC7-48FF-AB52-CE9A031E6B24}.Release|x64.Build.0 = Release|Any CPU
		{E020D72F-4EC7-48FF-AB52-CE9A031E6B24}.Release|x86.ActiveCfg = Release|Any CPU
		{E020D72F-4EC7-48FF-AB52-CE9A031E6B24}.Release|x86.Build.0 = Release|Any CPU
		{5A236648-F329-4DE0-857F-E4A6F6645E40}.Debug|Any CPU.ActiveCfg = Debug|Any CPU
		{5A236648-F329-4DE0-857F-E4A6F6645E40}.Debug|Any CPU.Build.0 = Debug|Any CPU
		{5A236648-F329-4DE0-857F-E4A6F6645E40}.Debug|x64.ActiveCfg = Debug|Any CPU
		{5A236648-F329-4DE0-857F-E4A6F6645E40}.Debug|x64.Build.0 = Debug|Any CPU
		{5A236648-F329-4DE0-857F-E4A6F6645E40}.Debug|x86.ActiveCfg = Debug|Any CPU
		{5A236648-F329-4DE0-857F-E4A6F6645E40}.Debug|x86.Build.0 = Debug|Any CPU
		{5A236648-F329-4DE0-857F-E4A6F6645E40}.Release|Any CPU.ActiveCfg = Release|Any CPU
		{5A236648-F329-4DE0-857F-E4A6F6645E40}.Release|Any CPU.Build.0 = Release|Any CPU
		{5A236648-F329-4DE0-857F-E4A6F6645E40}.Release|x64.ActiveCfg = Release|Any CPU
		{5A236648-F329-4DE0-857F-E4A6F6645E40}.Release|x64.Build.0 = Release|Any CPU
		{5A236648-F329-4DE0-857F-E4A6F6645E40}.Release|x86.ActiveCfg = Release|Any CPU
		{5A236648-F329-4DE0-857F-E4A6F6645E40}.Release|x86.Build.0 = Release|Any CPU
		{BC6E1D99-59F8-44EA-8138-CB992C848241}.Debug|Any CPU.ActiveCfg = Debug|Any CPU
		{BC6E1D99-59F8-44EA-8138-CB992C848241}.Debug|Any CPU.Build.0 = Debug|Any CPU
		{BC6E1D99-59F8-44EA-8138-CB992C848241}.Debug|x64.ActiveCfg = Debug|Any CPU
		{BC6E1D99-59F8-44EA-8138-CB992C848241}.Debug|x64.Build.0 = Debug|Any CPU
		{BC6E1D99-59F8-44EA-8138-CB992C848241}.Debug|x86.ActiveCfg = Debug|Any CPU
		{BC6E1D99-59F8-44EA-8138-CB992C848241}.Debug|x86.Build.0 = Debug|Any CPU
		{BC6E1D99-59F8-44EA-8138-CB992C848241}.Release|Any CPU.ActiveCfg = Release|Any CPU
		{BC6E1D99-59F8-44EA-8138-CB992C848241}.Release|Any CPU.Build.0 = Release|Any CPU
		{BC6E1D99-59F8-44EA-8138-CB992C848241}.Release|x64.ActiveCfg = Release|Any CPU
		{BC6E1D99-59F8-44EA-8138-CB992C848241}.Release|x64.Build.0 = Release|Any CPU
		{BC6E1D99-59F8-44EA-8138-CB992C848241}.Release|x86.ActiveCfg = Release|Any CPU
		{BC6E1D99-59F8-44EA-8138-CB992C848241}.Release|x86.Build.0 = Release|Any CPU
		{910695F9-0C36-4DB2-BBAA-BBD77B5ACEC9}.Debug|Any CPU.ActiveCfg = Debug|Any CPU
		{910695F9-0C36-4DB2-BBAA-BBD77B5ACEC9}.Debug|Any CPU.Build.0 = Debug|Any CPU
		{910695F9-0C36-4DB2-BBAA-BBD77B5ACEC9}.Debug|x64.ActiveCfg = Debug|Any CPU
		{910695F9-0C36-4DB2-BBAA-BBD77B5ACEC9}.Debug|x64.Build.0 = Debug|Any CPU
		{910695F9-0C36-4DB2-BBAA-BBD77B5ACEC9}.Debug|x86.ActiveCfg = Debug|Any CPU
		{910695F9-0C36-4DB2-BBAA-BBD77B5ACEC9}.Debug|x86.Build.0 = Debug|Any CPU
		{910695F9-0C36-4DB2-BBAA-BBD77B5ACEC9}.Release|Any CPU.ActiveCfg = Release|Any CPU
		{910695F9-0C36-4DB2-BBAA-BBD77B5ACEC9}.Release|Any CPU.Build.0 = Release|Any CPU
		{910695F9-0C36-4DB2-BBAA-BBD77B5ACEC9}.Release|x64.ActiveCfg = Release|Any CPU
		{910695F9-0C36-4DB2-BBAA-BBD77B5ACEC9}.Release|x64.Build.0 = Release|Any CPU
		{910695F9-0C36-4DB2-BBAA-BBD77B5ACEC9}.Release|x86.ActiveCfg = Release|Any CPU
		{910695F9-0C36-4DB2-BBAA-BBD77B5ACEC9}.Release|x86.Build.0 = Release|Any CPU
		{218F627C-4FF7-4881-BF19-81AF15960D5D}.Debug|Any CPU.ActiveCfg = Debug|Any CPU
		{218F627C-4FF7-4881-BF19-81AF15960D5D}.Debug|Any CPU.Build.0 = Debug|Any CPU
		{218F627C-4FF7-4881-BF19-81AF15960D5D}.Debug|x64.ActiveCfg = Debug|Any CPU
		{218F627C-4FF7-4881-BF19-81AF15960D5D}.Debug|x64.Build.0 = Debug|Any CPU
		{218F627C-4FF7-4881-BF19-81AF15960D5D}.Debug|x86.ActiveCfg = Debug|Any CPU
		{218F627C-4FF7-4881-BF19-81AF15960D5D}.Debug|x86.Build.0 = Debug|Any CPU
		{218F627C-4FF7-4881-BF19-81AF15960D5D}.Release|Any CPU.ActiveCfg = Release|Any CPU
		{218F627C-4FF7-4881-BF19-81AF15960D5D}.Release|Any CPU.Build.0 = Release|Any CPU
		{218F627C-4FF7-4881-BF19-81AF15960D5D}.Release|x64.ActiveCfg = Release|Any CPU
		{218F627C-4FF7-4881-BF19-81AF15960D5D}.Release|x64.Build.0 = Release|Any CPU
		{218F627C-4FF7-4881-BF19-81AF15960D5D}.Release|x86.ActiveCfg = Release|Any CPU
		{218F627C-4FF7-4881-BF19-81AF15960D5D}.Release|x86.Build.0 = Release|Any CPU
		{31FA42BB-D49B-411B-AD60-A65B28D55C92}.Debug|Any CPU.ActiveCfg = Debug|Any CPU
		{31FA42BB-D49B-411B-AD60-A65B28D55C92}.Debug|Any CPU.Build.0 = Debug|Any CPU
		{31FA42BB-D49B-411B-AD60-A65B28D55C92}.Debug|x64.ActiveCfg = Debug|Any CPU
		{31FA42BB-D49B-411B-AD60-A65B28D55C92}.Debug|x64.Build.0 = Debug|Any CPU
		{31FA42BB-D49B-411B-AD60-A65B28D55C92}.Debug|x86.ActiveCfg = Debug|Any CPU
		{31FA42BB-D49B-411B-AD60-A65B28D55C92}.Debug|x86.Build.0 = Debug|Any CPU
		{31FA42BB-D49B-411B-AD60-A65B28D55C92}.Release|Any CPU.ActiveCfg = Release|Any CPU
		{31FA42BB-D49B-411B-AD60-A65B28D55C92}.Release|Any CPU.Build.0 = Release|Any CPU
		{31FA42BB-D49B-411B-AD60-A65B28D55C92}.Release|x64.ActiveCfg = Release|Any CPU
		{31FA42BB-D49B-411B-AD60-A65B28D55C92}.Release|x64.Build.0 = Release|Any CPU
		{31FA42BB-D49B-411B-AD60-A65B28D55C92}.Release|x86.ActiveCfg = Release|Any CPU
		{31FA42BB-D49B-411B-AD60-A65B28D55C92}.Release|x86.Build.0 = Release|Any CPU
		{87A9F18E-D048-4700-96D0-2155384796F2}.Debug|Any CPU.ActiveCfg = Debug|Any CPU
		{87A9F18E-D048-4700-96D0-2155384796F2}.Debug|Any CPU.Build.0 = Debug|Any CPU
		{87A9F18E-D048-4700-96D0-2155384796F2}.Debug|x64.ActiveCfg = Debug|Any CPU
		{87A9F18E-D048-4700-96D0-2155384796F2}.Debug|x64.Build.0 = Debug|Any CPU
		{87A9F18E-D048-4700-96D0-2155384796F2}.Debug|x86.ActiveCfg = Debug|Any CPU
		{87A9F18E-D048-4700-96D0-2155384796F2}.Debug|x86.Build.0 = Debug|Any CPU
		{87A9F18E-D048-4700-96D0-2155384796F2}.Release|Any CPU.ActiveCfg = Release|Any CPU
		{87A9F18E-D048-4700-96D0-2155384796F2}.Release|Any CPU.Build.0 = Release|Any CPU
		{87A9F18E-D048-4700-96D0-2155384796F2}.Release|x64.ActiveCfg = Release|Any CPU
		{87A9F18E-D048-4700-96D0-2155384796F2}.Release|x64.Build.0 = Release|Any CPU
		{87A9F18E-D048-4700-96D0-2155384796F2}.Release|x86.ActiveCfg = Release|Any CPU
		{87A9F18E-D048-4700-96D0-2155384796F2}.Release|x86.Build.0 = Release|Any CPU
		{4CACEE35-B072-4243-AEFA-70524A4D748C}.Debug|Any CPU.ActiveCfg = Debug|Any CPU
		{4CACEE35-B072-4243-AEFA-70524A4D748C}.Debug|Any CPU.Build.0 = Debug|Any CPU
		{4CACEE35-B072-4243-AEFA-70524A4D748C}.Debug|x64.ActiveCfg = Debug|Any CPU
		{4CACEE35-B072-4243-AEFA-70524A4D748C}.Debug|x64.Build.0 = Debug|Any CPU
		{4CACEE35-B072-4243-AEFA-70524A4D748C}.Debug|x86.ActiveCfg = Debug|Any CPU
		{4CACEE35-B072-4243-AEFA-70524A4D748C}.Debug|x86.Build.0 = Debug|Any CPU
		{4CACEE35-B072-4243-AEFA-70524A4D748C}.Release|Any CPU.ActiveCfg = Release|Any CPU
		{4CACEE35-B072-4243-AEFA-70524A4D748C}.Release|Any CPU.Build.0 = Release|Any CPU
		{4CACEE35-B072-4243-AEFA-70524A4D748C}.Release|x64.ActiveCfg = Release|Any CPU
		{4CACEE35-B072-4243-AEFA-70524A4D748C}.Release|x64.Build.0 = Release|Any CPU
		{4CACEE35-B072-4243-AEFA-70524A4D748C}.Release|x86.ActiveCfg = Release|Any CPU
		{4CACEE35-B072-4243-AEFA-70524A4D748C}.Release|x86.Build.0 = Release|Any CPU
		{F8E0709C-0DB2-4414-8CF7-292D8786B394}.Debug|Any CPU.ActiveCfg = Debug|Any CPU
		{F8E0709C-0DB2-4414-8CF7-292D8786B394}.Debug|Any CPU.Build.0 = Debug|Any CPU
		{F8E0709C-0DB2-4414-8CF7-292D8786B394}.Debug|x64.ActiveCfg = Debug|Any CPU
		{F8E0709C-0DB2-4414-8CF7-292D8786B394}.Debug|x64.Build.0 = Debug|Any CPU
		{F8E0709C-0DB2-4414-8CF7-292D8786B394}.Debug|x86.ActiveCfg = Debug|Any CPU
		{F8E0709C-0DB2-4414-8CF7-292D8786B394}.Debug|x86.Build.0 = Debug|Any CPU
		{F8E0709C-0DB2-4414-8CF7-292D8786B394}.Release|Any CPU.ActiveCfg = Release|Any CPU
		{F8E0709C-0DB2-4414-8CF7-292D8786B394}.Release|Any CPU.Build.0 = Release|Any CPU
		{F8E0709C-0DB2-4414-8CF7-292D8786B394}.Release|x64.ActiveCfg = Release|Any CPU
		{F8E0709C-0DB2-4414-8CF7-292D8786B394}.Release|x64.Build.0 = Release|Any CPU
		{F8E0709C-0DB2-4414-8CF7-292D8786B394}.Release|x86.ActiveCfg = Release|Any CPU
		{F8E0709C-0DB2-4414-8CF7-292D8786B394}.Release|x86.Build.0 = Release|Any CPU
		{1408B3BB-DC6E-41CE-9B61-69A754D43DA6}.Debug|Any CPU.ActiveCfg = Debug|Any CPU
		{1408B3BB-DC6E-41CE-9B61-69A754D43DA6}.Debug|Any CPU.Build.0 = Debug|Any CPU
		{1408B3BB-DC6E-41CE-9B61-69A754D43DA6}.Debug|x64.ActiveCfg = Debug|Any CPU
		{1408B3BB-DC6E-41CE-9B61-69A754D43DA6}.Debug|x64.Build.0 = Debug|Any CPU
		{1408B3BB-DC6E-41CE-9B61-69A754D43DA6}.Debug|x86.ActiveCfg = Debug|Any CPU
		{1408B3BB-DC6E-41CE-9B61-69A754D43DA6}.Debug|x86.Build.0 = Debug|Any CPU
		{1408B3BB-DC6E-41CE-9B61-69A754D43DA6}.Release|Any CPU.ActiveCfg = Release|Any CPU
		{1408B3BB-DC6E-41CE-9B61-69A754D43DA6}.Release|Any CPU.Build.0 = Release|Any CPU
		{1408B3BB-DC6E-41CE-9B61-69A754D43DA6}.Release|x64.ActiveCfg = Release|Any CPU
		{1408B3BB-DC6E-41CE-9B61-69A754D43DA6}.Release|x64.Build.0 = Release|Any CPU
		{1408B3BB-DC6E-41CE-9B61-69A754D43DA6}.Release|x86.ActiveCfg = Release|Any CPU
		{1408B3BB-DC6E-41CE-9B61-69A754D43DA6}.Release|x86.Build.0 = Release|Any CPU
		{6873F25A-94D8-4C9A-9FA0-67668BD2BE95}.Debug|Any CPU.ActiveCfg = Debug|Any CPU
		{6873F25A-94D8-4C9A-9FA0-67668BD2BE95}.Debug|Any CPU.Build.0 = Debug|Any CPU
		{6873F25A-94D8-4C9A-9FA0-67668BD2BE95}.Debug|x64.ActiveCfg = Debug|Any CPU
		{6873F25A-94D8-4C9A-9FA0-67668BD2BE95}.Debug|x64.Build.0 = Debug|Any CPU
		{6873F25A-94D8-4C9A-9FA0-67668BD2BE95}.Debug|x86.ActiveCfg = Debug|Any CPU
		{6873F25A-94D8-4C9A-9FA0-67668BD2BE95}.Debug|x86.Build.0 = Debug|Any CPU
		{6873F25A-94D8-4C9A-9FA0-67668BD2BE95}.Release|Any CPU.ActiveCfg = Release|Any CPU
		{6873F25A-94D8-4C9A-9FA0-67668BD2BE95}.Release|Any CPU.Build.0 = Release|Any CPU
		{6873F25A-94D8-4C9A-9FA0-67668BD2BE95}.Release|x64.ActiveCfg = Release|Any CPU
		{6873F25A-94D8-4C9A-9FA0-67668BD2BE95}.Release|x64.Build.0 = Release|Any CPU
		{6873F25A-94D8-4C9A-9FA0-67668BD2BE95}.Release|x86.ActiveCfg = Release|Any CPU
		{6873F25A-94D8-4C9A-9FA0-67668BD2BE95}.Release|x86.Build.0 = Release|Any CPU
		{7DBC778E-700C-467D-825B-96FA181E0349}.Debug|Any CPU.ActiveCfg = Debug|Any CPU
		{7DBC778E-700C-467D-825B-96FA181E0349}.Debug|Any CPU.Build.0 = Debug|Any CPU
		{7DBC778E-700C-467D-825B-96FA181E0349}.Debug|x64.ActiveCfg = Debug|Any CPU
		{7DBC778E-700C-467D-825B-96FA181E0349}.Debug|x64.Build.0 = Debug|Any CPU
		{7DBC778E-700C-467D-825B-96FA181E0349}.Debug|x86.ActiveCfg = Debug|Any CPU
		{7DBC778E-700C-467D-825B-96FA181E0349}.Debug|x86.Build.0 = Debug|Any CPU
		{7DBC778E-700C-467D-825B-96FA181E0349}.Release|Any CPU.ActiveCfg = Release|Any CPU
		{7DBC778E-700C-467D-825B-96FA181E0349}.Release|Any CPU.Build.0 = Release|Any CPU
		{7DBC778E-700C-467D-825B-96FA181E0349}.Release|x64.ActiveCfg = Release|Any CPU
		{7DBC778E-700C-467D-825B-96FA181E0349}.Release|x64.Build.0 = Release|Any CPU
		{7DBC778E-700C-467D-825B-96FA181E0349}.Release|x86.ActiveCfg = Release|Any CPU
		{7DBC778E-700C-467D-825B-96FA181E0349}.Release|x86.Build.0 = Release|Any CPU
		{F3225E7C-A2BA-4B9D-8DA1-1022AEF848EF}.Debug|Any CPU.ActiveCfg = Debug|Any CPU
		{F3225E7C-A2BA-4B9D-8DA1-1022AEF848EF}.Debug|Any CPU.Build.0 = Debug|Any CPU
		{F3225E7C-A2BA-4B9D-8DA1-1022AEF848EF}.Debug|x64.ActiveCfg = Debug|Any CPU
		{F3225E7C-A2BA-4B9D-8DA1-1022AEF848EF}.Debug|x64.Build.0 = Debug|Any CPU
		{F3225E7C-A2BA-4B9D-8DA1-1022AEF848EF}.Debug|x86.ActiveCfg = Debug|Any CPU
		{F3225E7C-A2BA-4B9D-8DA1-1022AEF848EF}.Debug|x86.Build.0 = Debug|Any CPU
		{F3225E7C-A2BA-4B9D-8DA1-1022AEF848EF}.Release|Any CPU.ActiveCfg = Release|Any CPU
		{F3225E7C-A2BA-4B9D-8DA1-1022AEF848EF}.Release|Any CPU.Build.0 = Release|Any CPU
		{F3225E7C-A2BA-4B9D-8DA1-1022AEF848EF}.Release|x64.ActiveCfg = Release|Any CPU
		{F3225E7C-A2BA-4B9D-8DA1-1022AEF848EF}.Release|x64.Build.0 = Release|Any CPU
		{F3225E7C-A2BA-4B9D-8DA1-1022AEF848EF}.Release|x86.ActiveCfg = Release|Any CPU
		{F3225E7C-A2BA-4B9D-8DA1-1022AEF848EF}.Release|x86.Build.0 = Release|Any CPU
		{D6B6C0B8-C6D4-4FEC-B62A-1CD79DA7E359}.Debug|Any CPU.ActiveCfg = Debug|Any CPU
		{D6B6C0B8-C6D4-4FEC-B62A-1CD79DA7E359}.Debug|Any CPU.Build.0 = Debug|Any CPU
		{D6B6C0B8-C6D4-4FEC-B62A-1CD79DA7E359}.Debug|x64.ActiveCfg = Debug|Any CPU
		{D6B6C0B8-C6D4-4FEC-B62A-1CD79DA7E359}.Debug|x64.Build.0 = Debug|Any CPU
		{D6B6C0B8-C6D4-4FEC-B62A-1CD79DA7E359}.Debug|x86.ActiveCfg = Debug|Any CPU
		{D6B6C0B8-C6D4-4FEC-B62A-1CD79DA7E359}.Debug|x86.Build.0 = Debug|Any CPU
		{D6B6C0B8-C6D4-4FEC-B62A-1CD79DA7E359}.Release|Any CPU.ActiveCfg = Release|Any CPU
		{D6B6C0B8-C6D4-4FEC-B62A-1CD79DA7E359}.Release|Any CPU.Build.0 = Release|Any CPU
		{D6B6C0B8-C6D4-4FEC-B62A-1CD79DA7E359}.Release|x64.ActiveCfg = Release|Any CPU
		{D6B6C0B8-C6D4-4FEC-B62A-1CD79DA7E359}.Release|x64.Build.0 = Release|Any CPU
		{D6B6C0B8-C6D4-4FEC-B62A-1CD79DA7E359}.Release|x86.ActiveCfg = Release|Any CPU
		{D6B6C0B8-C6D4-4FEC-B62A-1CD79DA7E359}.Release|x86.Build.0 = Release|Any CPU
		{7379408D-DFC0-490C-9E7A-7445C4F5BE04}.Debug|Any CPU.ActiveCfg = Debug|Any CPU
		{7379408D-DFC0-490C-9E7A-7445C4F5BE04}.Debug|Any CPU.Build.0 = Debug|Any CPU
		{7379408D-DFC0-490C-9E7A-7445C4F5BE04}.Debug|x64.ActiveCfg = Debug|Any CPU
		{7379408D-DFC0-490C-9E7A-7445C4F5BE04}.Debug|x64.Build.0 = Debug|Any CPU
		{7379408D-DFC0-490C-9E7A-7445C4F5BE04}.Debug|x86.ActiveCfg = Debug|Any CPU
		{7379408D-DFC0-490C-9E7A-7445C4F5BE04}.Debug|x86.Build.0 = Debug|Any CPU
		{7379408D-DFC0-490C-9E7A-7445C4F5BE04}.Release|Any CPU.ActiveCfg = Release|Any CPU
		{7379408D-DFC0-490C-9E7A-7445C4F5BE04}.Release|Any CPU.Build.0 = Release|Any CPU
		{7379408D-DFC0-490C-9E7A-7445C4F5BE04}.Release|x64.ActiveCfg = Release|Any CPU
		{7379408D-DFC0-490C-9E7A-7445C4F5BE04}.Release|x64.Build.0 = Release|Any CPU
		{7379408D-DFC0-490C-9E7A-7445C4F5BE04}.Release|x86.ActiveCfg = Release|Any CPU
		{7379408D-DFC0-490C-9E7A-7445C4F5BE04}.Release|x86.Build.0 = Release|Any CPU
		{0AE9A5D1-F6C5-48AC-B9A0-E7EDC11B43F3}.Debug|Any CPU.ActiveCfg = Debug|Any CPU
		{0AE9A5D1-F6C5-48AC-B9A0-E7EDC11B43F3}.Debug|Any CPU.Build.0 = Debug|Any CPU
		{0AE9A5D1-F6C5-48AC-B9A0-E7EDC11B43F3}.Debug|x64.ActiveCfg = Debug|Any CPU
		{0AE9A5D1-F6C5-48AC-B9A0-E7EDC11B43F3}.Debug|x64.Build.0 = Debug|Any CPU
		{0AE9A5D1-F6C5-48AC-B9A0-E7EDC11B43F3}.Debug|x86.ActiveCfg = Debug|Any CPU
		{0AE9A5D1-F6C5-48AC-B9A0-E7EDC11B43F3}.Debug|x86.Build.0 = Debug|Any CPU
		{0AE9A5D1-F6C5-48AC-B9A0-E7EDC11B43F3}.Release|Any CPU.ActiveCfg = Release|Any CPU
		{0AE9A5D1-F6C5-48AC-B9A0-E7EDC11B43F3}.Release|Any CPU.Build.0 = Release|Any CPU
		{0AE9A5D1-F6C5-48AC-B9A0-E7EDC11B43F3}.Release|x64.ActiveCfg = Release|Any CPU
		{0AE9A5D1-F6C5-48AC-B9A0-E7EDC11B43F3}.Release|x64.Build.0 = Release|Any CPU
		{0AE9A5D1-F6C5-48AC-B9A0-E7EDC11B43F3}.Release|x86.ActiveCfg = Release|Any CPU
		{0AE9A5D1-F6C5-48AC-B9A0-E7EDC11B43F3}.Release|x86.Build.0 = Release|Any CPU
		{EF6CA425-60F2-496B-9CF7-F482D69DDF73}.Debug|Any CPU.ActiveCfg = Debug|Any CPU
		{EF6CA425-60F2-496B-9CF7-F482D69DDF73}.Debug|Any CPU.Build.0 = Debug|Any CPU
		{EF6CA425-60F2-496B-9CF7-F482D69DDF73}.Debug|x64.ActiveCfg = Debug|Any CPU
		{EF6CA425-60F2-496B-9CF7-F482D69DDF73}.Debug|x64.Build.0 = Debug|Any CPU
		{EF6CA425-60F2-496B-9CF7-F482D69DDF73}.Debug|x86.ActiveCfg = Debug|Any CPU
		{EF6CA425-60F2-496B-9CF7-F482D69DDF73}.Debug|x86.Build.0 = Debug|Any CPU
		{EF6CA425-60F2-496B-9CF7-F482D69DDF73}.Release|Any CPU.ActiveCfg = Release|Any CPU
		{EF6CA425-60F2-496B-9CF7-F482D69DDF73}.Release|Any CPU.Build.0 = Release|Any CPU
		{EF6CA425-60F2-496B-9CF7-F482D69DDF73}.Release|x64.ActiveCfg = Release|Any CPU
		{EF6CA425-60F2-496B-9CF7-F482D69DDF73}.Release|x64.Build.0 = Release|Any CPU
		{EF6CA425-60F2-496B-9CF7-F482D69DDF73}.Release|x86.ActiveCfg = Release|Any CPU
		{EF6CA425-60F2-496B-9CF7-F482D69DDF73}.Release|x86.Build.0 = Release|Any CPU
		{0D7A6775-ADF2-4C9E-8642-8600EB22E167}.Debug|Any CPU.ActiveCfg = Debug|Any CPU
		{0D7A6775-ADF2-4C9E-8642-8600EB22E167}.Debug|Any CPU.Build.0 = Debug|Any CPU
		{0D7A6775-ADF2-4C9E-8642-8600EB22E167}.Debug|x64.ActiveCfg = Debug|Any CPU
		{0D7A6775-ADF2-4C9E-8642-8600EB22E167}.Debug|x64.Build.0 = Debug|Any CPU
		{0D7A6775-ADF2-4C9E-8642-8600EB22E167}.Debug|x86.ActiveCfg = Debug|Any CPU
		{0D7A6775-ADF2-4C9E-8642-8600EB22E167}.Debug|x86.Build.0 = Debug|Any CPU
		{0D7A6775-ADF2-4C9E-8642-8600EB22E167}.Release|Any CPU.ActiveCfg = Release|Any CPU
		{0D7A6775-ADF2-4C9E-8642-8600EB22E167}.Release|Any CPU.Build.0 = Release|Any CPU
		{0D7A6775-ADF2-4C9E-8642-8600EB22E167}.Release|x64.ActiveCfg = Release|Any CPU
		{0D7A6775-ADF2-4C9E-8642-8600EB22E167}.Release|x64.Build.0 = Release|Any CPU
		{0D7A6775-ADF2-4C9E-8642-8600EB22E167}.Release|x86.ActiveCfg = Release|Any CPU
		{0D7A6775-ADF2-4C9E-8642-8600EB22E167}.Release|x86.Build.0 = Release|Any CPU
		{34AD194B-8205-47C6-BB1C-9B33F16C8403}.Debug|Any CPU.ActiveCfg = Debug|Any CPU
		{34AD194B-8205-47C6-BB1C-9B33F16C8403}.Debug|Any CPU.Build.0 = Debug|Any CPU
		{34AD194B-8205-47C6-BB1C-9B33F16C8403}.Debug|x64.ActiveCfg = Debug|Any CPU
		{34AD194B-8205-47C6-BB1C-9B33F16C8403}.Debug|x64.Build.0 = Debug|Any CPU
		{34AD194B-8205-47C6-BB1C-9B33F16C8403}.Debug|x86.ActiveCfg = Debug|Any CPU
		{34AD194B-8205-47C6-BB1C-9B33F16C8403}.Debug|x86.Build.0 = Debug|Any CPU
		{34AD194B-8205-47C6-BB1C-9B33F16C8403}.Release|Any CPU.ActiveCfg = Release|Any CPU
		{34AD194B-8205-47C6-BB1C-9B33F16C8403}.Release|Any CPU.Build.0 = Release|Any CPU
		{34AD194B-8205-47C6-BB1C-9B33F16C8403}.Release|x64.ActiveCfg = Release|Any CPU
		{34AD194B-8205-47C6-BB1C-9B33F16C8403}.Release|x64.Build.0 = Release|Any CPU
		{34AD194B-8205-47C6-BB1C-9B33F16C8403}.Release|x86.ActiveCfg = Release|Any CPU
		{34AD194B-8205-47C6-BB1C-9B33F16C8403}.Release|x86.Build.0 = Release|Any CPU
	EndGlobalSection
	GlobalSection(SolutionProperties) = preSolution
		HideSolutionNode = FALSE
	EndGlobalSection
	GlobalSection(NestedProjects) = preSolution
		{90298CBA-BD6F-3A0A-69D5-97CAD7B05E7E} = {827E0CD3-B72D-47B6-A68D-7590B98EB39B}
		{AC6052AA-D8D6-4DAF-8526-1225FA8852A0} = {90298CBA-BD6F-3A0A-69D5-97CAD7B05E7E}
		{FD5C8AA9-A039-49FB-9C29-8A2CE0CF1144} = {90298CBA-BD6F-3A0A-69D5-97CAD7B05E7E}
		{8ED6BEAC-F867-4AA1-864E-180C5D681682} = {90298CBA-BD6F-3A0A-69D5-97CAD7B05E7E}
		{C79C3622-AC92-5B3C-4F71-0BD0E7B3816F} = {827E0CD3-B72D-47B6-A68D-7590B98EB39B}
		{49F07E54-3F34-40A0-9028-FC450B714B69} = {C79C3622-AC92-5B3C-4F71-0BD0E7B3816F}
		{A2E61184-7394-4FE1-A736-B40787453275} = {C79C3622-AC92-5B3C-4F71-0BD0E7B3816F}
		{EC447DCF-ABFA-6E24-52A5-D7FD48A5C558} = {827E0CD3-B72D-47B6-A68D-7590B98EB39B}
		{0EC62A1A-9858-3A60-8A0C-FC9AACFA2EC7} = {EC447DCF-ABFA-6E24-52A5-D7FD48A5C558}
		{E090F5A8-1F19-45AA-895A-E0A4BB96928F} = {0EC62A1A-9858-3A60-8A0C-FC9AACFA2EC7}
		{D6F824E3-AACE-4CEF-BF2D-100378E14905} = {0EC62A1A-9858-3A60-8A0C-FC9AACFA2EC7}
		{68C2D6FC-C727-472C-BE5B-D46CD021AE72} = {0EC62A1A-9858-3A60-8A0C-FC9AACFA2EC7}
		{01984BF9-3263-4AA4-9D32-BE3B7E04E4EF} = {0EC62A1A-9858-3A60-8A0C-FC9AACFA2EC7}
		{4CB6940A-8DC2-EB53-204F-2C1D4B30062C} = {EC447DCF-ABFA-6E24-52A5-D7FD48A5C558}
		{E09AE3D5-FC1D-4EA1-9656-4103EFD9D58A} = {4CB6940A-8DC2-EB53-204F-2C1D4B30062C}
		{8406A602-E682-415E-96D6-EBB085A3CBEC} = {4CB6940A-8DC2-EB53-204F-2C1D4B30062C}
		{6F228E13-9594-4490-A90C-7CD9705E0DA8} = {4CB6940A-8DC2-EB53-204F-2C1D4B30062C}
		{E9B36E33-B2E4-4DD6-A153-3E5BC2F78EBC} = {4CB6940A-8DC2-EB53-204F-2C1D4B30062C}
		{1652FDBE-FD70-10D2-8806-7EAA51A58284} = {EC447DCF-ABFA-6E24-52A5-D7FD48A5C558}
		{658CDA05-A919-4216-A7A9-B65EBF47BBDB} = {1652FDBE-FD70-10D2-8806-7EAA51A58284}
		{ED86505D-6600-4116-A538-773AC6044A4D} = {1652FDBE-FD70-10D2-8806-7EAA51A58284}
		{82EC95C3-CD91-4526-82E0-AE514E0069B3} = {1652FDBE-FD70-10D2-8806-7EAA51A58284}
		{3654770A-C72F-4839-95B9-D0C7066797A1} = {1652FDBE-FD70-10D2-8806-7EAA51A58284}
		{486050DE-C6A4-B1E8-2B12-E91E5BE99E3F} = {EC447DCF-ABFA-6E24-52A5-D7FD48A5C558}
		{EB755903-1BE7-4BB2-A29A-CFCEEC0C10D5} = {486050DE-C6A4-B1E8-2B12-E91E5BE99E3F}
		{29DCA6B4-66DA-49C3-BC46-AFA0B96C467A} = {486050DE-C6A4-B1E8-2B12-E91E5BE99E3F}
		{80B2A91E-E7BA-45C3-9ACA-44E68408B5E1} = {486050DE-C6A4-B1E8-2B12-E91E5BE99E3F}
		{396AFF48-57E1-4978-AD99-E75A38AC3F97} = {486050DE-C6A4-B1E8-2B12-E91E5BE99E3F}
		{6E7B6FB6-1E98-6448-75A1-2A21B50F43BA} = {EC447DCF-ABFA-6E24-52A5-D7FD48A5C558}
		{E020D72F-4EC7-48FF-AB52-CE9A031E6B24} = {6E7B6FB6-1E98-6448-75A1-2A21B50F43BA}
		{5A236648-F329-4DE0-857F-E4A6F6645E40} = {6E7B6FB6-1E98-6448-75A1-2A21B50F43BA}
		{BC6E1D99-59F8-44EA-8138-CB992C848241} = {6E7B6FB6-1E98-6448-75A1-2A21B50F43BA}
		{910695F9-0C36-4DB2-BBAA-BBD77B5ACEC9} = {6E7B6FB6-1E98-6448-75A1-2A21B50F43BA}
		{82A79FF3-AF37-F2F7-8945-CDFBE75466C5} = {EC447DCF-ABFA-6E24-52A5-D7FD48A5C558}
		{218F627C-4FF7-4881-BF19-81AF15960D5D} = {82A79FF3-AF37-F2F7-8945-CDFBE75466C5}
		{31FA42BB-D49B-411B-AD60-A65B28D55C92} = {82A79FF3-AF37-F2F7-8945-CDFBE75466C5}
		{87A9F18E-D048-4700-96D0-2155384796F2} = {82A79FF3-AF37-F2F7-8945-CDFBE75466C5}
		{4CACEE35-B072-4243-AEFA-70524A4D748C} = {82A79FF3-AF37-F2F7-8945-CDFBE75466C5}
		{F8E0709C-0DB2-4414-8CF7-292D8786B394} = {0AB3BF05-4346-4AA6-1389-037BE0695223}
		{1408B3BB-DC6E-41CE-9B61-69A754D43DA6} = {0AB3BF05-4346-4AA6-1389-037BE0695223}
		{6873F25A-94D8-4C9A-9FA0-67668BD2BE95} = {0AB3BF05-4346-4AA6-1389-037BE0695223}
		{1E1EF545-4C18-AEE2-B997-7EF431518D3F} = {EC447DCF-ABFA-6E24-52A5-D7FD48A5C558}
		{7DBC778E-700C-467D-825B-96FA181E0349} = {1E1EF545-4C18-AEE2-B997-7EF431518D3F}
		{F3225E7C-A2BA-4B9D-8DA1-1022AEF848EF} = {1E1EF545-4C18-AEE2-B997-7EF431518D3F}
		{D6B6C0B8-C6D4-4FEC-B62A-1CD79DA7E359} = {1E1EF545-4C18-AEE2-B997-7EF431518D3F}
		{7379408D-DFC0-490C-9E7A-7445C4F5BE04} = {1E1EF545-4C18-AEE2-B997-7EF431518D3F}
		{18C073E0-6CB1-4693-3636-BFEE619A6192} = {EC447DCF-ABFA-6E24-52A5-D7FD48A5C558}
		{0AE9A5D1-F6C5-48AC-B9A0-E7EDC11B43F3} = {18C073E0-6CB1-4693-3636-BFEE619A6192}
		{EF6CA425-60F2-496B-9CF7-F482D69DDF73} = {18C073E0-6CB1-4693-3636-BFEE619A6192}
		{0D7A6775-ADF2-4C9E-8642-8600EB22E167} = {18C073E0-6CB1-4693-3636-BFEE619A6192}
		{34AD194B-8205-47C6-BB1C-9B33F16C8403} = {18C073E0-6CB1-4693-3636-BFEE619A6192}
	EndGlobalSection
EndGlobal
