
Microsoft Visual Studio Solution File, Format Version 12.00
# Visual Studio Version 17
VisualStudioVersion = 17.0.31903.59
MinimumVisualStudioVersion = 10.0.40219.1
Project("{2150E333-8FDC-42A3-9474-1A3956D46DE8}") = "src", "src", "{827E0CD3-B72D-47B6-A68D-7590B98EB39B}"
EndProject
Project("{2150E333-8FDC-42A3-9474-1A3956D46DE8}") = "BuildingBlocks", "BuildingBlocks", "{90298CBA-BD6F-3A0A-69D5-97CAD7B05E7E}"
EndProject
Project("{FAE04EC0-301F-11D3-BF4B-00C04F79EFBC}") = "TechCart.SharedKernel", "src\BuildingBlocks\TechCart.SharedKernel\TechCart.SharedKernel.csproj", "{522ED74B-9D81-42F7-902D-EED0FE451905}"
EndProject
Project("{FAE04EC0-301F-11D3-BF4B-00C04F79EFBC}") = "TechCart.Infrastructure", "src\BuildingBlocks\TechCart.Infrastructure\TechCart.Infrastructure.csproj", "{98C1C2DB-EBE1-4599-AFA0-0CC0447C0DB3}"
EndProject
Project("{FAE04EC0-301F-11D3-BF4B-00C04F79EFBC}") = "TechCart.EventBus", "src\BuildingBlocks\TechCart.EventBus\TechCart.EventBus.csproj", "{DC98BEC6-2371-42FE-BBFA-91FE1FEF99C2}"
EndProject
Project("{FAE04EC0-301F-11D3-BF4B-00C04F79EFBC}") = "TechCart.Worker", "src\Hosts\TechCart.Worker\TechCart.Worker.csproj", "{5EC56FB3-9E1F-45A3-AA5C-1ED9A5925C38}"
EndProject
Project("{FAE04EC0-301F-11D3-BF4B-00C04F79EFBC}") = "TechCart.Api", "src\Hosts\TechCart.Api\TechCart.Api.csproj", "{425BEDDC-B8A3-4516-BB98-9DFFF2DA0B26}"
EndProject
Project("{FAE04EC0-301F-11D3-BF4B-00C04F79EFBC}") = "TechCart.Identity.Application", "src\Modules\Identity\TechCart.Identity.Application\TechCart.Identity.Application.csproj", "{82CB7003-C65B-4425-8F7F-61A958871489}"
EndProject
Project("{FAE04EC0-301F-11D3-BF4B-00C04F79EFBC}") = "TechCart.Identity.Infrastructure", "src\Modules\Identity\TechCart.Identity.Infrastructure\TechCart.Identity.Infrastructure.csproj", "{185DF3B5-7677-41A4-B0E3-BEE631F8127B}"
EndProject
Project("{FAE04EC0-301F-11D3-BF4B-00C04F79EFBC}") = "TechCart.Identity.Contracts", "src\Modules\Identity\TechCart.Identity.Contracts\TechCart.Identity.Contracts.csproj", "{6E08C8AF-B33D-45B0-95B5-3413AF32C865}"
EndProject
Project("{FAE04EC0-301F-11D3-BF4B-00C04F79EFBC}") = "TechCart.Identity.Domain", "src\Modules\Identity\TechCart.Identity.Domain\TechCart.Identity.Domain.csproj", "{5BF84110-22D1-4411-865C-E9456253CF77}"
EndProject
Project("{FAE04EC0-301F-11D3-BF4B-00C04F79EFBC}") = "TechCart.Cart.Infrastructure", "src\Modules\Payment\TechCart.Cart.Infrastructure\TechCart.Cart.Infrastructure.csproj", "{25D8318E-71B7-43E1-A946-B12C36CF29AB}"
EndProject
Project("{FAE04EC0-301F-11D3-BF4B-00C04F79EFBC}") = "TechCart.Cart.Contracts", "src\Modules\Payment\TechCart.Cart.Contracts\TechCart.Cart.Contracts.csproj", "{CAAB713F-D8F3-4AE1-9F5C-373C0E49B1F7}"
EndProject
Project("{FAE04EC0-301F-11D3-BF4B-00C04F79EFBC}") = "TechCart.Cart.Application", "src\Modules\Payment\TechCart.Cart.Application\TechCart.Cart.Application.csproj", "{4492ACF8-11B2-49AA-BAC4-706AE4BBA2DF}"
EndProject
Project("{FAE04EC0-301F-11D3-BF4B-00C04F79EFBC}") = "TechCart.Cart.Domain", "src\Modules\Payment\TechCart.Cart.Domain\TechCart.Cart.Domain.csproj", "{3F338920-8A6E-45E9-AC2C-85F1A8438E98}"
EndProject
Project("{2150E333-8FDC-42A3-9474-1A3956D46DE8}") = "tests", "tests", "{0AB3BF05-4346-4AA6-1389-037BE0695223}"
EndProject
Project("{FAE04EC0-301F-11D3-BF4B-00C04F79EFBC}") = "TechCart.UnitTests", "tests\TechCart.UnitTests\TechCart.UnitTests.csproj", "{C4FA7C93-6891-4362-98B4-45ED84F35309}"
EndProject
Project("{FAE04EC0-301F-11D3-BF4B-00C04F79EFBC}") = "TechCart.ArchitectureTests", "tests\TechCart.ArchitectureTests\TechCart.ArchitectureTests.csproj", "{C8E91A2D-2DB3-4263-8E55-C506C12E743B}"
EndProject
Project("{FAE04EC0-301F-11D3-BF4B-00C04F79EFBC}") = "TechCart.IntegrationTests", "tests\TechCart.IntegrationTests\TechCart.IntegrationTests.csproj", "{6A6C4BD8-6674-4DAA-B807-CDE5E37E942F}"
EndProject
Global
	GlobalSection(SolutionConfigurationPlatforms) = preSolution
		Debug|Any CPU = Debug|Any CPU
		Debug|x64 = Debug|x64
		Debug|x86 = Debug|x86
		Release|Any CPU = Release|Any CPU
		Release|x64 = Release|x64
		Release|x86 = Release|x86
	EndGlobalSection
	GlobalSection(ProjectConfigurationPlatforms) = postSolution
		{522ED74B-9D81-42F7-902D-EED0FE451905}.Debug|Any CPU.ActiveCfg = Debug|Any CPU
		{522ED74B-9D81-42F7-902D-EED0FE451905}.Debug|Any CPU.Build.0 = Debug|Any CPU
		{522ED74B-9D81-42F7-902D-EED0FE451905}.Debug|x64.ActiveCfg = Debug|Any CPU
		{522ED74B-9D81-42F7-902D-EED0FE451905}.Debug|x64.Build.0 = Debug|Any CPU
		{522ED74B-9D81-42F7-902D-EED0FE451905}.Debug|x86.ActiveCfg = Debug|Any CPU
		{522ED74B-9D81-42F7-902D-EED0FE451905}.Debug|x86.Build.0 = Debug|Any CPU
		{522ED74B-9D81-42F7-902D-EED0FE451905}.Release|Any CPU.ActiveCfg = Release|Any CPU
		{522ED74B-9D81-42F7-902D-EED0FE451905}.Release|Any CPU.Build.0 = Release|Any CPU
		{522ED74B-9D81-42F7-902D-EED0FE451905}.Release|x64.ActiveCfg = Release|Any CPU
		{522ED74B-9D81-42F7-902D-EED0FE451905}.Release|x64.Build.0 = Release|Any CPU
		{522ED74B-9D81-42F7-902D-EED0FE451905}.Release|x86.ActiveCfg = Release|Any CPU
		{522ED74B-9D81-42F7-902D-EED0FE451905}.Release|x86.Build.0 = Release|Any CPU
		{98C1C2DB-EBE1-4599-AFA0-0CC0447C0DB3}.Debug|Any CPU.ActiveCfg = Debug|Any CPU
		{98C1C2DB-EBE1-4599-AFA0-0CC0447C0DB3}.Debug|Any CPU.Build.0 = Debug|Any CPU
		{98C1C2DB-EBE1-4599-AFA0-0CC0447C0DB3}.Debug|x64.ActiveCfg = Debug|Any CPU
		{98C1C2DB-EBE1-4599-AFA0-0CC0447C0DB3}.Debug|x64.Build.0 = Debug|Any CPU
		{98C1C2DB-EBE1-4599-AFA0-0CC0447C0DB3}.Debug|x86.ActiveCfg = Debug|Any CPU
		{98C1C2DB-EBE1-4599-AFA0-0CC0447C0DB3}.Debug|x86.Build.0 = Debug|Any CPU
		{98C1C2DB-EBE1-4599-AFA0-0CC0447C0DB3}.Release|Any CPU.ActiveCfg = Release|Any CPU
		{98C1C2DB-EBE1-4599-AFA0-0CC0447C0DB3}.Release|Any CPU.Build.0 = Release|Any CPU
		{98C1C2DB-EBE1-4599-AFA0-0CC0447C0DB3}.Release|x64.ActiveCfg = Release|Any CPU
		{98C1C2DB-EBE1-4599-AFA0-0CC0447C0DB3}.Release|x64.Build.0 = Release|Any CPU
		{98C1C2DB-EBE1-4599-AFA0-0CC0447C0DB3}.Release|x86.ActiveCfg = Release|Any CPU
		{98C1C2DB-EBE1-4599-AFA0-0CC0447C0DB3}.Release|x86.Build.0 = Release|Any CPU
		{DC98BEC6-2371-42FE-BBFA-91FE1FEF99C2}.Debug|Any CPU.ActiveCfg = Debug|Any CPU
		{DC98BEC6-2371-42FE-BBFA-91FE1FEF99C2}.Debug|Any CPU.Build.0 = Debug|Any CPU
		{DC98BEC6-2371-42FE-BBFA-91FE1FEF99C2}.Debug|x64.ActiveCfg = Debug|Any CPU
		{DC98BEC6-2371-42FE-BBFA-91FE1FEF99C2}.Debug|x64.Build.0 = Debug|Any CPU
		{DC98BEC6-2371-42FE-BBFA-91FE1FEF99C2}.Debug|x86.ActiveCfg = Debug|Any CPU
		{DC98BEC6-2371-42FE-BBFA-91FE1FEF99C2}.Debug|x86.Build.0 = Debug|Any CPU
		{DC98BEC6-2371-42FE-BBFA-91FE1FEF99C2}.Release|Any CPU.ActiveCfg = Release|Any CPU
		{DC98BEC6-2371-42FE-BBFA-91FE1FEF99C2}.Release|Any CPU.Build.0 = Release|Any CPU
		{DC98BEC6-2371-42FE-BBFA-91FE1FEF99C2}.Release|x64.ActiveCfg = Release|Any CPU
		{DC98BEC6-2371-42FE-BBFA-91FE1FEF99C2}.Release|x64.Build.0 = Release|Any CPU
		{DC98BEC6-2371-42FE-BBFA-91FE1FEF99C2}.Release|x86.ActiveCfg = Release|Any CPU
		{DC98BEC6-2371-42FE-BBFA-91FE1FEF99C2}.Release|x86.Build.0 = Release|Any CPU
		{5EC56FB3-9E1F-45A3-AA5C-1ED9A5925C38}.Debug|Any CPU.ActiveCfg = Debug|Any CPU
		{5EC56FB3-9E1F-45A3-AA5C-1ED9A5925C38}.Debug|Any CPU.Build.0 = Debug|Any CPU
		{5EC56FB3-9E1F-45A3-AA5C-1ED9A5925C38}.Debug|x64.ActiveCfg = Debug|Any CPU
		{5EC56FB3-9E1F-45A3-AA5C-1ED9A5925C38}.Debug|x64.Build.0 = Debug|Any CPU
		{5EC56FB3-9E1F-45A3-AA5C-1ED9A5925C38}.Debug|x86.ActiveCfg = Debug|Any CPU
		{5EC56FB3-9E1F-45A3-AA5C-1ED9A5925C38}.Debug|x86.Build.0 = Debug|Any CPU
		{5EC56FB3-9E1F-45A3-AA5C-1ED9A5925C38}.Release|Any CPU.ActiveCfg = Release|Any CPU
		{5EC56FB3-9E1F-45A3-AA5C-1ED9A5925C38}.Release|Any CPU.Build.0 = Release|Any CPU
		{5EC56FB3-9E1F-45A3-AA5C-1ED9A5925C38}.Release|x64.ActiveCfg = Release|Any CPU
		{5EC56FB3-9E1F-45A3-AA5C-1ED9A5925C38}.Release|x64.Build.0 = Release|Any CPU
		{5EC56FB3-9E1F-45A3-AA5C-1ED9A5925C38}.Release|x86.ActiveCfg = Release|Any CPU
		{5EC56FB3-9E1F-45A3-AA5C-1ED9A5925C38}.Release|x86.Build.0 = Release|Any CPU
		{425BEDDC-B8A3-4516-BB98-9DFFF2DA0B26}.Debug|Any CPU.ActiveCfg = Debug|Any CPU
		{425BEDDC-B8A3-4516-BB98-9DFFF2DA0B26}.Debug|Any CPU.Build.0 = Debug|Any CPU
		{425BEDDC-B8A3-4516-BB98-9DFFF2DA0B26}.Debug|x64.ActiveCfg = Debug|Any CPU
		{425BEDDC-B8A3-4516-BB98-9DFFF2DA0B26}.Debug|x64.Build.0 = Debug|Any CPU
		{425BEDDC-B8A3-4516-BB98-9DFFF2DA0B26}.Debug|x86.ActiveCfg = Debug|Any CPU
		{425BEDDC-B8A3-4516-BB98-9DFFF2DA0B26}.Debug|x86.Build.0 = Debug|Any CPU
		{425BEDDC-B8A3-4516-BB98-9DFFF2DA0B26}.Release|Any CPU.ActiveCfg = Release|Any CPU
		{425BEDDC-B8A3-4516-BB98-9DFFF2DA0B26}.Release|Any CPU.Build.0 = Release|Any CPU
		{425BEDDC-B8A3-4516-BB98-9DFFF2DA0B26}.Release|x64.ActiveCfg = Release|Any CPU
		{425BEDDC-B8A3-4516-BB98-9DFFF2DA0B26}.Release|x64.Build.0 = Release|Any CPU
		{425BEDDC-B8A3-4516-BB98-9DFFF2DA0B26}.Release|x86.ActiveCfg = Release|Any CPU
		{425BEDDC-B8A3-4516-BB98-9DFFF2DA0B26}.Release|x86.Build.0 = Release|Any CPU
		{82CB7003-C65B-4425-8F7F-61A958871489}.Debug|Any CPU.ActiveCfg = Debug|Any CPU
		{82CB7003-C65B-4425-8F7F-61A958871489}.Debug|Any CPU.Build.0 = Debug|Any CPU
		{82CB7003-C65B-4425-8F7F-61A958871489}.Debug|x64.ActiveCfg = Debug|Any CPU
		{82CB7003-C65B-4425-8F7F-61A958871489}.Debug|x64.Build.0 = Debug|Any CPU
		{82CB7003-C65B-4425-8F7F-61A958871489}.Debug|x86.ActiveCfg = Debug|Any CPU
		{82CB7003-C65B-4425-8F7F-61A958871489}.Debug|x86.Build.0 = Debug|Any CPU
		{82CB7003-C65B-4425-8F7F-61A958871489}.Release|Any CPU.ActiveCfg = Release|Any CPU
		{82CB7003-C65B-4425-8F7F-61A958871489}.Release|Any CPU.Build.0 = Release|Any CPU
		{82CB7003-C65B-4425-8F7F-61A958871489}.Release|x64.ActiveCfg = Release|Any CPU
		{82CB7003-C65B-4425-8F7F-61A958871489}.Release|x64.Build.0 = Release|Any CPU
		{82CB7003-C65B-4425-8F7F-61A958871489}.Release|x86.ActiveCfg = Release|Any CPU
		{82CB7003-C65B-4425-8F7F-61A958871489}.Release|x86.Build.0 = Release|Any CPU
		{185DF3B5-7677-41A4-B0E3-BEE631F8127B}.Debug|Any CPU.ActiveCfg = Debug|Any CPU
		{185DF3B5-7677-41A4-B0E3-BEE631F8127B}.Debug|Any CPU.Build.0 = Debug|Any CPU
		{185DF3B5-7677-41A4-B0E3-BEE631F8127B}.Debug|x64.ActiveCfg = Debug|Any CPU
		{185DF3B5-7677-41A4-B0E3-BEE631F8127B}.Debug|x64.Build.0 = Debug|Any CPU
		{185DF3B5-7677-41A4-B0E3-BEE631F8127B}.Debug|x86.ActiveCfg = Debug|Any CPU
		{185DF3B5-7677-41A4-B0E3-BEE631F8127B}.Debug|x86.Build.0 = Debug|Any CPU
		{185DF3B5-7677-41A4-B0E3-BEE631F8127B}.Release|Any CPU.ActiveCfg = Release|Any CPU
		{185DF3B5-7677-41A4-B0E3-BEE631F8127B}.Release|Any CPU.Build.0 = Release|Any CPU
		{185DF3B5-7677-41A4-B0E3-BEE631F8127B}.Release|x64.ActiveCfg = Release|Any CPU
		{185DF3B5-7677-41A4-B0E3-BEE631F8127B}.Release|x64.Build.0 = Release|Any CPU
		{185DF3B5-7677-41A4-B0E3-BEE631F8127B}.Release|x86.ActiveCfg = Release|Any CPU
		{185DF3B5-7677-41A4-B0E3-BEE631F8127B}.Release|x86.Build.0 = Release|Any CPU
		{6E08C8AF-B33D-45B0-95B5-3413AF32C865}.Debug|Any CPU.ActiveCfg = Debug|Any CPU
		{6E08C8AF-B33D-45B0-95B5-3413AF32C865}.Debug|Any CPU.Build.0 = Debug|Any CPU
		{6E08C8AF-B33D-45B0-95B5-3413AF32C865}.Debug|x64.ActiveCfg = Debug|Any CPU
		{6E08C8AF-B33D-45B0-95B5-3413AF32C865}.Debug|x64.Build.0 = Debug|Any CPU
		{6E08C8AF-B33D-45B0-95B5-3413AF32C865}.Debug|x86.ActiveCfg = Debug|Any CPU
		{6E08C8AF-B33D-45B0-95B5-3413AF32C865}.Debug|x86.Build.0 = Debug|Any CPU
		{6E08C8AF-B33D-45B0-95B5-3413AF32C865}.Release|Any CPU.ActiveCfg = Release|Any CPU
		{6E08C8AF-B33D-45B0-95B5-3413AF32C865}.Release|Any CPU.Build.0 = Release|Any CPU
		{6E08C8AF-B33D-45B0-95B5-3413AF32C865}.Release|x64.ActiveCfg = Release|Any CPU
		{6E08C8AF-B33D-45B0-95B5-3413AF32C865}.Release|x64.Build.0 = Release|Any CPU
		{6E08C8AF-B33D-45B0-95B5-3413AF32C865}.Release|x86.ActiveCfg = Release|Any CPU
		{6E08C8AF-B33D-45B0-95B5-3413AF32C865}.Release|x86.Build.0 = Release|Any CPU
		{5BF84110-22D1-4411-865C-E9456253CF77}.Debug|Any CPU.ActiveCfg = Debug|Any CPU
		{5BF84110-22D1-4411-865C-E9456253CF77}.Debug|Any CPU.Build.0 = Debug|Any CPU
		{5BF84110-22D1-4411-865C-E9456253CF77}.Debug|x64.ActiveCfg = Debug|Any CPU
		{5BF84110-22D1-4411-865C-E9456253CF77}.Debug|x64.Build.0 = Debug|Any CPU
		{5BF84110-22D1-4411-865C-E9456253CF77}.Debug|x86.ActiveCfg = Debug|Any CPU
		{5BF84110-22D1-4411-865C-E9456253CF77}.Debug|x86.Build.0 = Debug|Any CPU
		{5BF84110-22D1-4411-865C-E9456253CF77}.Release|Any CPU.ActiveCfg = Release|Any CPU
		{5BF84110-22D1-4411-865C-E9456253CF77}.Release|Any CPU.Build.0 = Release|Any CPU
		{5BF84110-22D1-4411-865C-E9456253CF77}.Release|x64.ActiveCfg = Release|Any CPU
		{5BF84110-22D1-4411-865C-E9456253CF77}.Release|x64.Build.0 = Release|Any CPU
		{5BF84110-22D1-4411-865C-E9456253CF77}.Release|x86.ActiveCfg = Release|Any CPU
		{5BF84110-22D1-4411-865C-E9456253CF77}.Release|x86.Build.0 = Release|Any CPU
		{25D8318E-71B7-43E1-A946-B12C36CF29AB}.Debug|Any CPU.ActiveCfg = Debug|Any CPU
		{25D8318E-71B7-43E1-A946-B12C36CF29AB}.Debug|Any CPU.Build.0 = Debug|Any CPU
		{25D8318E-71B7-43E1-A946-B12C36CF29AB}.Debug|x64.ActiveCfg = Debug|Any CPU
		{25D8318E-71B7-43E1-A946-B12C36CF29AB}.Debug|x64.Build.0 = Debug|Any CPU
		{25D8318E-71B7-43E1-A946-B12C36CF29AB}.Debug|x86.ActiveCfg = Debug|Any CPU
		{25D8318E-71B7-43E1-A946-B12C36CF29AB}.Debug|x86.Build.0 = Debug|Any CPU
		{25D8318E-71B7-43E1-A946-B12C36CF29AB}.Release|Any CPU.ActiveCfg = Release|Any CPU
		{25D8318E-71B7-43E1-A946-B12C36CF29AB}.Release|Any CPU.Build.0 = Release|Any CPU
		{25D8318E-71B7-43E1-A946-B12C36CF29AB}.Release|x64.ActiveCfg = Release|Any CPU
		{25D8318E-71B7-43E1-A946-B12C36CF29AB}.Release|x64.Build.0 = Release|Any CPU
		{25D8318E-71B7-43E1-A946-B12C36CF29AB}.Release|x86.ActiveCfg = Release|Any CPU
		{25D8318E-71B7-43E1-A946-B12C36CF29AB}.Release|x86.Build.0 = Release|Any CPU
		{CAAB713F-D8F3-4AE1-9F5C-373C0E49B1F7}.Debug|Any CPU.ActiveCfg = Debug|Any CPU
		{CAAB713F-D8F3-4AE1-9F5C-373C0E49B1F7}.Debug|Any CPU.Build.0 = Debug|Any CPU
		{CAAB713F-D8F3-4AE1-9F5C-373C0E49B1F7}.Debug|x64.ActiveCfg = Debug|Any CPU
		{CAAB713F-D8F3-4AE1-9F5C-373C0E49B1F7}.Debug|x64.Build.0 = Debug|Any CPU
		{CAAB713F-D8F3-4AE1-9F5C-373C0E49B1F7}.Debug|x86.ActiveCfg = Debug|Any CPU
		{CAAB713F-D8F3-4AE1-9F5C-373C0E49B1F7}.Debug|x86.Build.0 = Debug|Any CPU
		{CAAB713F-D8F3-4AE1-9F5C-373C0E49B1F7}.Release|Any CPU.ActiveCfg = Release|Any CPU
		{CAAB713F-D8F3-4AE1-9F5C-373C0E49B1F7}.Release|Any CPU.Build.0 = Release|Any CPU
		{CAAB713F-D8F3-4AE1-9F5C-373C0E49B1F7}.Release|x64.ActiveCfg = Release|Any CPU
		{CAAB713F-D8F3-4AE1-9F5C-373C0E49B1F7}.Release|x64.Build.0 = Release|Any CPU
		{CAAB713F-D8F3-4AE1-9F5C-373C0E49B1F7}.Release|x86.ActiveCfg = Release|Any CPU
		{CAAB713F-D8F3-4AE1-9F5C-373C0E49B1F7}.Release|x86.Build.0 = Release|Any CPU
		{4492ACF8-11B2-49AA-BAC4-706AE4BBA2DF}.Debug|Any CPU.ActiveCfg = Debug|Any CPU
		{4492ACF8-11B2-49AA-BAC4-706AE4BBA2DF}.Debug|Any CPU.Build.0 = Debug|Any CPU
		{4492ACF8-11B2-49AA-BAC4-706AE4BBA2DF}.Debug|x64.ActiveCfg = Debug|Any CPU
		{4492ACF8-11B2-49AA-BAC4-706AE4BBA2DF}.Debug|x64.Build.0 = Debug|Any CPU
		{4492ACF8-11B2-49AA-BAC4-706AE4BBA2DF}.Debug|x86.ActiveCfg = Debug|Any CPU
		{4492ACF8-11B2-49AA-BAC4-706AE4BBA2DF}.Debug|x86.Build.0 = Debug|Any CPU
		{4492ACF8-11B2-49AA-BAC4-706AE4BBA2DF}.Release|Any CPU.ActiveCfg = Release|Any CPU
		{4492ACF8-11B2-49AA-BAC4-706AE4BBA2DF}.Release|Any CPU.Build.0 = Release|Any CPU
		{4492ACF8-11B2-49AA-BAC4-706AE4BBA2DF}.Release|x64.ActiveCfg = Release|Any CPU
		{4492ACF8-11B2-49AA-BAC4-706AE4BBA2DF}.Release|x64.Build.0 = Release|Any CPU
		{4492ACF8-11B2-49AA-BAC4-706AE4BBA2DF}.Release|x86.ActiveCfg = Release|Any CPU
		{4492ACF8-11B2-49AA-BAC4-706AE4BBA2DF}.Release|x86.Build.0 = Release|Any CPU
		{3F338920-8A6E-45E9-AC2C-85F1A8438E98}.Debug|Any CPU.ActiveCfg = Debug|Any CPU
		{3F338920-8A6E-45E9-AC2C-85F1A8438E98}.Debug|Any CPU.Build.0 = Debug|Any CPU
		{3F338920-8A6E-45E9-AC2C-85F1A8438E98}.Debug|x64.ActiveCfg = Debug|Any CPU
		{3F338920-8A6E-45E9-AC2C-85F1A8438E98}.Debug|x64.Build.0 = Debug|Any CPU
		{3F338920-8A6E-45E9-AC2C-85F1A8438E98}.Debug|x86.ActiveCfg = Debug|Any CPU
		{3F338920-8A6E-45E9-AC2C-85F1A8438E98}.Debug|x86.Build.0 = Debug|Any CPU
		{3F338920-8A6E-45E9-AC2C-85F1A8438E98}.Release|Any CPU.ActiveCfg = Release|Any CPU
		{3F338920-8A6E-45E9-AC2C-85F1A8438E98}.Release|Any CPU.Build.0 = Release|Any CPU
		{3F338920-8A6E-45E9-AC2C-85F1A8438E98}.Release|x64.ActiveCfg = Release|Any CPU
		{3F338920-8A6E-45E9-AC2C-85F1A8438E98}.Release|x64.Build.0 = Release|Any CPU
		{3F338920-8A6E-45E9-AC2C-85F1A8438E98}.Release|x86.ActiveCfg = Release|Any CPU
		{3F338920-8A6E-45E9-AC2C-85F1A8438E98}.Release|x86.Build.0 = Release|Any CPU
		{C4FA7C93-6891-4362-98B4-45ED84F35309}.Debug|Any CPU.ActiveCfg = Debug|Any CPU
		{C4FA7C93-6891-4362-98B4-45ED84F35309}.Debug|Any CPU.Build.0 = Debug|Any CPU
		{C4FA7C93-6891-4362-98B4-45ED84F35309}.Debug|x64.ActiveCfg = Debug|Any CPU
		{C4FA7C93-6891-4362-98B4-45ED84F35309}.Debug|x64.Build.0 = Debug|Any CPU
		{C4FA7C93-6891-4362-98B4-45ED84F35309}.Debug|x86.ActiveCfg = Debug|Any CPU
		{C4FA7C93-6891-4362-98B4-45ED84F35309}.Debug|x86.Build.0 = Debug|Any CPU
		{C4FA7C93-6891-4362-98B4-45ED84F35309}.Release|Any CPU.ActiveCfg = Release|Any CPU
		{C4FA7C93-6891-4362-98B4-45ED84F35309}.Release|Any CPU.Build.0 = Release|Any CPU
		{C4FA7C93-6891-4362-98B4-45ED84F35309}.Release|x64.ActiveCfg = Release|Any CPU
		{C4FA7C93-6891-4362-98B4-45ED84F35309}.Release|x64.Build.0 = Release|Any CPU
		{C4FA7C93-6891-4362-98B4-45ED84F35309}.Release|x86.ActiveCfg = Release|Any CPU
		{C4FA7C93-6891-4362-98B4-45ED84F35309}.Release|x86.Build.0 = Release|Any CPU
		{C8E91A2D-2DB3-4263-8E55-C506C12E743B}.Debug|Any CPU.ActiveCfg = Debug|Any CPU
		{C8E91A2D-2DB3-4263-8E55-C506C12E743B}.Debug|Any CPU.Build.0 = Debug|Any CPU
		{C8E91A2D-2DB3-4263-8E55-C506C12E743B}.Debug|x64.ActiveCfg = Debug|Any CPU
		{C8E91A2D-2DB3-4263-8E55-C506C12E743B}.Debug|x64.Build.0 = Debug|Any CPU
		{C8E91A2D-2DB3-4263-8E55-C506C12E743B}.Debug|x86.ActiveCfg = Debug|Any CPU
		{C8E91A2D-2DB3-4263-8E55-C506C12E743B}.Debug|x86.Build.0 = Debug|Any CPU
		{C8E91A2D-2DB3-4263-8E55-C506C12E743B}.Release|Any CPU.ActiveCfg = Release|Any CPU
		{C8E91A2D-2DB3-4263-8E55-C506C12E743B}.Release|Any CPU.Build.0 = Release|Any CPU
		{C8E91A2D-2DB3-4263-8E55-C506C12E743B}.Release|x64.ActiveCfg = Release|Any CPU
		{C8E91A2D-2DB3-4263-8E55-C506C12E743B}.Release|x64.Build.0 = Release|Any CPU
		{C8E91A2D-2DB3-4263-8E55-C506C12E743B}.Release|x86.ActiveCfg = Release|Any CPU
		{C8E91A2D-2DB3-4263-8E55-C506C12E743B}.Release|x86.Build.0 = Release|Any CPU
		{6A6C4BD8-6674-4DAA-B807-CDE5E37E942F}.Debug|Any CPU.ActiveCfg = Debug|Any CPU
		{6A6C4BD8-6674-4DAA-B807-CDE5E37E942F}.Debug|Any CPU.Build.0 = Debug|Any CPU
		{6A6C4BD8-6674-4DAA-B807-CDE5E37E942F}.Debug|x64.ActiveCfg = Debug|Any CPU
		{6A6C4BD8-6674-4DAA-B807-CDE5E37E942F}.Debug|x64.Build.0 = Debug|Any CPU
		{6A6C4BD8-6674-4DAA-B807-CDE5E37E942F}.Debug|x86.ActiveCfg = Debug|Any CPU
		{6A6C4BD8-6674-4DAA-B807-CDE5E37E942F}.Debug|x86.Build.0 = Debug|Any CPU
		{6A6C4BD8-6674-4DAA-B807-CDE5E37E942F}.Release|Any CPU.ActiveCfg = Release|Any CPU
		{6A6C4BD8-6674-4DAA-B807-CDE5E37E942F}.Release|Any CPU.Build.0 = Release|Any CPU
		{6A6C4BD8-6674-4DAA-B807-CDE5E37E942F}.Release|x64.ActiveCfg = Release|Any CPU
		{6A6C4BD8-6674-4DAA-B807-CDE5E37E942F}.Release|x64.Build.0 = Release|Any CPU
		{6A6C4BD8-6674-4DAA-B807-CDE5E37E942F}.Release|x86.ActiveCfg = Release|Any CPU
		{6A6C4BD8-6674-4DAA-B807-CDE5E37E942F}.Release|x86.Build.0 = Release|Any CPU
	EndGlobalSection
	GlobalSection(SolutionProperties) = preSolution
		HideSolutionNode = FALSE
	EndGlobalSection
	GlobalSection(NestedProjects) = preSolution
		{90298CBA-BD6F-3A0A-69D5-97CAD7B05E7E} = {827E0CD3-B72D-47B6-A68D-7590B98EB39B}
		{522ED74B-9D81-42F7-902D-EED0FE451905} = {90298CBA-BD6F-3A0A-69D5-97CAD7B05E7E}
		{98C1C2DB-EBE1-4599-AFA0-0CC0447C0DB3} = {90298CBA-BD6F-3A0A-69D5-97CAD7B05E7E}
		{DC98BEC6-2371-42FE-BBFA-91FE1FEF99C2} = {90298CBA-BD6F-3A0A-69D5-97CAD7B05E7E}
		{5EC56FB3-9E1F-45A3-AA5C-1ED9A5925C38} = {90298CBA-BD6F-3A0A-69D5-97CAD7B05E7E}
		{425BEDDC-B8A3-4516-BB98-9DFFF2DA0B26} = {90298CBA-BD6F-3A0A-69D5-97CAD7B05E7E}
		{82CB7003-C65B-4425-8F7F-61A958871489} = {90298CBA-BD6F-3A0A-69D5-97CAD7B05E7E}
		{185DF3B5-7677-41A4-B0E3-BEE631F8127B} = {90298CBA-BD6F-3A0A-69D5-97CAD7B05E7E}
		{6E08C8AF-B33D-45B0-95B5-3413AF32C865} = {90298CBA-BD6F-3A0A-69D5-97CAD7B05E7E}
		{5BF84110-22D1-4411-865C-E9456253CF77} = {90298CBA-BD6F-3A0A-69D5-97CAD7B05E7E}
		{25D8318E-71B7-43E1-A946-B12C36CF29AB} = {90298CBA-BD6F-3A0A-69D5-97CAD7B05E7E}
		{CAAB713F-D8F3-4AE1-9F5C-373C0E49B1F7} = {90298CBA-BD6F-3A0A-69D5-97CAD7B05E7E}
		{4492ACF8-11B2-49AA-BAC4-706AE4BBA2DF} = {90298CBA-BD6F-3A0A-69D5-97CAD7B05E7E}
		{3F338920-8A6E-45E9-AC2C-85F1A8438E98} = {90298CBA-BD6F-3A0A-69D5-97CAD7B05E7E}
		{C4FA7C93-6891-4362-98B4-45ED84F35309} = {0AB3BF05-4346-4AA6-1389-037BE0695223}
		{C8E91A2D-2DB3-4263-8E55-C506C12E743B} = {0AB3BF05-4346-4AA6-1389-037BE0695223}
		{6A6C4BD8-6674-4DAA-B807-CDE5E37E942F} = {0AB3BF05-4346-4AA6-1389-037BE0695223}
	EndGlobalSection
EndGlobal
