
Microsoft Visual Studio Solution File, Format Version 12.00
# Visual Studio Version 17
VisualStudioVersion = 17.0.31903.59
MinimumVisualStudioVersion = 10.0.40219.1
Project("{2150E333-8FDC-42A3-9474-1A3956D46DE8}") = "src", "src", "{827E0CD3-B72D-47B6-A68D-7590B98EB39B}"
EndProject
Project("{2150E333-8FDC-42A3-9474-1A3956D46DE8}") = "BuildingBlocks", "BuildingBlocks", "{90298CBA-BD6F-3A0A-69D5-97CAD7B05E7E}"
EndProject
Project("{FAE04EC0-301F-11D3-BF4B-00C04F79EFBC}") = "TechCart.SharedKernel", "src\BuildingBlocks\TechCart.SharedKernel\TechCart.SharedKernel.csproj", "{541EDEB4-BBEF-4885-AB52-0CDB0AB5A187}"
EndProject
Project("{FAE04EC0-301F-11D3-BF4B-00C04F79EFBC}") = "TechCart.Infrastructure", "src\BuildingBlocks\TechCart.Infrastructure\TechCart.Infrastructure.csproj", "{B75B6D01-643B-42B1-83E4-DBA8DC70413D}"
EndProject
Project("{FAE04EC0-301F-11D3-BF4B-00C04F79EFBC}") = "TechCart.EventBus", "src\BuildingBlocks\TechCart.EventBus\TechCart.EventBus.csproj", "{4C1E3112-ECB0-4EBD-A998-A05D8CC463B5}"
EndProject
Project("{2150E333-8FDC-42A3-9474-1A3956D46DE8}") = "Hosts", "Hosts", "{C79C3622-AC92-5B3C-4F71-0BD0E7B3816F}"
EndProject
Project("{FAE04EC0-301F-11D3-BF4B-00C04F79EFBC}") = "TechCart.Api", "src\Hosts\TechCart.Api\TechCart.Api.csproj", "{B975295F-105F-491F-8EB0-E0BA837C228A}"
EndProject
Project("{FAE04EC0-301F-11D3-BF4B-00C04F79EFBC}") = "TechCart.Worker", "src\Hosts\TechCart.Worker\TechCart.Worker.csproj", "{F373E494-5E53-4232-8E14-43C5D6E6795C}"
EndProject
Project("{2150E333-8FDC-42A3-9474-1A3956D46DE8}") = "Modules", "Modules", "{EC447DCF-ABFA-6E24-52A5-D7FD48A5C558}"
EndProject
Project("{2150E333-8FDC-42A3-9474-1A3956D46DE8}") = "users", "users", "{A26F344D-182E-CE53-AD51-2154946AC6F3}"
EndProject
Project("{FAE04EC0-301F-11D3-BF4B-00C04F79EFBC}") = "TechCart.Users.Domain", "src\Modules\users\TechCart.Users.Domain\TechCart.Users.Domain.csproj", "{9B11AE8D-A66F-414C-A2B5-244FCBA37143}"
EndProject
Project("{2150E333-8FDC-42A3-9474-1A3956D46DE8}") = "addresses", "addresses", "{8234BF57-6CB6-97B7-5A2A-3959BF14D0E7}"
EndProject
Project("{FAE04EC0-301F-11D3-BF4B-00C04F79EFBC}") = "TechCart.Addresses.Domain", "src\Modules\addresses\TechCart.Addresses.Domain\TechCart.Addresses.Domain.csproj", "{05519B07-4343-4505-B349-FC80D95D55D2}"
EndProject
Project("{2150E333-8FDC-42A3-9474-1A3956D46DE8}") = "carts", "carts", "{8EA7EDEA-BE20-3CD8-31E3-68E1C6568F8E}"
EndProject
Project("{FAE04EC0-301F-11D3-BF4B-00C04F79EFBC}") = "TechCart.Carts.Domain", "src\Modules\carts\TechCart.Carts.Domain\TechCart.Carts.Domain.csproj", "{4CAF5234-99AF-49FE-8B24-1A4E5C65F7B0}"
EndProject
Project("{2150E333-8FDC-42A3-9474-1A3956D46DE8}") = "cart_items", "cart_items", "{9BA93C86-C9C0-D98A-D4FE-10D2C9F3D258}"
EndProject
Project("{FAE04EC0-301F-11D3-BF4B-00C04F79EFBC}") = "TechCart.CartItems.Domain", "src\Modules\cart_items\TechCart.CartItems.Domain\TechCart.CartItems.Domain.csproj", "{EDD0DC65-5E5F-475B-B899-594EEAE1CF0D}"
EndProject
Project("{2150E333-8FDC-42A3-9474-1A3956D46DE8}") = "orders", "orders", "{CFD98C11-0354-2BE4-4011-BD6AEF12219D}"
EndProject
Project("{FAE04EC0-301F-11D3-BF4B-00C04F79EFBC}") = "TechCart.Orders.Domain", "src\Modules\orders\TechCart.Orders.Domain\TechCart.Orders.Domain.csproj", "{76C53206-3186-4381-A797-EBB7802C52BA}"
EndProject
Project("{2150E333-8FDC-42A3-9474-1A3956D46DE8}") = "order_items", "order_items", "{6D49058A-FD41-B25F-F27C-61A68CAD9AD0}"
EndProject
Project("{FAE04EC0-301F-11D3-BF4B-00C04F79EFBC}") = "TechCart.OrderItems.Domain", "src\Modules\order_items\TechCart.OrderItems.Domain\TechCart.OrderItems.Domain.csproj", "{7D3639DE-5D6B-4301-9EEB-B161B6AE575B}"
EndProject
Project("{2150E333-8FDC-42A3-9474-1A3956D46DE8}") = "payments", "payments", "{3482A603-7AEB-377F-9DA5-9757A465DBE8}"
EndProject
Project("{FAE04EC0-301F-11D3-BF4B-00C04F79EFBC}") = "TechCart.Payments.Domain", "src\Modules\payments\TechCart.Payments.Domain\TechCart.Payments.Domain.csproj", "{264A7415-889C-4799-9E44-05373C31F9B2}"
EndProject
Project("{2150E333-8FDC-42A3-9474-1A3956D46DE8}") = "categories", "categories", "{8C0BFB54-728C-01F9-BB1A-7212CA62FBFD}"
EndProject
Project("{FAE04EC0-301F-11D3-BF4B-00C04F79EFBC}") = "TechCart.Categories.Domain", "src\Modules\categories\TechCart.Categories.Domain\TechCart.Categories.Domain.csproj", "{BD14A4F2-7F5C-4F58-95F1-2ADC24B9318C}"
EndProject
Project("{2150E333-8FDC-42A3-9474-1A3956D46DE8}") = "brands", "brands", "{A092A965-E9B2-400D-B3CD-1FD8FA7EAFE3}"
EndProject
Project("{FAE04EC0-301F-11D3-BF4B-00C04F79EFBC}") = "TechCart.Brands.Domain", "src\Modules\brands\TechCart.Brands.Domain\TechCart.Brands.Domain.csproj", "{7EA30DBE-7672-417D-A082-ED2FB8B377A9}"
EndProject
Project("{2150E333-8FDC-42A3-9474-1A3956D46DE8}") = "products", "products", "{5C565D6D-56B2-913B-284D-BFD5D44658B6}"
EndProject
Project("{FAE04EC0-301F-11D3-BF4B-00C04F79EFBC}") = "TechCart.Products.Domain", "src\Modules\products\TechCart.Products.Domain\TechCart.Products.Domain.csproj", "{5DF16309-6279-4D8F-86A6-FCCE4AEAAA2F}"
EndProject
Project("{2150E333-8FDC-42A3-9474-1A3956D46DE8}") = "product_images", "product_images", "{9CA5241A-57B4-7BFD-CD43-0F52D93CABCE}"
EndProject
Project("{FAE04EC0-301F-11D3-BF4B-00C04F79EFBC}") = "TechCart.ProductImages.Domain", "src\Modules\product_images\TechCart.ProductImages.Domain\TechCart.ProductImages.Domain.csproj", "{E7C67348-3047-47F3-AE83-DB771FF6A2A1}"
EndProject
Project("{2150E333-8FDC-42A3-9474-1A3956D46DE8}") = "product_stock", "product_stock", "{02F79728-E4D5-234D-DE2F-5DC0F32FA794}"
EndProject
Project("{FAE04EC0-301F-11D3-BF4B-00C04F79EFBC}") = "TechCart.ProductStock.Domain", "src\Modules\product_stock\TechCart.ProductStock.Domain\TechCart.ProductStock.Domain.csproj", "{14C8E30D-4609-4E53-810F-2786CEFFA8E9}"
EndProject
Project("{2150E333-8FDC-42A3-9474-1A3956D46DE8}") = "tests", "tests", "{0AB3BF05-4346-4AA6-1389-037BE0695223}"
EndProject
Project("{FAE04EC0-301F-11D3-BF4B-00C04F79EFBC}") = "TechCart.UnitTests", "tests\TechCart.UnitTests\TechCart.UnitTests.csproj", "{631C0356-7B6D-43C4-905C-3821946F458C}"
EndProject
Project("{FAE04EC0-301F-11D3-BF4B-00C04F79EFBC}") = "TechCart.ArchitectureTests", "tests\TechCart.ArchitectureTests\TechCart.ArchitectureTests.csproj", "{4A8EB017-0F19-40F4-8B00-08B2B05B0DC8}"
EndProject
Project("{FAE04EC0-301F-11D3-BF4B-00C04F79EFBC}") = "TechCart.IntegrationTests", "tests\TechCart.IntegrationTests\TechCart.IntegrationTests.csproj", "{6F2C993F-5723-492C-AA34-BB2F9A303F57}"
EndProject
Project("{FAE04EC0-301F-11D3-BF4B-00C04F79EFBC}") = "TechCart.Addresses.Application", "src\Modules\addresses\TechCart.Addresses.Application\TechCart.Addresses.Application.csproj", "{FBC78024-A764-4AEA-9C5F-73366EAEF04C}"
EndProject
Project("{FAE04EC0-301F-11D3-BF4B-00C04F79EFBC}") = "TechCart.Addresses.Contracts", "src\Modules\addresses\TechCart.Addresses.Contracts\TechCart.Addresses.Contracts.csproj", "{2D18E54D-982E-4DD5-8917-BED4D84B23E9}"
EndProject
Project("{FAE04EC0-301F-11D3-BF4B-00C04F79EFBC}") = "TechCart.Addresses.Infrastructure", "src\Modules\addresses\TechCart.Addresses.Infrastructure\TechCart.Addresses.Infrastructure.csproj", "{E77F1CE9-4918-4E86-912C-3A69AEB697C7}"
EndProject
Project("{FAE04EC0-301F-11D3-BF4B-00C04F79EFBC}") = "TechCart.Brands.Application", "src\Modules\brands\TechCart.Brands.Application\TechCart.Brands.Application.csproj", "{D5241B90-CEA8-47C8-8D71-15A3141B4301}"
EndProject
Project("{FAE04EC0-301F-11D3-BF4B-00C04F79EFBC}") = "TechCart.Brands.Contracts", "src\Modules\brands\TechCart.Brands.Contracts\TechCart.Brands.Contracts.csproj", "{1F34AC91-C0EE-4A23-8E4A-7C19C81D858F}"
EndProject
Project("{FAE04EC0-301F-11D3-BF4B-00C04F79EFBC}") = "TechCart.Brands.Infrastructure", "src\Modules\brands\TechCart.Brands.Infrastructure\TechCart.Brands.Infrastructure.csproj", "{61C483C5-302B-45E5-9718-6D8E2F9B1B3D}"
EndProject
Project("{FAE04EC0-301F-11D3-BF4B-00C04F79EFBC}") = "TechCart.CartItems.Application", "src\Modules\cart_items\TechCart.CartItems.Application\TechCart.CartItems.Application.csproj", "{85222C3E-831A-4CF0-A239-10CB6AF3EE96}"
EndProject
Project("{FAE04EC0-301F-11D3-BF4B-00C04F79EFBC}") = "TechCart.CartItems.Contracts", "src\Modules\cart_items\TechCart.CartItems.Contracts\TechCart.CartItems.Contracts.csproj", "{8C2213D8-E2B6-467D-8F74-7539B814E521}"
EndProject
Project("{FAE04EC0-301F-11D3-BF4B-00C04F79EFBC}") = "TechCart.CartItems.Infrastructure", "src\Modules\cart_items\TechCart.CartItems.Infrastructure\TechCart.CartItems.Infrastructure.csproj", "{688D797D-280B-4C3A-9324-C5B0E713808C}"
EndProject
Project("{FAE04EC0-301F-11D3-BF4B-00C04F79EFBC}") = "TechCart.Carts.Application", "src\Modules\carts\TechCart.Carts.Application\TechCart.Carts.Application.csproj", "{17720BAB-4F4D-4201-A410-1098F6F80EF4}"
EndProject
Project("{FAE04EC0-301F-11D3-BF4B-00C04F79EFBC}") = "TechCart.Carts.Contracts", "src\Modules\carts\TechCart.Carts.Contracts\TechCart.Carts.Contracts.csproj", "{B4F19585-9578-4FBB-941A-01F5B2320CC3}"
EndProject
Project("{FAE04EC0-301F-11D3-BF4B-00C04F79EFBC}") = "TechCart.Carts.Infrastructure", "src\Modules\carts\TechCart.Carts.Infrastructure\TechCart.Carts.Infrastructure.csproj", "{4879960C-CC9E-4E78-B67C-9FFABCEDBD0A}"
EndProject
Project("{FAE04EC0-301F-11D3-BF4B-00C04F79EFBC}") = "TechCart.Categories.Application", "src\Modules\categories\TechCart.Categories.Application\TechCart.Categories.Application.csproj", "{3CE8C7C3-3787-4083-BDC8-DAD0B9A59150}"
EndProject
Project("{FAE04EC0-301F-11D3-BF4B-00C04F79EFBC}") = "TechCart.Categories.Contracts", "src\Modules\categories\TechCart.Categories.Contracts\TechCart.Categories.Contracts.csproj", "{AFD319BA-13C1-439E-AA50-8CE525705235}"
EndProject
Project("{FAE04EC0-301F-11D3-BF4B-00C04F79EFBC}") = "TechCart.Categories.Infrastructure", "src\Modules\categories\TechCart.Categories.Infrastructure\TechCart.Categories.Infrastructure.csproj", "{A046E80F-2F99-49FC-A929-EAEB635242B9}"
EndProject
Project("{FAE04EC0-301F-11D3-BF4B-00C04F79EFBC}") = "TechCart.OrderItems.Application", "src\Modules\order_items\TechCart.OrderItems.Application\TechCart.OrderItems.Application.csproj", "{A1EB5899-0ECA-4A29-8B50-9A8849A6E474}"
EndProject
Project("{FAE04EC0-301F-11D3-BF4B-00C04F79EFBC}") = "TechCart.OrderItems.Contracts", "src\Modules\order_items\TechCart.OrderItems.Contracts\TechCart.OrderItems.Contracts.csproj", "{5FC48DDC-73AB-4C1F-88C5-FFBB82EFC0D3}"
EndProject
Project("{FAE04EC0-301F-11D3-BF4B-00C04F79EFBC}") = "TechCart.OrderItems.Infrastructure", "src\Modules\order_items\TechCart.OrderItems.Infrastructure\TechCart.OrderItems.Infrastructure.csproj", "{BC7B3B18-D28F-4259-92A7-1B76D864E307}"
EndProject
Project("{FAE04EC0-301F-11D3-BF4B-00C04F79EFBC}") = "TechCart.Orders.Application", "src\Modules\orders\TechCart.Orders.Application\TechCart.Orders.Application.csproj", "{E6C969BA-9FEA-471B-97A3-1E44D3CB49AA}"
EndProject
Project("{FAE04EC0-301F-11D3-BF4B-00C04F79EFBC}") = "TechCart.Orders.Contracts", "src\Modules\orders\TechCart.Orders.Contracts\TechCart.Orders.Contracts.csproj", "{76D46ADF-F8F3-4F3D-8562-435A88FA73F9}"
EndProject
Project("{FAE04EC0-301F-11D3-BF4B-00C04F79EFBC}") = "TechCart.Orders.Infrastructure", "src\Modules\orders\TechCart.Orders.Infrastructure\TechCart.Orders.Infrastructure.csproj", "{1352AF5D-08C2-4B00-B843-A75F79B6A29D}"
EndProject
Project("{FAE04EC0-301F-11D3-BF4B-00C04F79EFBC}") = "TechCart.Payments.Application", "src\Modules\payments\TechCart.Payments.Application\TechCart.Payments.Application.csproj", "{1B573AAE-3F46-40B8-A7F8-6FA771FBDF7E}"
EndProject
Project("{FAE04EC0-301F-11D3-BF4B-00C04F79EFBC}") = "TechCart.Payments.Contracts", "src\Modules\payments\TechCart.Payments.Contracts\TechCart.Payments.Contracts.csproj", "{3C293059-CA6B-46CF-937B-857596FDA191}"
EndProject
Project("{FAE04EC0-301F-11D3-BF4B-00C04F79EFBC}") = "TechCart.Payments.Infrastructure", "src\Modules\payments\TechCart.Payments.Infrastructure\TechCart.Payments.Infrastructure.csproj", "{AEF6F488-462E-45F9-9FC1-265ACF930A0E}"
EndProject
Project("{FAE04EC0-301F-11D3-BF4B-00C04F79EFBC}") = "TechCart.ProductImages.Application", "src\Modules\product_images\TechCart.ProductImages.Application\TechCart.ProductImages.Application.csproj", "{B47DE931-722E-4FCE-B12F-56720BB8FBBF}"
EndProject
Project("{FAE04EC0-301F-11D3-BF4B-00C04F79EFBC}") = "TechCart.ProductImages.Contracts", "src\Modules\product_images\TechCart.ProductImages.Contracts\TechCart.ProductImages.Contracts.csproj", "{A567B860-42AF-4D1E-BA18-7C8CFA860E93}"
EndProject
Project("{FAE04EC0-301F-11D3-BF4B-00C04F79EFBC}") = "TechCart.ProductImages.Infrastructure", "src\Modules\product_images\TechCart.ProductImages.Infrastructure\TechCart.ProductImages.Infrastructure.csproj", "{9C931396-E459-457F-816D-527439EE01A7}"
EndProject
Project("{FAE04EC0-301F-11D3-BF4B-00C04F79EFBC}") = "TechCart.ProductStock.Application", "src\Modules\product_stock\TechCart.ProductStock.Application\TechCart.ProductStock.Application.csproj", "{8EDE58CD-45D1-48C1-BDD2-05560097A28A}"
EndProject
Project("{FAE04EC0-301F-11D3-BF4B-00C04F79EFBC}") = "TechCart.ProductStock.Contracts", "src\Modules\product_stock\TechCart.ProductStock.Contracts\TechCart.ProductStock.Contracts.csproj", "{705B14EA-4135-4274-A24E-19BB7E888295}"
EndProject
Project("{FAE04EC0-301F-11D3-BF4B-00C04F79EFBC}") = "TechCart.ProductStock.Infrastructure", "src\Modules\product_stock\TechCart.ProductStock.Infrastructure\TechCart.ProductStock.Infrastructure.csproj", "{F9F4299E-C390-469D-BFEB-EDA9DDEF26E6}"
EndProject
Project("{FAE04EC0-301F-11D3-BF4B-00C04F79EFBC}") = "TechCart.Products.Application", "src\Modules\products\TechCart.Products.Application\TechCart.Products.Application.csproj", "{7C6A38F9-2E4D-4633-9EEA-E3347BB63AE2}"
EndProject
Project("{FAE04EC0-301F-11D3-BF4B-00C04F79EFBC}") = "TechCart.Products.Contracts", "src\Modules\products\TechCart.Products.Contracts\TechCart.Products.Contracts.csproj", "{9D2E194A-2736-4F5C-8E13-7BBFCEF38577}"
EndProject
Project("{FAE04EC0-301F-11D3-BF4B-00C04F79EFBC}") = "TechCart.Products.Infrastructure", "src\Modules\products\TechCart.Products.Infrastructure\TechCart.Products.Infrastructure.csproj", "{D43DD81F-B40B-4784-B96C-6D7BE97D4EF7}"
EndProject
Project("{FAE04EC0-301F-11D3-BF4B-00C04F79EFBC}") = "TechCart.Users.Application", "src\Modules\users\TechCart.Users.Application\TechCart.Users.Application.csproj", "{95D11F52-B7C8-4C0C-8593-BC31C2F43EE2}"
EndProject
Project("{FAE04EC0-301F-11D3-BF4B-00C04F79EFBC}") = "TechCart.Users.Contracts", "src\Modules\users\TechCart.Users.Contracts\TechCart.Users.Contracts.csproj", "{76351E41-B2C8-4256-A26A-F0823B26C862}"
EndProject
Project("{FAE04EC0-301F-11D3-BF4B-00C04F79EFBC}") = "TechCart.Users.Infrastructure", "src\Modules\users\TechCart.Users.Infrastructure\TechCart.Users.Infrastructure.csproj", "{AD91A973-C667-42AC-AEBB-5486F9775BF1}"
EndProject
Global
	GlobalSection(SolutionConfigurationPlatforms) = preSolution
		Debug|Any CPU = Debug|Any CPU
		Debug|x64 = Debug|x64
		Debug|x86 = Debug|x86
		Release|Any CPU = Release|Any CPU
		Release|x64 = Release|x64
		Release|x86 = Release|x86
	EndGlobalSection
	GlobalSection(ProjectConfigurationPlatforms) = postSolution
		{541EDEB4-BBEF-4885-AB52-0CDB0AB5A187}.Debug|Any CPU.ActiveCfg = Debug|Any CPU
		{541EDEB4-BBEF-4885-AB52-0CDB0AB5A187}.Debug|Any CPU.Build.0 = Debug|Any CPU
		{541EDEB4-BBEF-4885-AB52-0CDB0AB5A187}.Debug|x64.ActiveCfg = Debug|Any CPU
		{541EDEB4-BBEF-4885-AB52-0CDB0AB5A187}.Debug|x64.Build.0 = Debug|Any CPU
		{541EDEB4-BBEF-4885-AB52-0CDB0AB5A187}.Debug|x86.ActiveCfg = Debug|Any CPU
		{541EDEB4-BBEF-4885-AB52-0CDB0AB5A187}.Debug|x86.Build.0 = Debug|Any CPU
		{541EDEB4-BBEF-4885-AB52-0CDB0AB5A187}.Release|Any CPU.ActiveCfg = Release|Any CPU
		{541EDEB4-BBEF-4885-AB52-0CDB0AB5A187}.Release|Any CPU.Build.0 = Release|Any CPU
		{541EDEB4-BBEF-4885-AB52-0CDB0AB5A187}.Release|x64.ActiveCfg = Release|Any CPU
		{541EDEB4-BBEF-4885-AB52-0CDB0AB5A187}.Release|x64.Build.0 = Release|Any CPU
		{541EDEB4-BBEF-4885-AB52-0CDB0AB5A187}.Release|x86.ActiveCfg = Release|Any CPU
		{541EDEB4-BBEF-4885-AB52-0CDB0AB5A187}.Release|x86.Build.0 = Release|Any CPU
		{B75B6D01-643B-42B1-83E4-DBA8DC70413D}.Debug|Any CPU.ActiveCfg = Debug|Any CPU
		{B75B6D01-643B-42B1-83E4-DBA8DC70413D}.Debug|Any CPU.Build.0 = Debug|Any CPU
		{B75B6D01-643B-42B1-83E4-DBA8DC70413D}.Debug|x64.ActiveCfg = Debug|Any CPU
		{B75B6D01-643B-42B1-83E4-DBA8DC70413D}.Debug|x64.Build.0 = Debug|Any CPU
		{B75B6D01-643B-42B1-83E4-DBA8DC70413D}.Debug|x86.ActiveCfg = Debug|Any CPU
		{B75B6D01-643B-42B1-83E4-DBA8DC70413D}.Debug|x86.Build.0 = Debug|Any CPU
		{B75B6D01-643B-42B1-83E4-DBA8DC70413D}.Release|Any CPU.ActiveCfg = Release|Any CPU
		{B75B6D01-643B-42B1-83E4-DBA8DC70413D}.Release|Any CPU.Build.0 = Release|Any CPU
		{B75B6D01-643B-42B1-83E4-DBA8DC70413D}.Release|x64.ActiveCfg = Release|Any CPU
		{B75B6D01-643B-42B1-83E4-DBA8DC70413D}.Release|x64.Build.0 = Release|Any CPU
		{B75B6D01-643B-42B1-83E4-DBA8DC70413D}.Release|x86.ActiveCfg = Release|Any CPU
		{B75B6D01-643B-42B1-83E4-DBA8DC70413D}.Release|x86.Build.0 = Release|Any CPU
		{4C1E3112-ECB0-4EBD-A998-A05D8CC463B5}.Debug|Any CPU.ActiveCfg = Debug|Any CPU
		{4C1E3112-ECB0-4EBD-A998-A05D8CC463B5}.Debug|Any CPU.Build.0 = Debug|Any CPU
		{4C1E3112-ECB0-4EBD-A998-A05D8CC463B5}.Debug|x64.ActiveCfg = Debug|Any CPU
		{4C1E3112-ECB0-4EBD-A998-A05D8CC463B5}.Debug|x64.Build.0 = Debug|Any CPU
		{4C1E3112-ECB0-4EBD-A998-A05D8CC463B5}.Debug|x86.ActiveCfg = Debug|Any CPU
		{4C1E3112-ECB0-4EBD-A998-A05D8CC463B5}.Debug|x86.Build.0 = Debug|Any CPU
		{4C1E3112-ECB0-4EBD-A998-A05D8CC463B5}.Release|Any CPU.ActiveCfg = Release|Any CPU
		{4C1E3112-ECB0-4EBD-A998-A05D8CC463B5}.Release|Any CPU.Build.0 = Release|Any CPU
		{4C1E3112-ECB0-4EBD-A998-A05D8CC463B5}.Release|x64.ActiveCfg = Release|Any CPU
		{4C1E3112-ECB0-4EBD-A998-A05D8CC463B5}.Release|x64.Build.0 = Release|Any CPU
		{4C1E3112-ECB0-4EBD-A998-A05D8CC463B5}.Release|x86.ActiveCfg = Release|Any CPU
		{4C1E3112-ECB0-4EBD-A998-A05D8CC463B5}.Release|x86.Build.0 = Release|Any CPU
		{B975295F-105F-491F-8EB0-E0BA837C228A}.Debug|Any CPU.ActiveCfg = Debug|Any CPU
		{B975295F-105F-491F-8EB0-E0BA837C228A}.Debug|Any CPU.Build.0 = Debug|Any CPU
		{B975295F-105F-491F-8EB0-E0BA837C228A}.Debug|x64.ActiveCfg = Debug|Any CPU
		{B975295F-105F-491F-8EB0-E0BA837C228A}.Debug|x64.Build.0 = Debug|Any CPU
		{B975295F-105F-491F-8EB0-E0BA837C228A}.Debug|x86.ActiveCfg = Debug|Any CPU
		{B975295F-105F-491F-8EB0-E0BA837C228A}.Debug|x86.Build.0 = Debug|Any CPU
		{B975295F-105F-491F-8EB0-E0BA837C228A}.Release|Any CPU.ActiveCfg = Release|Any CPU
		{B975295F-105F-491F-8EB0-E0BA837C228A}.Release|Any CPU.Build.0 = Release|Any CPU
		{B975295F-105F-491F-8EB0-E0BA837C228A}.Release|x64.ActiveCfg = Release|Any CPU
		{B975295F-105F-491F-8EB0-E0BA837C228A}.Release|x64.Build.0 = Release|Any CPU
		{B975295F-105F-491F-8EB0-E0BA837C228A}.Release|x86.ActiveCfg = Release|Any CPU
		{B975295F-105F-491F-8EB0-E0BA837C228A}.Release|x86.Build.0 = Release|Any CPU
		{F373E494-5E53-4232-8E14-43C5D6E6795C}.Debug|Any CPU.ActiveCfg = Debug|Any CPU
		{F373E494-5E53-4232-8E14-43C5D6E6795C}.Debug|Any CPU.Build.0 = Debug|Any CPU
		{F373E494-5E53-4232-8E14-43C5D6E6795C}.Debug|x64.ActiveCfg = Debug|Any CPU
		{F373E494-5E53-4232-8E14-43C5D6E6795C}.Debug|x64.Build.0 = Debug|Any CPU
		{F373E494-5E53-4232-8E14-43C5D6E6795C}.Debug|x86.ActiveCfg = Debug|Any CPU
		{F373E494-5E53-4232-8E14-43C5D6E6795C}.Debug|x86.Build.0 = Debug|Any CPU
		{F373E494-5E53-4232-8E14-43C5D6E6795C}.Release|Any CPU.ActiveCfg = Release|Any CPU
		{F373E494-5E53-4232-8E14-43C5D6E6795C}.Release|Any CPU.Build.0 = Release|Any CPU
		{F373E494-5E53-4232-8E14-43C5D6E6795C}.Release|x64.ActiveCfg = Release|Any CPU
		{F373E494-5E53-4232-8E14-43C5D6E6795C}.Release|x64.Build.0 = Release|Any CPU
		{F373E494-5E53-4232-8E14-43C5D6E6795C}.Release|x86.ActiveCfg = Release|Any CPU
		{F373E494-5E53-4232-8E14-43C5D6E6795C}.Release|x86.Build.0 = Release|Any CPU
		{9B11AE8D-A66F-414C-A2B5-244FCBA37143}.Debug|Any CPU.ActiveCfg = Debug|Any CPU
		{9B11AE8D-A66F-414C-A2B5-244FCBA37143}.Debug|Any CPU.Build.0 = Debug|Any CPU
		{9B11AE8D-A66F-414C-A2B5-244FCBA37143}.Debug|x64.ActiveCfg = Debug|Any CPU
		{9B11AE8D-A66F-414C-A2B5-244FCBA37143}.Debug|x64.Build.0 = Debug|Any CPU
		{9B11AE8D-A66F-414C-A2B5-244FCBA37143}.Debug|x86.ActiveCfg = Debug|Any CPU
		{9B11AE8D-A66F-414C-A2B5-244FCBA37143}.Debug|x86.Build.0 = Debug|Any CPU
		{9B11AE8D-A66F-414C-A2B5-244FCBA37143}.Release|Any CPU.ActiveCfg = Release|Any CPU
		{9B11AE8D-A66F-414C-A2B5-244FCBA37143}.Release|Any CPU.Build.0 = Release|Any CPU
		{9B11AE8D-A66F-414C-A2B5-244FCBA37143}.Release|x64.ActiveCfg = Release|Any CPU
		{9B11AE8D-A66F-414C-A2B5-244FCBA37143}.Release|x64.Build.0 = Release|Any CPU
		{9B11AE8D-A66F-414C-A2B5-244FCBA37143}.Release|x86.ActiveCfg = Release|Any CPU
		{9B11AE8D-A66F-414C-A2B5-244FCBA37143}.Release|x86.Build.0 = Release|Any CPU
		{05519B07-4343-4505-B349-FC80D95D55D2}.Debug|Any CPU.ActiveCfg = Debug|Any CPU
		{05519B07-4343-4505-B349-FC80D95D55D2}.Debug|Any CPU.Build.0 = Debug|Any CPU
		{05519B07-4343-4505-B349-FC80D95D55D2}.Debug|x64.ActiveCfg = Debug|Any CPU
		{05519B07-4343-4505-B349-FC80D95D55D2}.Debug|x64.Build.0 = Debug|Any CPU
		{05519B07-4343-4505-B349-FC80D95D55D2}.Debug|x86.ActiveCfg = Debug|Any CPU
		{05519B07-4343-4505-B349-FC80D95D55D2}.Debug|x86.Build.0 = Debug|Any CPU
		{05519B07-4343-4505-B349-FC80D95D55D2}.Release|Any CPU.ActiveCfg = Release|Any CPU
		{05519B07-4343-4505-B349-FC80D95D55D2}.Release|Any CPU.Build.0 = Release|Any CPU
		{05519B07-4343-4505-B349-FC80D95D55D2}.Release|x64.ActiveCfg = Release|Any CPU
		{05519B07-4343-4505-B349-FC80D95D55D2}.Release|x64.Build.0 = Release|Any CPU
		{05519B07-4343-4505-B349-FC80D95D55D2}.Release|x86.ActiveCfg = Release|Any CPU
		{05519B07-4343-4505-B349-FC80D95D55D2}.Release|x86.Build.0 = Release|Any CPU
		{4CAF5234-99AF-49FE-8B24-1A4E5C65F7B0}.Debug|Any CPU.ActiveCfg = Debug|Any CPU
		{4CAF5234-99AF-49FE-8B24-1A4E5C65F7B0}.Debug|Any CPU.Build.0 = Debug|Any CPU
		{4CAF5234-99AF-49FE-8B24-1A4E5C65F7B0}.Debug|x64.ActiveCfg = Debug|Any CPU
		{4CAF5234-99AF-49FE-8B24-1A4E5C65F7B0}.Debug|x64.Build.0 = Debug|Any CPU
		{4CAF5234-99AF-49FE-8B24-1A4E5C65F7B0}.Debug|x86.ActiveCfg = Debug|Any CPU
		{4CAF5234-99AF-49FE-8B24-1A4E5C65F7B0}.Debug|x86.Build.0 = Debug|Any CPU
		{4CAF5234-99AF-49FE-8B24-1A4E5C65F7B0}.Release|Any CPU.ActiveCfg = Release|Any CPU
		{4CAF5234-99AF-49FE-8B24-1A4E5C65F7B0}.Release|Any CPU.Build.0 = Release|Any CPU
		{4CAF5234-99AF-49FE-8B24-1A4E5C65F7B0}.Release|x64.ActiveCfg = Release|Any CPU
		{4CAF5234-99AF-49FE-8B24-1A4E5C65F7B0}.Release|x64.Build.0 = Release|Any CPU
		{4CAF5234-99AF-49FE-8B24-1A4E5C65F7B0}.Release|x86.ActiveCfg = Release|Any CPU
		{4CAF5234-99AF-49FE-8B24-1A4E5C65F7B0}.Release|x86.Build.0 = Release|Any CPU
		{EDD0DC65-5E5F-475B-B899-594EEAE1CF0D}.Debug|Any CPU.ActiveCfg = Debug|Any CPU
		{EDD0DC65-5E5F-475B-B899-594EEAE1CF0D}.Debug|Any CPU.Build.0 = Debug|Any CPU
		{EDD0DC65-5E5F-475B-B899-594EEAE1CF0D}.Debug|x64.ActiveCfg = Debug|Any CPU
		{EDD0DC65-5E5F-475B-B899-594EEAE1CF0D}.Debug|x64.Build.0 = Debug|Any CPU
		{EDD0DC65-5E5F-475B-B899-594EEAE1CF0D}.Debug|x86.ActiveCfg = Debug|Any CPU
		{EDD0DC65-5E5F-475B-B899-594EEAE1CF0D}.Debug|x86.Build.0 = Debug|Any CPU
		{EDD0DC65-5E5F-475B-B899-594EEAE1CF0D}.Release|Any CPU.ActiveCfg = Release|Any CPU
		{EDD0DC65-5E5F-475B-B899-594EEAE1CF0D}.Release|Any CPU.Build.0 = Release|Any CPU
		{EDD0DC65-5E5F-475B-B899-594EEAE1CF0D}.Release|x64.ActiveCfg = Release|Any CPU
		{EDD0DC65-5E5F-475B-B899-594EEAE1CF0D}.Release|x64.Build.0 = Release|Any CPU
		{EDD0DC65-5E5F-475B-B899-594EEAE1CF0D}.Release|x86.ActiveCfg = Release|Any CPU
		{EDD0DC65-5E5F-475B-B899-594EEAE1CF0D}.Release|x86.Build.0 = Release|Any CPU
		{76C53206-3186-4381-A797-EBB7802C52BA}.Debug|Any CPU.ActiveCfg = Debug|Any CPU
		{76C53206-3186-4381-A797-EBB7802C52BA}.Debug|Any CPU.Build.0 = Debug|Any CPU
		{76C53206-3186-4381-A797-EBB7802C52BA}.Debug|x64.ActiveCfg = Debug|Any CPU
		{76C53206-3186-4381-A797-EBB7802C52BA}.Debug|x64.Build.0 = Debug|Any CPU
		{76C53206-3186-4381-A797-EBB7802C52BA}.Debug|x86.ActiveCfg = Debug|Any CPU
		{76C53206-3186-4381-A797-EBB7802C52BA}.Debug|x86.Build.0 = Debug|Any CPU
		{76C53206-3186-4381-A797-EBB7802C52BA}.Release|Any CPU.ActiveCfg = Release|Any CPU
		{76C53206-3186-4381-A797-EBB7802C52BA}.Release|Any CPU.Build.0 = Release|Any CPU
		{76C53206-3186-4381-A797-EBB7802C52BA}.Release|x64.ActiveCfg = Release|Any CPU
		{76C53206-3186-4381-A797-EBB7802C52BA}.Release|x64.Build.0 = Release|Any CPU
		{76C53206-3186-4381-A797-EBB7802C52BA}.Release|x86.ActiveCfg = Release|Any CPU
		{76C53206-3186-4381-A797-EBB7802C52BA}.Release|x86.Build.0 = Release|Any CPU
		{7D3639DE-5D6B-4301-9EEB-B161B6AE575B}.Debug|Any CPU.ActiveCfg = Debug|Any CPU
		{7D3639DE-5D6B-4301-9EEB-B161B6AE575B}.Debug|Any CPU.Build.0 = Debug|Any CPU
		{7D3639DE-5D6B-4301-9EEB-B161B6AE575B}.Debug|x64.ActiveCfg = Debug|Any CPU
		{7D3639DE-5D6B-4301-9EEB-B161B6AE575B}.Debug|x64.Build.0 = Debug|Any CPU
		{7D3639DE-5D6B-4301-9EEB-B161B6AE575B}.Debug|x86.ActiveCfg = Debug|Any CPU
		{7D3639DE-5D6B-4301-9EEB-B161B6AE575B}.Debug|x86.Build.0 = Debug|Any CPU
		{7D3639DE-5D6B-4301-9EEB-B161B6AE575B}.Release|Any CPU.ActiveCfg = Release|Any CPU
		{7D3639DE-5D6B-4301-9EEB-B161B6AE575B}.Release|Any CPU.Build.0 = Release|Any CPU
		{7D3639DE-5D6B-4301-9EEB-B161B6AE575B}.Release|x64.ActiveCfg = Release|Any CPU
		{7D3639DE-5D6B-4301-9EEB-B161B6AE575B}.Release|x64.Build.0 = Release|Any CPU
		{7D3639DE-5D6B-4301-9EEB-B161B6AE575B}.Release|x86.ActiveCfg = Release|Any CPU
		{7D3639DE-5D6B-4301-9EEB-B161B6AE575B}.Release|x86.Build.0 = Release|Any CPU
		{264A7415-889C-4799-9E44-05373C31F9B2}.Debug|Any CPU.ActiveCfg = Debug|Any CPU
		{264A7415-889C-4799-9E44-05373C31F9B2}.Debug|Any CPU.Build.0 = Debug|Any CPU
		{264A7415-889C-4799-9E44-05373C31F9B2}.Debug|x64.ActiveCfg = Debug|Any CPU
		{264A7415-889C-4799-9E44-05373C31F9B2}.Debug|x64.Build.0 = Debug|Any CPU
		{264A7415-889C-4799-9E44-05373C31F9B2}.Debug|x86.ActiveCfg = Debug|Any CPU
		{264A7415-889C-4799-9E44-05373C31F9B2}.Debug|x86.Build.0 = Debug|Any CPU
		{264A7415-889C-4799-9E44-05373C31F9B2}.Release|Any CPU.ActiveCfg = Release|Any CPU
		{264A7415-889C-4799-9E44-05373C31F9B2}.Release|Any CPU.Build.0 = Release|Any CPU
		{264A7415-889C-4799-9E44-05373C31F9B2}.Release|x64.ActiveCfg = Release|Any CPU
		{264A7415-889C-4799-9E44-05373C31F9B2}.Release|x64.Build.0 = Release|Any CPU
		{264A7415-889C-4799-9E44-05373C31F9B2}.Release|x86.ActiveCfg = Release|Any CPU
		{264A7415-889C-4799-9E44-05373C31F9B2}.Release|x86.Build.0 = Release|Any CPU
		{BD14A4F2-7F5C-4F58-95F1-2ADC24B9318C}.Debug|Any CPU.ActiveCfg = Debug|Any CPU
		{BD14A4F2-7F5C-4F58-95F1-2ADC24B9318C}.Debug|Any CPU.Build.0 = Debug|Any CPU
		{BD14A4F2-7F5C-4F58-95F1-2ADC24B9318C}.Debug|x64.ActiveCfg = Debug|Any CPU
		{BD14A4F2-7F5C-4F58-95F1-2ADC24B9318C}.Debug|x64.Build.0 = Debug|Any CPU
		{BD14A4F2-7F5C-4F58-95F1-2ADC24B9318C}.Debug|x86.ActiveCfg = Debug|Any CPU
		{BD14A4F2-7F5C-4F58-95F1-2ADC24B9318C}.Debug|x86.Build.0 = Debug|Any CPU
		{BD14A4F2-7F5C-4F58-95F1-2ADC24B9318C}.Release|Any CPU.ActiveCfg = Release|Any CPU
		{BD14A4F2-7F5C-4F58-95F1-2ADC24B9318C}.Release|Any CPU.Build.0 = Release|Any CPU
		{BD14A4F2-7F5C-4F58-95F1-2ADC24B9318C}.Release|x64.ActiveCfg = Release|Any CPU
		{BD14A4F2-7F5C-4F58-95F1-2ADC24B9318C}.Release|x64.Build.0 = Release|Any CPU
		{BD14A4F2-7F5C-4F58-95F1-2ADC24B9318C}.Release|x86.ActiveCfg = Release|Any CPU
		{BD14A4F2-7F5C-4F58-95F1-2ADC24B9318C}.Release|x86.Build.0 = Release|Any CPU
		{7EA30DBE-7672-417D-A082-ED2FB8B377A9}.Debug|Any CPU.ActiveCfg = Debug|Any CPU
		{7EA30DBE-7672-417D-A082-ED2FB8B377A9}.Debug|Any CPU.Build.0 = Debug|Any CPU
		{7EA30DBE-7672-417D-A082-ED2FB8B377A9}.Debug|x64.ActiveCfg = Debug|Any CPU
		{7EA30DBE-7672-417D-A082-ED2FB8B377A9}.Debug|x64.Build.0 = Debug|Any CPU
		{7EA30DBE-7672-417D-A082-ED2FB8B377A9}.Debug|x86.ActiveCfg = Debug|Any CPU
		{7EA30DBE-7672-417D-A082-ED2FB8B377A9}.Debug|x86.Build.0 = Debug|Any CPU
		{7EA30DBE-7672-417D-A082-ED2FB8B377A9}.Release|Any CPU.ActiveCfg = Release|Any CPU
		{7EA30DBE-7672-417D-A082-ED2FB8B377A9}.Release|Any CPU.Build.0 = Release|Any CPU
		{7EA30DBE-7672-417D-A082-ED2FB8B377A9}.Release|x64.ActiveCfg = Release|Any CPU
		{7EA30DBE-7672-417D-A082-ED2FB8B377A9}.Release|x64.Build.0 = Release|Any CPU
		{7EA30DBE-7672-417D-A082-ED2FB8B377A9}.Release|x86.ActiveCfg = Release|Any CPU
		{7EA30DBE-7672-417D-A082-ED2FB8B377A9}.Release|x86.Build.0 = Release|Any CPU
		{5DF16309-6279-4D8F-86A6-FCCE4AEAAA2F}.Debug|Any CPU.ActiveCfg = Debug|Any CPU
		{5DF16309-6279-4D8F-86A6-FCCE4AEAAA2F}.Debug|Any CPU.Build.0 = Debug|Any CPU
		{5DF16309-6279-4D8F-86A6-FCCE4AEAAA2F}.Debug|x64.ActiveCfg = Debug|Any CPU
		{5DF16309-6279-4D8F-86A6-FCCE4AEAAA2F}.Debug|x64.Build.0 = Debug|Any CPU
		{5DF16309-6279-4D8F-86A6-FCCE4AEAAA2F}.Debug|x86.ActiveCfg = Debug|Any CPU
		{5DF16309-6279-4D8F-86A6-FCCE4AEAAA2F}.Debug|x86.Build.0 = Debug|Any CPU
		{5DF16309-6279-4D8F-86A6-FCCE4AEAAA2F}.Release|Any CPU.ActiveCfg = Release|Any CPU
		{5DF16309-6279-4D8F-86A6-FCCE4AEAAA2F}.Release|Any CPU.Build.0 = Release|Any CPU
		{5DF16309-6279-4D8F-86A6-FCCE4AEAAA2F}.Release|x64.ActiveCfg = Release|Any CPU
		{5DF16309-6279-4D8F-86A6-FCCE4AEAAA2F}.Release|x64.Build.0 = Release|Any CPU
		{5DF16309-6279-4D8F-86A6-FCCE4AEAAA2F}.Release|x86.ActiveCfg = Release|Any CPU
		{5DF16309-6279-4D8F-86A6-FCCE4AEAAA2F}.Release|x86.Build.0 = Release|Any CPU
		{E7C67348-3047-47F3-AE83-DB771FF6A2A1}.Debug|Any CPU.ActiveCfg = Debug|Any CPU
		{E7C67348-3047-47F3-AE83-DB771FF6A2A1}.Debug|Any CPU.Build.0 = Debug|Any CPU
		{E7C67348-3047-47F3-AE83-DB771FF6A2A1}.Debug|x64.ActiveCfg = Debug|Any CPU
		{E7C67348-3047-47F3-AE83-DB771FF6A2A1}.Debug|x64.Build.0 = Debug|Any CPU
		{E7C67348-3047-47F3-AE83-DB771FF6A2A1}.Debug|x86.ActiveCfg = Debug|Any CPU
		{E7C67348-3047-47F3-AE83-DB771FF6A2A1}.Debug|x86.Build.0 = Debug|Any CPU
		{E7C67348-3047-47F3-AE83-DB771FF6A2A1}.Release|Any CPU.ActiveCfg = Release|Any CPU
		{E7C67348-3047-47F3-AE83-DB771FF6A2A1}.Release|Any CPU.Build.0 = Release|Any CPU
		{E7C67348-3047-47F3-AE83-DB771FF6A2A1}.Release|x64.ActiveCfg = Release|Any CPU
		{E7C67348-3047-47F3-AE83-DB771FF6A2A1}.Release|x64.Build.0 = Release|Any CPU
		{E7C67348-3047-47F3-AE83-DB771FF6A2A1}.Release|x86.ActiveCfg = Release|Any CPU
		{E7C67348-3047-47F3-AE83-DB771FF6A2A1}.Release|x86.Build.0 = Release|Any CPU
		{14C8E30D-4609-4E53-810F-2786CEFFA8E9}.Debug|Any CPU.ActiveCfg = Debug|Any CPU
		{14C8E30D-4609-4E53-810F-2786CEFFA8E9}.Debug|Any CPU.Build.0 = Debug|Any CPU
		{14C8E30D-4609-4E53-810F-2786CEFFA8E9}.Debug|x64.ActiveCfg = Debug|Any CPU
		{14C8E30D-4609-4E53-810F-2786CEFFA8E9}.Debug|x64.Build.0 = Debug|Any CPU
		{14C8E30D-4609-4E53-810F-2786CEFFA8E9}.Debug|x86.ActiveCfg = Debug|Any CPU
		{14C8E30D-4609-4E53-810F-2786CEFFA8E9}.Debug|x86.Build.0 = Debug|Any CPU
		{14C8E30D-4609-4E53-810F-2786CEFFA8E9}.Release|Any CPU.ActiveCfg = Release|Any CPU
		{14C8E30D-4609-4E53-810F-2786CEFFA8E9}.Release|Any CPU.Build.0 = Release|Any CPU
		{14C8E30D-4609-4E53-810F-2786CEFFA8E9}.Release|x64.ActiveCfg = Release|Any CPU
		{14C8E30D-4609-4E53-810F-2786CEFFA8E9}.Release|x64.Build.0 = Release|Any CPU
		{14C8E30D-4609-4E53-810F-2786CEFFA8E9}.Release|x86.ActiveCfg = Release|Any CPU
		{14C8E30D-4609-4E53-810F-2786CEFFA8E9}.Release|x86.Build.0 = Release|Any CPU
		{631C0356-7B6D-43C4-905C-3821946F458C}.Debug|Any CPU.ActiveCfg = Debug|Any CPU
		{631C0356-7B6D-43C4-905C-3821946F458C}.Debug|Any CPU.Build.0 = Debug|Any CPU
		{631C0356-7B6D-43C4-905C-3821946F458C}.Debug|x64.ActiveCfg = Debug|Any CPU
		{631C0356-7B6D-43C4-905C-3821946F458C}.Debug|x64.Build.0 = Debug|Any CPU
		{631C0356-7B6D-43C4-905C-3821946F458C}.Debug|x86.ActiveCfg = Debug|Any CPU
		{631C0356-7B6D-43C4-905C-3821946F458C}.Debug|x86.Build.0 = Debug|Any CPU
		{631C0356-7B6D-43C4-905C-3821946F458C}.Release|Any CPU.ActiveCfg = Release|Any CPU
		{631C0356-7B6D-43C4-905C-3821946F458C}.Release|Any CPU.Build.0 = Release|Any CPU
		{631C0356-7B6D-43C4-905C-3821946F458C}.Release|x64.ActiveCfg = Release|Any CPU
		{631C0356-7B6D-43C4-905C-3821946F458C}.Release|x64.Build.0 = Release|Any CPU
		{631C0356-7B6D-43C4-905C-3821946F458C}.Release|x86.ActiveCfg = Release|Any CPU
		{631C0356-7B6D-43C4-905C-3821946F458C}.Release|x86.Build.0 = Release|Any CPU
		{4A8EB017-0F19-40F4-8B00-08B2B05B0DC8}.Debug|Any CPU.ActiveCfg = Debug|Any CPU
		{4A8EB017-0F19-40F4-8B00-08B2B05B0DC8}.Debug|Any CPU.Build.0 = Debug|Any CPU
		{4A8EB017-0F19-40F4-8B00-08B2B05B0DC8}.Debug|x64.ActiveCfg = Debug|Any CPU
		{4A8EB017-0F19-40F4-8B00-08B2B05B0DC8}.Debug|x64.Build.0 = Debug|Any CPU
		{4A8EB017-0F19-40F4-8B00-08B2B05B0DC8}.Debug|x86.ActiveCfg = Debug|Any CPU
		{4A8EB017-0F19-40F4-8B00-08B2B05B0DC8}.Debug|x86.Build.0 = Debug|Any CPU
		{4A8EB017-0F19-40F4-8B00-08B2B05B0DC8}.Release|Any CPU.ActiveCfg = Release|Any CPU
		{4A8EB017-0F19-40F4-8B00-08B2B05B0DC8}.Release|Any CPU.Build.0 = Release|Any CPU
		{4A8EB017-0F19-40F4-8B00-08B2B05B0DC8}.Release|x64.ActiveCfg = Release|Any CPU
		{4A8EB017-0F19-40F4-8B00-08B2B05B0DC8}.Release|x64.Build.0 = Release|Any CPU
		{4A8EB017-0F19-40F4-8B00-08B2B05B0DC8}.Release|x86.ActiveCfg = Release|Any CPU
		{4A8EB017-0F19-40F4-8B00-08B2B05B0DC8}.Release|x86.Build.0 = Release|Any CPU
		{6F2C993F-5723-492C-AA34-BB2F9A303F57}.Debug|Any CPU.ActiveCfg = Debug|Any CPU
		{6F2C993F-5723-492C-AA34-BB2F9A303F57}.Debug|Any CPU.Build.0 = Debug|Any CPU
		{6F2C993F-5723-492C-AA34-BB2F9A303F57}.Debug|x64.ActiveCfg = Debug|Any CPU
		{6F2C993F-5723-492C-AA34-BB2F9A303F57}.Debug|x64.Build.0 = Debug|Any CPU
		{6F2C993F-5723-492C-AA34-BB2F9A303F57}.Debug|x86.ActiveCfg = Debug|Any CPU
		{6F2C993F-5723-492C-AA34-BB2F9A303F57}.Debug|x86.Build.0 = Debug|Any CPU
		{6F2C993F-5723-492C-AA34-BB2F9A303F57}.Release|Any CPU.ActiveCfg = Release|Any CPU
		{6F2C993F-5723-492C-AA34-BB2F9A303F57}.Release|Any CPU.Build.0 = Release|Any CPU
		{6F2C993F-5723-492C-AA34-BB2F9A303F57}.Release|x64.ActiveCfg = Release|Any CPU
		{6F2C993F-5723-492C-AA34-BB2F9A303F57}.Release|x64.Build.0 = Release|Any CPU
		{6F2C993F-5723-492C-AA34-BB2F9A303F57}.Release|x86.ActiveCfg = Release|Any CPU
		{6F2C993F-5723-492C-AA34-BB2F9A303F57}.Release|x86.Build.0 = Release|Any CPU
		{FBC78024-A764-4AEA-9C5F-73366EAEF04C}.Debug|Any CPU.ActiveCfg = Debug|Any CPU
		{FBC78024-A764-4AEA-9C5F-73366EAEF04C}.Debug|Any CPU.Build.0 = Debug|Any CPU
		{FBC78024-A764-4AEA-9C5F-73366EAEF04C}.Debug|x64.ActiveCfg = Debug|Any CPU
		{FBC78024-A764-4AEA-9C5F-73366EAEF04C}.Debug|x64.Build.0 = Debug|Any CPU
		{FBC78024-A764-4AEA-9C5F-73366EAEF04C}.Debug|x86.ActiveCfg = Debug|Any CPU
		{FBC78024-A764-4AEA-9C5F-73366EAEF04C}.Debug|x86.Build.0 = Debug|Any CPU
		{FBC78024-A764-4AEA-9C5F-73366EAEF04C}.Release|Any CPU.ActiveCfg = Release|Any CPU
		{FBC78024-A764-4AEA-9C5F-73366EAEF04C}.Release|Any CPU.Build.0 = Release|Any CPU
		{FBC78024-A764-4AEA-9C5F-73366EAEF04C}.Release|x64.ActiveCfg = Release|Any CPU
		{FBC78024-A764-4AEA-9C5F-73366EAEF04C}.Release|x64.Build.0 = Release|Any CPU
		{FBC78024-A764-4AEA-9C5F-73366EAEF04C}.Release|x86.ActiveCfg = Release|Any CPU
		{FBC78024-A764-4AEA-9C5F-73366EAEF04C}.Release|x86.Build.0 = Release|Any CPU
		{2D18E54D-982E-4DD5-8917-BED4D84B23E9}.Debug|Any CPU.ActiveCfg = Debug|Any CPU
		{2D18E54D-982E-4DD5-8917-BED4D84B23E9}.Debug|Any CPU.Build.0 = Debug|Any CPU
		{2D18E54D-982E-4DD5-8917-BED4D84B23E9}.Debug|x64.ActiveCfg = Debug|Any CPU
		{2D18E54D-982E-4DD5-8917-BED4D84B23E9}.Debug|x64.Build.0 = Debug|Any CPU
		{2D18E54D-982E-4DD5-8917-BED4D84B23E9}.Debug|x86.ActiveCfg = Debug|Any CPU
		{2D18E54D-982E-4DD5-8917-BED4D84B23E9}.Debug|x86.Build.0 = Debug|Any CPU
		{2D18E54D-982E-4DD5-8917-BED4D84B23E9}.Release|Any CPU.ActiveCfg = Release|Any CPU
		{2D18E54D-982E-4DD5-8917-BED4D84B23E9}.Release|Any CPU.Build.0 = Release|Any CPU
		{2D18E54D-982E-4DD5-8917-BED4D84B23E9}.Release|x64.ActiveCfg = Release|Any CPU
		{2D18E54D-982E-4DD5-8917-BED4D84B23E9}.Release|x64.Build.0 = Release|Any CPU
		{2D18E54D-982E-4DD5-8917-BED4D84B23E9}.Release|x86.ActiveCfg = Release|Any CPU
		{2D18E54D-982E-4DD5-8917-BED4D84B23E9}.Release|x86.Build.0 = Release|Any CPU
		{E77F1CE9-4918-4E86-912C-3A69AEB697C7}.Debug|Any CPU.ActiveCfg = Debug|Any CPU
		{E77F1CE9-4918-4E86-912C-3A69AEB697C7}.Debug|Any CPU.Build.0 = Debug|Any CPU
		{E77F1CE9-4918-4E86-912C-3A69AEB697C7}.Debug|x64.ActiveCfg = Debug|Any CPU
		{E77F1CE9-4918-4E86-912C-3A69AEB697C7}.Debug|x64.Build.0 = Debug|Any CPU
		{E77F1CE9-4918-4E86-912C-3A69AEB697C7}.Debug|x86.ActiveCfg = Debug|Any CPU
		{E77F1CE9-4918-4E86-912C-3A69AEB697C7}.Debug|x86.Build.0 = Debug|Any CPU
		{E77F1CE9-4918-4E86-912C-3A69AEB697C7}.Release|Any CPU.ActiveCfg = Release|Any CPU
		{E77F1CE9-4918-4E86-912C-3A69AEB697C7}.Release|Any CPU.Build.0 = Release|Any CPU
		{E77F1CE9-4918-4E86-912C-3A69AEB697C7}.Release|x64.ActiveCfg = Release|Any CPU
		{E77F1CE9-4918-4E86-912C-3A69AEB697C7}.Release|x64.Build.0 = Release|Any CPU
		{E77F1CE9-4918-4E86-912C-3A69AEB697C7}.Release|x86.ActiveCfg = Release|Any CPU
		{E77F1CE9-4918-4E86-912C-3A69AEB697C7}.Release|x86.Build.0 = Release|Any CPU
		{D5241B90-CEA8-47C8-8D71-15A3141B4301}.Debug|Any CPU.ActiveCfg = Debug|Any CPU
		{D5241B90-CEA8-47C8-8D71-15A3141B4301}.Debug|Any CPU.Build.0 = Debug|Any CPU
		{D5241B90-CEA8-47C8-8D71-15A3141B4301}.Debug|x64.ActiveCfg = Debug|Any CPU
		{D5241B90-CEA8-47C8-8D71-15A3141B4301}.Debug|x64.Build.0 = Debug|Any CPU
		{D5241B90-CEA8-47C8-8D71-15A3141B4301}.Debug|x86.ActiveCfg = Debug|Any CPU
		{D5241B90-CEA8-47C8-8D71-15A3141B4301}.Debug|x86.Build.0 = Debug|Any CPU
		{D5241B90-CEA8-47C8-8D71-15A3141B4301}.Release|Any CPU.ActiveCfg = Release|Any CPU
		{D5241B90-CEA8-47C8-8D71-15A3141B4301}.Release|Any CPU.Build.0 = Release|Any CPU
		{D5241B90-CEA8-47C8-8D71-15A3141B4301}.Release|x64.ActiveCfg = Release|Any CPU
		{D5241B90-CEA8-47C8-8D71-15A3141B4301}.Release|x64.Build.0 = Release|Any CPU
		{D5241B90-CEA8-47C8-8D71-15A3141B4301}.Release|x86.ActiveCfg = Release|Any CPU
		{D5241B90-CEA8-47C8-8D71-15A3141B4301}.Release|x86.Build.0 = Release|Any CPU
		{1F34AC91-C0EE-4A23-8E4A-7C19C81D858F}.Debug|Any CPU.ActiveCfg = Debug|Any CPU
		{1F34AC91-C0EE-4A23-8E4A-7C19C81D858F}.Debug|Any CPU.Build.0 = Debug|Any CPU
		{1F34AC91-C0EE-4A23-8E4A-7C19C81D858F}.Debug|x64.ActiveCfg = Debug|Any CPU
		{1F34AC91-C0EE-4A23-8E4A-7C19C81D858F}.Debug|x64.Build.0 = Debug|Any CPU
		{1F34AC91-C0EE-4A23-8E4A-7C19C81D858F}.Debug|x86.ActiveCfg = Debug|Any CPU
		{1F34AC91-C0EE-4A23-8E4A-7C19C81D858F}.Debug|x86.Build.0 = Debug|Any CPU
		{1F34AC91-C0EE-4A23-8E4A-7C19C81D858F}.Release|Any CPU.ActiveCfg = Release|Any CPU
		{1F34AC91-C0EE-4A23-8E4A-7C19C81D858F}.Release|Any CPU.Build.0 = Release|Any CPU
		{1F34AC91-C0EE-4A23-8E4A-7C19C81D858F}.Release|x64.ActiveCfg = Release|Any CPU
		{1F34AC91-C0EE-4A23-8E4A-7C19C81D858F}.Release|x64.Build.0 = Release|Any CPU
		{1F34AC91-C0EE-4A23-8E4A-7C19C81D858F}.Release|x86.ActiveCfg = Release|Any CPU
		{1F34AC91-C0EE-4A23-8E4A-7C19C81D858F}.Release|x86.Build.0 = Release|Any CPU
		{61C483C5-302B-45E5-9718-6D8E2F9B1B3D}.Debug|Any CPU.ActiveCfg = Debug|Any CPU
		{61C483C5-302B-45E5-9718-6D8E2F9B1B3D}.Debug|Any CPU.Build.0 = Debug|Any CPU
		{61C483C5-302B-45E5-9718-6D8E2F9B1B3D}.Debug|x64.ActiveCfg = Debug|Any CPU
		{61C483C5-302B-45E5-9718-6D8E2F9B1B3D}.Debug|x64.Build.0 = Debug|Any CPU
		{61C483C5-302B-45E5-9718-6D8E2F9B1B3D}.Debug|x86.ActiveCfg = Debug|Any CPU
		{61C483C5-302B-45E5-9718-6D8E2F9B1B3D}.Debug|x86.Build.0 = Debug|Any CPU
		{61C483C5-302B-45E5-9718-6D8E2F9B1B3D}.Release|Any CPU.ActiveCfg = Release|Any CPU
		{61C483C5-302B-45E5-9718-6D8E2F9B1B3D}.Release|Any CPU.Build.0 = Release|Any CPU
		{61C483C5-302B-45E5-9718-6D8E2F9B1B3D}.Release|x64.ActiveCfg = Release|Any CPU
		{61C483C5-302B-45E5-9718-6D8E2F9B1B3D}.Release|x64.Build.0 = Release|Any CPU
		{61C483C5-302B-45E5-9718-6D8E2F9B1B3D}.Release|x86.ActiveCfg = Release|Any CPU
		{61C483C5-302B-45E5-9718-6D8E2F9B1B3D}.Release|x86.Build.0 = Release|Any CPU
		{85222C3E-831A-4CF0-A239-10CB6AF3EE96}.Debug|Any CPU.ActiveCfg = Debug|Any CPU
		{85222C3E-831A-4CF0-A239-10CB6AF3EE96}.Debug|Any CPU.Build.0 = Debug|Any CPU
		{85222C3E-831A-4CF0-A239-10CB6AF3EE96}.Debug|x64.ActiveCfg = Debug|Any CPU
		{85222C3E-831A-4CF0-A239-10CB6AF3EE96}.Debug|x64.Build.0 = Debug|Any CPU
		{85222C3E-831A-4CF0-A239-10CB6AF3EE96}.Debug|x86.ActiveCfg = Debug|Any CPU
		{85222C3E-831A-4CF0-A239-10CB6AF3EE96}.Debug|x86.Build.0 = Debug|Any CPU
		{85222C3E-831A-4CF0-A239-10CB6AF3EE96}.Release|Any CPU.ActiveCfg = Release|Any CPU
		{85222C3E-831A-4CF0-A239-10CB6AF3EE96}.Release|Any CPU.Build.0 = Release|Any CPU
		{85222C3E-831A-4CF0-A239-10CB6AF3EE96}.Release|x64.ActiveCfg = Release|Any CPU
		{85222C3E-831A-4CF0-A239-10CB6AF3EE96}.Release|x64.Build.0 = Release|Any CPU
		{85222C3E-831A-4CF0-A239-10CB6AF3EE96}.Release|x86.ActiveCfg = Release|Any CPU
		{85222C3E-831A-4CF0-A239-10CB6AF3EE96}.Release|x86.Build.0 = Release|Any CPU
		{8C2213D8-E2B6-467D-8F74-7539B814E521}.Debug|Any CPU.ActiveCfg = Debug|Any CPU
		{8C2213D8-E2B6-467D-8F74-7539B814E521}.Debug|Any CPU.Build.0 = Debug|Any CPU
		{8C2213D8-E2B6-467D-8F74-7539B814E521}.Debug|x64.ActiveCfg = Debug|Any CPU
		{8C2213D8-E2B6-467D-8F74-7539B814E521}.Debug|x64.Build.0 = Debug|Any CPU
		{8C2213D8-E2B6-467D-8F74-7539B814E521}.Debug|x86.ActiveCfg = Debug|Any CPU
		{8C2213D8-E2B6-467D-8F74-7539B814E521}.Debug|x86.Build.0 = Debug|Any CPU
		{8C2213D8-E2B6-467D-8F74-7539B814E521}.Release|Any CPU.ActiveCfg = Release|Any CPU
		{8C2213D8-E2B6-467D-8F74-7539B814E521}.Release|Any CPU.Build.0 = Release|Any CPU
		{8C2213D8-E2B6-467D-8F74-7539B814E521}.Release|x64.ActiveCfg = Release|Any CPU
		{8C2213D8-E2B6-467D-8F74-7539B814E521}.Release|x64.Build.0 = Release|Any CPU
		{8C2213D8-E2B6-467D-8F74-7539B814E521}.Release|x86.ActiveCfg = Release|Any CPU
		{8C2213D8-E2B6-467D-8F74-7539B814E521}.Release|x86.Build.0 = Release|Any CPU
		{688D797D-280B-4C3A-9324-C5B0E713808C}.Debug|Any CPU.ActiveCfg = Debug|Any CPU
		{688D797D-280B-4C3A-9324-C5B0E713808C}.Debug|Any CPU.Build.0 = Debug|Any CPU
		{688D797D-280B-4C3A-9324-C5B0E713808C}.Debug|x64.ActiveCfg = Debug|Any CPU
		{688D797D-280B-4C3A-9324-C5B0E713808C}.Debug|x64.Build.0 = Debug|Any CPU
		{688D797D-280B-4C3A-9324-C5B0E713808C}.Debug|x86.ActiveCfg = Debug|Any CPU
		{688D797D-280B-4C3A-9324-C5B0E713808C}.Debug|x86.Build.0 = Debug|Any CPU
		{688D797D-280B-4C3A-9324-C5B0E713808C}.Release|Any CPU.ActiveCfg = Release|Any CPU
		{688D797D-280B-4C3A-9324-C5B0E713808C}.Release|Any CPU.Build.0 = Release|Any CPU
		{688D797D-280B-4C3A-9324-C5B0E713808C}.Release|x64.ActiveCfg = Release|Any CPU
		{688D797D-280B-4C3A-9324-C5B0E713808C}.Release|x64.Build.0 = Release|Any CPU
		{688D797D-280B-4C3A-9324-C5B0E713808C}.Release|x86.ActiveCfg = Release|Any CPU
		{688D797D-280B-4C3A-9324-C5B0E713808C}.Release|x86.Build.0 = Release|Any CPU
		{17720BAB-4F4D-4201-A410-1098F6F80EF4}.Debug|Any CPU.ActiveCfg = Debug|Any CPU
		{17720BAB-4F4D-4201-A410-1098F6F80EF4}.Debug|Any CPU.Build.0 = Debug|Any CPU
		{17720BAB-4F4D-4201-A410-1098F6F80EF4}.Debug|x64.ActiveCfg = Debug|Any CPU
		{17720BAB-4F4D-4201-A410-1098F6F80EF4}.Debug|x64.Build.0 = Debug|Any CPU
		{17720BAB-4F4D-4201-A410-1098F6F80EF4}.Debug|x86.ActiveCfg = Debug|Any CPU
		{17720BAB-4F4D-4201-A410-1098F6F80EF4}.Debug|x86.Build.0 = Debug|Any CPU
		{17720BAB-4F4D-4201-A410-1098F6F80EF4}.Release|Any CPU.ActiveCfg = Release|Any CPU
		{17720BAB-4F4D-4201-A410-1098F6F80EF4}.Release|Any CPU.Build.0 = Release|Any CPU
		{17720BAB-4F4D-4201-A410-1098F6F80EF4}.Release|x64.ActiveCfg = Release|Any CPU
		{17720BAB-4F4D-4201-A410-1098F6F80EF4}.Release|x64.Build.0 = Release|Any CPU
		{17720BAB-4F4D-4201-A410-1098F6F80EF4}.Release|x86.ActiveCfg = Release|Any CPU
		{17720BAB-4F4D-4201-A410-1098F6F80EF4}.Release|x86.Build.0 = Release|Any CPU
		{B4F19585-9578-4FBB-941A-01F5B2320CC3}.Debug|Any CPU.ActiveCfg = Debug|Any CPU
		{B4F19585-9578-4FBB-941A-01F5B2320CC3}.Debug|Any CPU.Build.0 = Debug|Any CPU
		{B4F19585-9578-4FBB-941A-01F5B2320CC3}.Debug|x64.ActiveCfg = Debug|Any CPU
		{B4F19585-9578-4FBB-941A-01F5B2320CC3}.Debug|x64.Build.0 = Debug|Any CPU
		{B4F19585-9578-4FBB-941A-01F5B2320CC3}.Debug|x86.ActiveCfg = Debug|Any CPU
		{B4F19585-9578-4FBB-941A-01F5B2320CC3}.Debug|x86.Build.0 = Debug|Any CPU
		{B4F19585-9578-4FBB-941A-01F5B2320CC3}.Release|Any CPU.ActiveCfg = Release|Any CPU
		{B4F19585-9578-4FBB-941A-01F5B2320CC3}.Release|Any CPU.Build.0 = Release|Any CPU
		{B4F19585-9578-4FBB-941A-01F5B2320CC3}.Release|x64.ActiveCfg = Release|Any CPU
		{B4F19585-9578-4FBB-941A-01F5B2320CC3}.Release|x64.Build.0 = Release|Any CPU
		{B4F19585-9578-4FBB-941A-01F5B2320CC3}.Release|x86.ActiveCfg = Release|Any CPU
		{B4F19585-9578-4FBB-941A-01F5B2320CC3}.Release|x86.Build.0 = Release|Any CPU
		{4879960C-CC9E-4E78-B67C-9FFABCEDBD0A}.Debug|Any CPU.ActiveCfg = Debug|Any CPU
		{4879960C-CC9E-4E78-B67C-9FFABCEDBD0A}.Debug|Any CPU.Build.0 = Debug|Any CPU
		{4879960C-CC9E-4E78-B67C-9FFABCEDBD0A}.Debug|x64.ActiveCfg = Debug|Any CPU
		{4879960C-CC9E-4E78-B67C-9FFABCEDBD0A}.Debug|x64.Build.0 = Debug|Any CPU
		{4879960C-CC9E-4E78-B67C-9FFABCEDBD0A}.Debug|x86.ActiveCfg = Debug|Any CPU
		{4879960C-CC9E-4E78-B67C-9FFABCEDBD0A}.Debug|x86.Build.0 = Debug|Any CPU
		{4879960C-CC9E-4E78-B67C-9FFABCEDBD0A}.Release|Any CPU.ActiveCfg = Release|Any CPU
		{4879960C-CC9E-4E78-B67C-9FFABCEDBD0A}.Release|Any CPU.Build.0 = Release|Any CPU
		{4879960C-CC9E-4E78-B67C-9FFABCEDBD0A}.Release|x64.ActiveCfg = Release|Any CPU
		{4879960C-CC9E-4E78-B67C-9FFABCEDBD0A}.Release|x64.Build.0 = Release|Any CPU
		{4879960C-CC9E-4E78-B67C-9FFABCEDBD0A}.Release|x86.ActiveCfg = Release|Any CPU
		{4879960C-CC9E-4E78-B67C-9FFABCEDBD0A}.Release|x86.Build.0 = Release|Any CPU
		{3CE8C7C3-3787-4083-BDC8-DAD0B9A59150}.Debug|Any CPU.ActiveCfg = Debug|Any CPU
		{3CE8C7C3-3787-4083-BDC8-DAD0B9A59150}.Debug|Any CPU.Build.0 = Debug|Any CPU
		{3CE8C7C3-3787-4083-BDC8-DAD0B9A59150}.Debug|x64.ActiveCfg = Debug|Any CPU
		{3CE8C7C3-3787-4083-BDC8-DAD0B9A59150}.Debug|x64.Build.0 = Debug|Any CPU
		{3CE8C7C3-3787-4083-BDC8-DAD0B9A59150}.Debug|x86.ActiveCfg = Debug|Any CPU
		{3CE8C7C3-3787-4083-BDC8-DAD0B9A59150}.Debug|x86.Build.0 = Debug|Any CPU
		{3CE8C7C3-3787-4083-BDC8-DAD0B9A59150}.Release|Any CPU.ActiveCfg = Release|Any CPU
		{3CE8C7C3-3787-4083-BDC8-DAD0B9A59150}.Release|Any CPU.Build.0 = Release|Any CPU
		{3CE8C7C3-3787-4083-BDC8-DAD0B9A59150}.Release|x64.ActiveCfg = Release|Any CPU
		{3CE8C7C3-3787-4083-BDC8-DAD0B9A59150}.Release|x64.Build.0 = Release|Any CPU
		{3CE8C7C3-3787-4083-BDC8-DAD0B9A59150}.Release|x86.ActiveCfg = Release|Any CPU
		{3CE8C7C3-3787-4083-BDC8-DAD0B9A59150}.Release|x86.Build.0 = Release|Any CPU
		{AFD319BA-13C1-439E-AA50-8CE525705235}.Debug|Any CPU.ActiveCfg = Debug|Any CPU
		{AFD319BA-13C1-439E-AA50-8CE525705235}.Debug|Any CPU.Build.0 = Debug|Any CPU
		{AFD319BA-13C1-439E-AA50-8CE525705235}.Debug|x64.ActiveCfg = Debug|Any CPU
		{AFD319BA-13C1-439E-AA50-8CE525705235}.Debug|x64.Build.0 = Debug|Any CPU
		{AFD319BA-13C1-439E-AA50-8CE525705235}.Debug|x86.ActiveCfg = Debug|Any CPU
		{AFD319BA-13C1-439E-AA50-8CE525705235}.Debug|x86.Build.0 = Debug|Any CPU
		{AFD319BA-13C1-439E-AA50-8CE525705235}.Release|Any CPU.ActiveCfg = Release|Any CPU
		{AFD319BA-13C1-439E-AA50-8CE525705235}.Release|Any CPU.Build.0 = Release|Any CPU
		{AFD319BA-13C1-439E-AA50-8CE525705235}.Release|x64.ActiveCfg = Release|Any CPU
		{AFD319BA-13C1-439E-AA50-8CE525705235}.Release|x64.Build.0 = Release|Any CPU
		{AFD319BA-13C1-439E-AA50-8CE525705235}.Release|x86.ActiveCfg = Release|Any CPU
		{AFD319BA-13C1-439E-AA50-8CE525705235}.Release|x86.Build.0 = Release|Any CPU
		{A046E80F-2F99-49FC-A929-EAEB635242B9}.Debug|Any CPU.ActiveCfg = Debug|Any CPU
		{A046E80F-2F99-49FC-A929-EAEB635242B9}.Debug|Any CPU.Build.0 = Debug|Any CPU
		{A046E80F-2F99-49FC-A929-EAEB635242B9}.Debug|x64.ActiveCfg = Debug|Any CPU
		{A046E80F-2F99-49FC-A929-EAEB635242B9}.Debug|x64.Build.0 = Debug|Any CPU
		{A046E80F-2F99-49FC-A929-EAEB635242B9}.Debug|x86.ActiveCfg = Debug|Any CPU
		{A046E80F-2F99-49FC-A929-EAEB635242B9}.Debug|x86.Build.0 = Debug|Any CPU
		{A046E80F-2F99-49FC-A929-EAEB635242B9}.Release|Any CPU.ActiveCfg = Release|Any CPU
		{A046E80F-2F99-49FC-A929-EAEB635242B9}.Release|Any CPU.Build.0 = Release|Any CPU
		{A046E80F-2F99-49FC-A929-EAEB635242B9}.Release|x64.ActiveCfg = Release|Any CPU
		{A046E80F-2F99-49FC-A929-EAEB635242B9}.Release|x64.Build.0 = Release|Any CPU
		{A046E80F-2F99-49FC-A929-EAEB635242B9}.Release|x86.ActiveCfg = Release|Any CPU
		{A046E80F-2F99-49FC-A929-EAEB635242B9}.Release|x86.Build.0 = Release|Any CPU
		{A1EB5899-0ECA-4A29-8B50-9A8849A6E474}.Debug|Any CPU.ActiveCfg = Debug|Any CPU
		{A1EB5899-0ECA-4A29-8B50-9A8849A6E474}.Debug|Any CPU.Build.0 = Debug|Any CPU
		{A1EB5899-0ECA-4A29-8B50-9A8849A6E474}.Debug|x64.ActiveCfg = Debug|Any CPU
		{A1EB5899-0ECA-4A29-8B50-9A8849A6E474}.Debug|x64.Build.0 = Debug|Any CPU
		{A1EB5899-0ECA-4A29-8B50-9A8849A6E474}.Debug|x86.ActiveCfg = Debug|Any CPU
		{A1EB5899-0ECA-4A29-8B50-9A8849A6E474}.Debug|x86.Build.0 = Debug|Any CPU
		{A1EB5899-0ECA-4A29-8B50-9A8849A6E474}.Release|Any CPU.ActiveCfg = Release|Any CPU
		{A1EB5899-0ECA-4A29-8B50-9A8849A6E474}.Release|Any CPU.Build.0 = Release|Any CPU
		{A1EB5899-0ECA-4A29-8B50-9A8849A6E474}.Release|x64.ActiveCfg = Release|Any CPU
		{A1EB5899-0ECA-4A29-8B50-9A8849A6E474}.Release|x64.Build.0 = Release|Any CPU
		{A1EB5899-0ECA-4A29-8B50-9A8849A6E474}.Release|x86.ActiveCfg = Release|Any CPU
		{A1EB5899-0ECA-4A29-8B50-9A8849A6E474}.Release|x86.Build.0 = Release|Any CPU
		{5FC48DDC-73AB-4C1F-88C5-FFBB82EFC0D3}.Debug|Any CPU.ActiveCfg = Debug|Any CPU
		{5FC48DDC-73AB-4C1F-88C5-FFBB82EFC0D3}.Debug|Any CPU.Build.0 = Debug|Any CPU
		{5FC48DDC-73AB-4C1F-88C5-FFBB82EFC0D3}.Debug|x64.ActiveCfg = Debug|Any CPU
		{5FC48DDC-73AB-4C1F-88C5-FFBB82EFC0D3}.Debug|x64.Build.0 = Debug|Any CPU
		{5FC48DDC-73AB-4C1F-88C5-FFBB82EFC0D3}.Debug|x86.ActiveCfg = Debug|Any CPU
		{5FC48DDC-73AB-4C1F-88C5-FFBB82EFC0D3}.Debug|x86.Build.0 = Debug|Any CPU
		{5FC48DDC-73AB-4C1F-88C5-FFBB82EFC0D3}.Release|Any CPU.ActiveCfg = Release|Any CPU
		{5FC48DDC-73AB-4C1F-88C5-FFBB82EFC0D3}.Release|Any CPU.Build.0 = Release|Any CPU
		{5FC48DDC-73AB-4C1F-88C5-FFBB82EFC0D3}.Release|x64.ActiveCfg = Release|Any CPU
		{5FC48DDC-73AB-4C1F-88C5-FFBB82EFC0D3}.Release|x64.Build.0 = Release|Any CPU
		{5FC48DDC-73AB-4C1F-88C5-FFBB82EFC0D3}.Release|x86.ActiveCfg = Release|Any CPU
		{5FC48DDC-73AB-4C1F-88C5-FFBB82EFC0D3}.Release|x86.Build.0 = Release|Any CPU
		{BC7B3B18-D28F-4259-92A7-1B76D864E307}.Debug|Any CPU.ActiveCfg = Debug|Any CPU
		{BC7B3B18-D28F-4259-92A7-1B76D864E307}.Debug|Any CPU.Build.0 = Debug|Any CPU
		{BC7B3B18-D28F-4259-92A7-1B76D864E307}.Debug|x64.ActiveCfg = Debug|Any CPU
		{BC7B3B18-D28F-4259-92A7-1B76D864E307}.Debug|x64.Build.0 = Debug|Any CPU
		{BC7B3B18-D28F-4259-92A7-1B76D864E307}.Debug|x86.ActiveCfg = Debug|Any CPU
		{BC7B3B18-D28F-4259-92A7-1B76D864E307}.Debug|x86.Build.0 = Debug|Any CPU
		{BC7B3B18-D28F-4259-92A7-1B76D864E307}.Release|Any CPU.ActiveCfg = Release|Any CPU
		{BC7B3B18-D28F-4259-92A7-1B76D864E307}.Release|Any CPU.Build.0 = Release|Any CPU
		{BC7B3B18-D28F-4259-92A7-1B76D864E307}.Release|x64.ActiveCfg = Release|Any CPU
		{BC7B3B18-D28F-4259-92A7-1B76D864E307}.Release|x64.Build.0 = Release|Any CPU
		{BC7B3B18-D28F-4259-92A7-1B76D864E307}.Release|x86.ActiveCfg = Release|Any CPU
		{BC7B3B18-D28F-4259-92A7-1B76D864E307}.Release|x86.Build.0 = Release|Any CPU
		{E6C969BA-9FEA-471B-97A3-1E44D3CB49AA}.Debug|Any CPU.ActiveCfg = Debug|Any CPU
		{E6C969BA-9FEA-471B-97A3-1E44D3CB49AA}.Debug|Any CPU.Build.0 = Debug|Any CPU
		{E6C969BA-9FEA-471B-97A3-1E44D3CB49AA}.Debug|x64.ActiveCfg = Debug|Any CPU
		{E6C969BA-9FEA-471B-97A3-1E44D3CB49AA}.Debug|x64.Build.0 = Debug|Any CPU
		{E6C969BA-9FEA-471B-97A3-1E44D3CB49AA}.Debug|x86.ActiveCfg = Debug|Any CPU
		{E6C969BA-9FEA-471B-97A3-1E44D3CB49AA}.Debug|x86.Build.0 = Debug|Any CPU
		{E6C969BA-9FEA-471B-97A3-1E44D3CB49AA}.Release|Any CPU.ActiveCfg = Release|Any CPU
		{E6C969BA-9FEA-471B-97A3-1E44D3CB49AA}.Release|Any CPU.Build.0 = Release|Any CPU
		{E6C969BA-9FEA-471B-97A3-1E44D3CB49AA}.Release|x64.ActiveCfg = Release|Any CPU
		{E6C969BA-9FEA-471B-97A3-1E44D3CB49AA}.Release|x64.Build.0 = Release|Any CPU
		{E6C969BA-9FEA-471B-97A3-1E44D3CB49AA}.Release|x86.ActiveCfg = Release|Any CPU
		{E6C969BA-9FEA-471B-97A3-1E44D3CB49AA}.Release|x86.Build.0 = Release|Any CPU
		{76D46ADF-F8F3-4F3D-8562-435A88FA73F9}.Debug|Any CPU.ActiveCfg = Debug|Any CPU
		{76D46ADF-F8F3-4F3D-8562-435A88FA73F9}.Debug|Any CPU.Build.0 = Debug|Any CPU
		{76D46ADF-F8F3-4F3D-8562-435A88FA73F9}.Debug|x64.ActiveCfg = Debug|Any CPU
		{76D46ADF-F8F3-4F3D-8562-435A88FA73F9}.Debug|x64.Build.0 = Debug|Any CPU
		{76D46ADF-F8F3-4F3D-8562-435A88FA73F9}.Debug|x86.ActiveCfg = Debug|Any CPU
		{76D46ADF-F8F3-4F3D-8562-435A88FA73F9}.Debug|x86.Build.0 = Debug|Any CPU
		{76D46ADF-F8F3-4F3D-8562-435A88FA73F9}.Release|Any CPU.ActiveCfg = Release|Any CPU
		{76D46ADF-F8F3-4F3D-8562-435A88FA73F9}.Release|Any CPU.Build.0 = Release|Any CPU
		{76D46ADF-F8F3-4F3D-8562-435A88FA73F9}.Release|x64.ActiveCfg = Release|Any CPU
		{76D46ADF-F8F3-4F3D-8562-435A88FA73F9}.Release|x64.Build.0 = Release|Any CPU
		{76D46ADF-F8F3-4F3D-8562-435A88FA73F9}.Release|x86.ActiveCfg = Release|Any CPU
		{76D46ADF-F8F3-4F3D-8562-435A88FA73F9}.Release|x86.Build.0 = Release|Any CPU
		{1352AF5D-08C2-4B00-B843-A75F79B6A29D}.Debug|Any CPU.ActiveCfg = Debug|Any CPU
		{1352AF5D-08C2-4B00-B843-A75F79B6A29D}.Debug|Any CPU.Build.0 = Debug|Any CPU
		{1352AF5D-08C2-4B00-B843-A75F79B6A29D}.Debug|x64.ActiveCfg = Debug|Any CPU
		{1352AF5D-08C2-4B00-B843-A75F79B6A29D}.Debug|x64.Build.0 = Debug|Any CPU
		{1352AF5D-08C2-4B00-B843-A75F79B6A29D}.Debug|x86.ActiveCfg = Debug|Any CPU
		{1352AF5D-08C2-4B00-B843-A75F79B6A29D}.Debug|x86.Build.0 = Debug|Any CPU
		{1352AF5D-08C2-4B00-B843-A75F79B6A29D}.Release|Any CPU.ActiveCfg = Release|Any CPU
		{1352AF5D-08C2-4B00-B843-A75F79B6A29D}.Release|Any CPU.Build.0 = Release|Any CPU
		{1352AF5D-08C2-4B00-B843-A75F79B6A29D}.Release|x64.ActiveCfg = Release|Any CPU
		{1352AF5D-08C2-4B00-B843-A75F79B6A29D}.Release|x64.Build.0 = Release|Any CPU
		{1352AF5D-08C2-4B00-B843-A75F79B6A29D}.Release|x86.ActiveCfg = Release|Any CPU
		{1352AF5D-08C2-4B00-B843-A75F79B6A29D}.Release|x86.Build.0 = Release|Any CPU
		{1B573AAE-3F46-40B8-A7F8-6FA771FBDF7E}.Debug|Any CPU.ActiveCfg = Debug|Any CPU
		{1B573AAE-3F46-40B8-A7F8-6FA771FBDF7E}.Debug|Any CPU.Build.0 = Debug|Any CPU
		{1B573AAE-3F46-40B8-A7F8-6FA771FBDF7E}.Debug|x64.ActiveCfg = Debug|Any CPU
		{1B573AAE-3F46-40B8-A7F8-6FA771FBDF7E}.Debug|x64.Build.0 = Debug|Any CPU
		{1B573AAE-3F46-40B8-A7F8-6FA771FBDF7E}.Debug|x86.ActiveCfg = Debug|Any CPU
		{1B573AAE-3F46-40B8-A7F8-6FA771FBDF7E}.Debug|x86.Build.0 = Debug|Any CPU
		{1B573AAE-3F46-40B8-A7F8-6FA771FBDF7E}.Release|Any CPU.ActiveCfg = Release|Any CPU
		{1B573AAE-3F46-40B8-A7F8-6FA771FBDF7E}.Release|Any CPU.Build.0 = Release|Any CPU
		{1B573AAE-3F46-40B8-A7F8-6FA771FBDF7E}.Release|x64.ActiveCfg = Release|Any CPU
		{1B573AAE-3F46-40B8-A7F8-6FA771FBDF7E}.Release|x64.Build.0 = Release|Any CPU
		{1B573AAE-3F46-40B8-A7F8-6FA771FBDF7E}.Release|x86.ActiveCfg = Release|Any CPU
		{1B573AAE-3F46-40B8-A7F8-6FA771FBDF7E}.Release|x86.Build.0 = Release|Any CPU
		{3C293059-CA6B-46CF-937B-857596FDA191}.Debug|Any CPU.ActiveCfg = Debug|Any CPU
		{3C293059-CA6B-46CF-937B-857596FDA191}.Debug|Any CPU.Build.0 = Debug|Any CPU
		{3C293059-CA6B-46CF-937B-857596FDA191}.Debug|x64.ActiveCfg = Debug|Any CPU
		{3C293059-CA6B-46CF-937B-857596FDA191}.Debug|x64.Build.0 = Debug|Any CPU
		{3C293059-CA6B-46CF-937B-857596FDA191}.Debug|x86.ActiveCfg = Debug|Any CPU
		{3C293059-CA6B-46CF-937B-857596FDA191}.Debug|x86.Build.0 = Debug|Any CPU
		{3C293059-CA6B-46CF-937B-857596FDA191}.Release|Any CPU.ActiveCfg = Release|Any CPU
		{3C293059-CA6B-46CF-937B-857596FDA191}.Release|Any CPU.Build.0 = Release|Any CPU
		{3C293059-CA6B-46CF-937B-857596FDA191}.Release|x64.ActiveCfg = Release|Any CPU
		{3C293059-CA6B-46CF-937B-857596FDA191}.Release|x64.Build.0 = Release|Any CPU
		{3C293059-CA6B-46CF-937B-857596FDA191}.Release|x86.ActiveCfg = Release|Any CPU
		{3C293059-CA6B-46CF-937B-857596FDA191}.Release|x86.Build.0 = Release|Any CPU
		{AEF6F488-462E-45F9-9FC1-265ACF930A0E}.Debug|Any CPU.ActiveCfg = Debug|Any CPU
		{AEF6F488-462E-45F9-9FC1-265ACF930A0E}.Debug|Any CPU.Build.0 = Debug|Any CPU
		{AEF6F488-462E-45F9-9FC1-265ACF930A0E}.Debug|x64.ActiveCfg = Debug|Any CPU
		{AEF6F488-462E-45F9-9FC1-265ACF930A0E}.Debug|x64.Build.0 = Debug|Any CPU
		{AEF6F488-462E-45F9-9FC1-265ACF930A0E}.Debug|x86.ActiveCfg = Debug|Any CPU
		{AEF6F488-462E-45F9-9FC1-265ACF930A0E}.Debug|x86.Build.0 = Debug|Any CPU
		{AEF6F488-462E-45F9-9FC1-265ACF930A0E}.Release|Any CPU.ActiveCfg = Release|Any CPU
		{AEF6F488-462E-45F9-9FC1-265ACF930A0E}.Release|Any CPU.Build.0 = Release|Any CPU
		{AEF6F488-462E-45F9-9FC1-265ACF930A0E}.Release|x64.ActiveCfg = Release|Any CPU
		{AEF6F488-462E-45F9-9FC1-265ACF930A0E}.Release|x64.Build.0 = Release|Any CPU
		{AEF6F488-462E-45F9-9FC1-265ACF930A0E}.Release|x86.ActiveCfg = Release|Any CPU
		{AEF6F488-462E-45F9-9FC1-265ACF930A0E}.Release|x86.Build.0 = Release|Any CPU
		{B47DE931-722E-4FCE-B12F-56720BB8FBBF}.Debug|Any CPU.ActiveCfg = Debug|Any CPU
		{B47DE931-722E-4FCE-B12F-56720BB8FBBF}.Debug|Any CPU.Build.0 = Debug|Any CPU
		{B47DE931-722E-4FCE-B12F-56720BB8FBBF}.Debug|x64.ActiveCfg = Debug|Any CPU
		{B47DE931-722E-4FCE-B12F-56720BB8FBBF}.Debug|x64.Build.0 = Debug|Any CPU
		{B47DE931-722E-4FCE-B12F-56720BB8FBBF}.Debug|x86.ActiveCfg = Debug|Any CPU
		{B47DE931-722E-4FCE-B12F-56720BB8FBBF}.Debug|x86.Build.0 = Debug|Any CPU
		{B47DE931-722E-4FCE-B12F-56720BB8FBBF}.Release|Any CPU.ActiveCfg = Release|Any CPU
		{B47DE931-722E-4FCE-B12F-56720BB8FBBF}.Release|Any CPU.Build.0 = Release|Any CPU
		{B47DE931-722E-4FCE-B12F-56720BB8FBBF}.Release|x64.ActiveCfg = Release|Any CPU
		{B47DE931-722E-4FCE-B12F-56720BB8FBBF}.Release|x64.Build.0 = Release|Any CPU
		{B47DE931-722E-4FCE-B12F-56720BB8FBBF}.Release|x86.ActiveCfg = Release|Any CPU
		{B47DE931-722E-4FCE-B12F-56720BB8FBBF}.Release|x86.Build.0 = Release|Any CPU
		{A567B860-42AF-4D1E-BA18-7C8CFA860E93}.Debug|Any CPU.ActiveCfg = Debug|Any CPU
		{A567B860-42AF-4D1E-BA18-7C8CFA860E93}.Debug|Any CPU.Build.0 = Debug|Any CPU
		{A567B860-42AF-4D1E-BA18-7C8CFA860E93}.Debug|x64.ActiveCfg = Debug|Any CPU
		{A567B860-42AF-4D1E-BA18-7C8CFA860E93}.Debug|x64.Build.0 = Debug|Any CPU
		{A567B860-42AF-4D1E-BA18-7C8CFA860E93}.Debug|x86.ActiveCfg = Debug|Any CPU
		{A567B860-42AF-4D1E-BA18-7C8CFA860E93}.Debug|x86.Build.0 = Debug|Any CPU
		{A567B860-42AF-4D1E-BA18-7C8CFA860E93}.Release|Any CPU.ActiveCfg = Release|Any CPU
		{A567B860-42AF-4D1E-BA18-7C8CFA860E93}.Release|Any CPU.Build.0 = Release|Any CPU
		{A567B860-42AF-4D1E-BA18-7C8CFA860E93}.Release|x64.ActiveCfg = Release|Any CPU
		{A567B860-42AF-4D1E-BA18-7C8CFA860E93}.Release|x64.Build.0 = Release|Any CPU
		{A567B860-42AF-4D1E-BA18-7C8CFA860E93}.Release|x86.ActiveCfg = Release|Any CPU
		{A567B860-42AF-4D1E-BA18-7C8CFA860E93}.Release|x86.Build.0 = Release|Any CPU
		{9C931396-E459-457F-816D-527439EE01A7}.Debug|Any CPU.ActiveCfg = Debug|Any CPU
		{9C931396-E459-457F-816D-527439EE01A7}.Debug|Any CPU.Build.0 = Debug|Any CPU
		{9C931396-E459-457F-816D-527439EE01A7}.Debug|x64.ActiveCfg = Debug|Any CPU
		{9C931396-E459-457F-816D-527439EE01A7}.Debug|x64.Build.0 = Debug|Any CPU
		{9C931396-E459-457F-816D-527439EE01A7}.Debug|x86.ActiveCfg = Debug|Any CPU
		{9C931396-E459-457F-816D-527439EE01A7}.Debug|x86.Build.0 = Debug|Any CPU
		{9C931396-E459-457F-816D-527439EE01A7}.Release|Any CPU.ActiveCfg = Release|Any CPU
		{9C931396-E459-457F-816D-527439EE01A7}.Release|Any CPU.Build.0 = Release|Any CPU
		{9C931396-E459-457F-816D-527439EE01A7}.Release|x64.ActiveCfg = Release|Any CPU
		{9C931396-E459-457F-816D-527439EE01A7}.Release|x64.Build.0 = Release|Any CPU
		{9C931396-E459-457F-816D-527439EE01A7}.Release|x86.ActiveCfg = Release|Any CPU
		{9C931396-E459-457F-816D-527439EE01A7}.Release|x86.Build.0 = Release|Any CPU
		{8EDE58CD-45D1-48C1-BDD2-05560097A28A}.Debug|Any CPU.ActiveCfg = Debug|Any CPU
		{8EDE58CD-45D1-48C1-BDD2-05560097A28A}.Debug|Any CPU.Build.0 = Debug|Any CPU
		{8EDE58CD-45D1-48C1-BDD2-05560097A28A}.Debug|x64.ActiveCfg = Debug|Any CPU
		{8EDE58CD-45D1-48C1-BDD2-05560097A28A}.Debug|x64.Build.0 = Debug|Any CPU
		{8EDE58CD-45D1-48C1-BDD2-05560097A28A}.Debug|x86.ActiveCfg = Debug|Any CPU
		{8EDE58CD-45D1-48C1-BDD2-05560097A28A}.Debug|x86.Build.0 = Debug|Any CPU
		{8EDE58CD-45D1-48C1-BDD2-05560097A28A}.Release|Any CPU.ActiveCfg = Release|Any CPU
		{8EDE58CD-45D1-48C1-BDD2-05560097A28A}.Release|Any CPU.Build.0 = Release|Any CPU
		{8EDE58CD-45D1-48C1-BDD2-05560097A28A}.Release|x64.ActiveCfg = Release|Any CPU
		{8EDE58CD-45D1-48C1-BDD2-05560097A28A}.Release|x64.Build.0 = Release|Any CPU
		{8EDE58CD-45D1-48C1-BDD2-05560097A28A}.Release|x86.ActiveCfg = Release|Any CPU
		{8EDE58CD-45D1-48C1-BDD2-05560097A28A}.Release|x86.Build.0 = Release|Any CPU
		{705B14EA-4135-4274-A24E-19BB7E888295}.Debug|Any CPU.ActiveCfg = Debug|Any CPU
		{705B14EA-4135-4274-A24E-19BB7E888295}.Debug|Any CPU.Build.0 = Debug|Any CPU
		{705B14EA-4135-4274-A24E-19BB7E888295}.Debug|x64.ActiveCfg = Debug|Any CPU
		{705B14EA-4135-4274-A24E-19BB7E888295}.Debug|x64.Build.0 = Debug|Any CPU
		{705B14EA-4135-4274-A24E-19BB7E888295}.Debug|x86.ActiveCfg = Debug|Any CPU
		{705B14EA-4135-4274-A24E-19BB7E888295}.Debug|x86.Build.0 = Debug|Any CPU
		{705B14EA-4135-4274-A24E-19BB7E888295}.Release|Any CPU.ActiveCfg = Release|Any CPU
		{705B14EA-4135-4274-A24E-19BB7E888295}.Release|Any CPU.Build.0 = Release|Any CPU
		{705B14EA-4135-4274-A24E-19BB7E888295}.Release|x64.ActiveCfg = Release|Any CPU
		{705B14EA-4135-4274-A24E-19BB7E888295}.Release|x64.Build.0 = Release|Any CPU
		{705B14EA-4135-4274-A24E-19BB7E888295}.Release|x86.ActiveCfg = Release|Any CPU
		{705B14EA-4135-4274-A24E-19BB7E888295}.Release|x86.Build.0 = Release|Any CPU
		{F9F4299E-C390-469D-BFEB-EDA9DDEF26E6}.Debug|Any CPU.ActiveCfg = Debug|Any CPU
		{F9F4299E-C390-469D-BFEB-EDA9DDEF26E6}.Debug|Any CPU.Build.0 = Debug|Any CPU
		{F9F4299E-C390-469D-BFEB-EDA9DDEF26E6}.Debug|x64.ActiveCfg = Debug|Any CPU
		{F9F4299E-C390-469D-BFEB-EDA9DDEF26E6}.Debug|x64.Build.0 = Debug|Any CPU
		{F9F4299E-C390-469D-BFEB-EDA9DDEF26E6}.Debug|x86.ActiveCfg = Debug|Any CPU
		{F9F4299E-C390-469D-BFEB-EDA9DDEF26E6}.Debug|x86.Build.0 = Debug|Any CPU
		{F9F4299E-C390-469D-BFEB-EDA9DDEF26E6}.Release|Any CPU.ActiveCfg = Release|Any CPU
		{F9F4299E-C390-469D-BFEB-EDA9DDEF26E6}.Release|Any CPU.Build.0 = Release|Any CPU
		{F9F4299E-C390-469D-BFEB-EDA9DDEF26E6}.Release|x64.ActiveCfg = Release|Any CPU
		{F9F4299E-C390-469D-BFEB-EDA9DDEF26E6}.Release|x64.Build.0 = Release|Any CPU
		{F9F4299E-C390-469D-BFEB-EDA9DDEF26E6}.Release|x86.ActiveCfg = Release|Any CPU
		{F9F4299E-C390-469D-BFEB-EDA9DDEF26E6}.Release|x86.Build.0 = Release|Any CPU
		{7C6A38F9-2E4D-4633-9EEA-E3347BB63AE2}.Debug|Any CPU.ActiveCfg = Debug|Any CPU
		{7C6A38F9-2E4D-4633-9EEA-E3347BB63AE2}.Debug|Any CPU.Build.0 = Debug|Any CPU
		{7C6A38F9-2E4D-4633-9EEA-E3347BB63AE2}.Debug|x64.ActiveCfg = Debug|Any CPU
		{7C6A38F9-2E4D-4633-9EEA-E3347BB63AE2}.Debug|x64.Build.0 = Debug|Any CPU
		{7C6A38F9-2E4D-4633-9EEA-E3347BB63AE2}.Debug|x86.ActiveCfg = Debug|Any CPU
		{7C6A38F9-2E4D-4633-9EEA-E3347BB63AE2}.Debug|x86.Build.0 = Debug|Any CPU
		{7C6A38F9-2E4D-4633-9EEA-E3347BB63AE2}.Release|Any CPU.ActiveCfg = Release|Any CPU
		{7C6A38F9-2E4D-4633-9EEA-E3347BB63AE2}.Release|Any CPU.Build.0 = Release|Any CPU
		{7C6A38F9-2E4D-4633-9EEA-E3347BB63AE2}.Release|x64.ActiveCfg = Release|Any CPU
		{7C6A38F9-2E4D-4633-9EEA-E3347BB63AE2}.Release|x64.Build.0 = Release|Any CPU
		{7C6A38F9-2E4D-4633-9EEA-E3347BB63AE2}.Release|x86.ActiveCfg = Release|Any CPU
		{7C6A38F9-2E4D-4633-9EEA-E3347BB63AE2}.Release|x86.Build.0 = Release|Any CPU
		{9D2E194A-2736-4F5C-8E13-7BBFCEF38577}.Debug|Any CPU.ActiveCfg = Debug|Any CPU
		{9D2E194A-2736-4F5C-8E13-7BBFCEF38577}.Debug|Any CPU.Build.0 = Debug|Any CPU
		{9D2E194A-2736-4F5C-8E13-7BBFCEF38577}.Debug|x64.ActiveCfg = Debug|Any CPU
		{9D2E194A-2736-4F5C-8E13-7BBFCEF38577}.Debug|x64.Build.0 = Debug|Any CPU
		{9D2E194A-2736-4F5C-8E13-7BBFCEF38577}.Debug|x86.ActiveCfg = Debug|Any CPU
		{9D2E194A-2736-4F5C-8E13-7BBFCEF38577}.Debug|x86.Build.0 = Debug|Any CPU
		{9D2E194A-2736-4F5C-8E13-7BBFCEF38577}.Release|Any CPU.ActiveCfg = Release|Any CPU
		{9D2E194A-2736-4F5C-8E13-7BBFCEF38577}.Release|Any CPU.Build.0 = Release|Any CPU
		{9D2E194A-2736-4F5C-8E13-7BBFCEF38577}.Release|x64.ActiveCfg = Release|Any CPU
		{9D2E194A-2736-4F5C-8E13-7BBFCEF38577}.Release|x64.Build.0 = Release|Any CPU
		{9D2E194A-2736-4F5C-8E13-7BBFCEF38577}.Release|x86.ActiveCfg = Release|Any CPU
		{9D2E194A-2736-4F5C-8E13-7BBFCEF38577}.Release|x86.Build.0 = Release|Any CPU
		{D43DD81F-B40B-4784-B96C-6D7BE97D4EF7}.Debug|Any CPU.ActiveCfg = Debug|Any CPU
		{D43DD81F-B40B-4784-B96C-6D7BE97D4EF7}.Debug|Any CPU.Build.0 = Debug|Any CPU
		{D43DD81F-B40B-4784-B96C-6D7BE97D4EF7}.Debug|x64.ActiveCfg = Debug|Any CPU
		{D43DD81F-B40B-4784-B96C-6D7BE97D4EF7}.Debug|x64.Build.0 = Debug|Any CPU
		{D43DD81F-B40B-4784-B96C-6D7BE97D4EF7}.Debug|x86.ActiveCfg = Debug|Any CPU
		{D43DD81F-B40B-4784-B96C-6D7BE97D4EF7}.Debug|x86.Build.0 = Debug|Any CPU
		{D43DD81F-B40B-4784-B96C-6D7BE97D4EF7}.Release|Any CPU.ActiveCfg = Release|Any CPU
		{D43DD81F-B40B-4784-B96C-6D7BE97D4EF7}.Release|Any CPU.Build.0 = Release|Any CPU
		{D43DD81F-B40B-4784-B96C-6D7BE97D4EF7}.Release|x64.ActiveCfg = Release|Any CPU
		{D43DD81F-B40B-4784-B96C-6D7BE97D4EF7}.Release|x64.Build.0 = Release|Any CPU
		{D43DD81F-B40B-4784-B96C-6D7BE97D4EF7}.Release|x86.ActiveCfg = Release|Any CPU
		{D43DD81F-B40B-4784-B96C-6D7BE97D4EF7}.Release|x86.Build.0 = Release|Any CPU
		{95D11F52-B7C8-4C0C-8593-BC31C2F43EE2}.Debug|Any CPU.ActiveCfg = Debug|Any CPU
		{95D11F52-B7C8-4C0C-8593-BC31C2F43EE2}.Debug|Any CPU.Build.0 = Debug|Any CPU
		{95D11F52-B7C8-4C0C-8593-BC31C2F43EE2}.Debug|x64.ActiveCfg = Debug|Any CPU
		{95D11F52-B7C8-4C0C-8593-BC31C2F43EE2}.Debug|x64.Build.0 = Debug|Any CPU
		{95D11F52-B7C8-4C0C-8593-BC31C2F43EE2}.Debug|x86.ActiveCfg = Debug|Any CPU
		{95D11F52-B7C8-4C0C-8593-BC31C2F43EE2}.Debug|x86.Build.0 = Debug|Any CPU
		{95D11F52-B7C8-4C0C-8593-BC31C2F43EE2}.Release|Any CPU.ActiveCfg = Release|Any CPU
		{95D11F52-B7C8-4C0C-8593-BC31C2F43EE2}.Release|Any CPU.Build.0 = Release|Any CPU
		{95D11F52-B7C8-4C0C-8593-BC31C2F43EE2}.Release|x64.ActiveCfg = Release|Any CPU
		{95D11F52-B7C8-4C0C-8593-BC31C2F43EE2}.Release|x64.Build.0 = Release|Any CPU
		{95D11F52-B7C8-4C0C-8593-BC31C2F43EE2}.Release|x86.ActiveCfg = Release|Any CPU
		{95D11F52-B7C8-4C0C-8593-BC31C2F43EE2}.Release|x86.Build.0 = Release|Any CPU
		{76351E41-B2C8-4256-A26A-F0823B26C862}.Debug|Any CPU.ActiveCfg = Debug|Any CPU
		{76351E41-B2C8-4256-A26A-F0823B26C862}.Debug|Any CPU.Build.0 = Debug|Any CPU
		{76351E41-B2C8-4256-A26A-F0823B26C862}.Debug|x64.ActiveCfg = Debug|Any CPU
		{76351E41-B2C8-4256-A26A-F0823B26C862}.Debug|x64.Build.0 = Debug|Any CPU
		{76351E41-B2C8-4256-A26A-F0823B26C862}.Debug|x86.ActiveCfg = Debug|Any CPU
		{76351E41-B2C8-4256-A26A-F0823B26C862}.Debug|x86.Build.0 = Debug|Any CPU
		{76351E41-B2C8-4256-A26A-F0823B26C862}.Release|Any CPU.ActiveCfg = Release|Any CPU
		{76351E41-B2C8-4256-A26A-F0823B26C862}.Release|Any CPU.Build.0 = Release|Any CPU
		{76351E41-B2C8-4256-A26A-F0823B26C862}.Release|x64.ActiveCfg = Release|Any CPU
		{76351E41-B2C8-4256-A26A-F0823B26C862}.Release|x64.Build.0 = Release|Any CPU
		{76351E41-B2C8-4256-A26A-F0823B26C862}.Release|x86.ActiveCfg = Release|Any CPU
		{76351E41-B2C8-4256-A26A-F0823B26C862}.Release|x86.Build.0 = Release|Any CPU
		{AD91A973-C667-42AC-AEBB-5486F9775BF1}.Debug|Any CPU.ActiveCfg = Debug|Any CPU
		{AD91A973-C667-42AC-AEBB-5486F9775BF1}.Debug|Any CPU.Build.0 = Debug|Any CPU
		{AD91A973-C667-42AC-AEBB-5486F9775BF1}.Debug|x64.ActiveCfg = Debug|Any CPU
		{AD91A973-C667-42AC-AEBB-5486F9775BF1}.Debug|x64.Build.0 = Debug|Any CPU
		{AD91A973-C667-42AC-AEBB-5486F9775BF1}.Debug|x86.ActiveCfg = Debug|Any CPU
		{AD91A973-C667-42AC-AEBB-5486F9775BF1}.Debug|x86.Build.0 = Debug|Any CPU
		{AD91A973-C667-42AC-AEBB-5486F9775BF1}.Release|Any CPU.ActiveCfg = Release|Any CPU
		{AD91A973-C667-42AC-AEBB-5486F9775BF1}.Release|Any CPU.Build.0 = Release|Any CPU
		{AD91A973-C667-42AC-AEBB-5486F9775BF1}.Release|x64.ActiveCfg = Release|Any CPU
		{AD91A973-C667-42AC-AEBB-5486F9775BF1}.Release|x64.Build.0 = Release|Any CPU
		{AD91A973-C667-42AC-AEBB-5486F9775BF1}.Release|x86.ActiveCfg = Release|Any CPU
		{AD91A973-C667-42AC-AEBB-5486F9775BF1}.Release|x86.Build.0 = Release|Any CPU
	EndGlobalSection
	GlobalSection(SolutionProperties) = preSolution
		HideSolutionNode = FALSE
	EndGlobalSection
	GlobalSection(NestedProjects) = preSolution
		{90298CBA-BD6F-3A0A-69D5-97CAD7B05E7E} = {827E0CD3-B72D-47B6-A68D-7590B98EB39B}
		{541EDEB4-BBEF-4885-AB52-0CDB0AB5A187} = {90298CBA-BD6F-3A0A-69D5-97CAD7B05E7E}
		{B75B6D01-643B-42B1-83E4-DBA8DC70413D} = {90298CBA-BD6F-3A0A-69D5-97CAD7B05E7E}
		{4C1E3112-ECB0-4EBD-A998-A05D8CC463B5} = {90298CBA-BD6F-3A0A-69D5-97CAD7B05E7E}
		{C79C3622-AC92-5B3C-4F71-0BD0E7B3816F} = {827E0CD3-B72D-47B6-A68D-7590B98EB39B}
		{B975295F-105F-491F-8EB0-E0BA837C228A} = {C79C3622-AC92-5B3C-4F71-0BD0E7B3816F}
		{F373E494-5E53-4232-8E14-43C5D6E6795C} = {C79C3622-AC92-5B3C-4F71-0BD0E7B3816F}
		{EC447DCF-ABFA-6E24-52A5-D7FD48A5C558} = {827E0CD3-B72D-47B6-A68D-7590B98EB39B}
		{A26F344D-182E-CE53-AD51-2154946AC6F3} = {EC447DCF-ABFA-6E24-52A5-D7FD48A5C558}
		{9B11AE8D-A66F-414C-A2B5-244FCBA37143} = {A26F344D-182E-CE53-AD51-2154946AC6F3}
		{8234BF57-6CB6-97B7-5A2A-3959BF14D0E7} = {EC447DCF-ABFA-6E24-52A5-D7FD48A5C558}
		{05519B07-4343-4505-B349-FC80D95D55D2} = {8234BF57-6CB6-97B7-5A2A-3959BF14D0E7}
		{8EA7EDEA-BE20-3CD8-31E3-68E1C6568F8E} = {EC447DCF-ABFA-6E24-52A5-D7FD48A5C558}
		{4CAF5234-99AF-49FE-8B24-1A4E5C65F7B0} = {8EA7EDEA-BE20-3CD8-31E3-68E1C6568F8E}
		{9BA93C86-C9C0-D98A-D4FE-10D2C9F3D258} = {EC447DCF-ABFA-6E24-52A5-D7FD48A5C558}
		{EDD0DC65-5E5F-475B-B899-594EEAE1CF0D} = {9BA93C86-C9C0-D98A-D4FE-10D2C9F3D258}
		{CFD98C11-0354-2BE4-4011-BD6AEF12219D} = {EC447DCF-ABFA-6E24-52A5-D7FD48A5C558}
		{76C53206-3186-4381-A797-EBB7802C52BA} = {CFD98C11-0354-2BE4-4011-BD6AEF12219D}
		{6D49058A-FD41-B25F-F27C-61A68CAD9AD0} = {EC447DCF-ABFA-6E24-52A5-D7FD48A5C558}
		{7D3639DE-5D6B-4301-9EEB-B161B6AE575B} = {6D49058A-FD41-B25F-F27C-61A68CAD9AD0}
		{3482A603-7AEB-377F-9DA5-9757A465DBE8} = {EC447DCF-ABFA-6E24-52A5-D7FD48A5C558}
		{264A7415-889C-4799-9E44-05373C31F9B2} = {3482A603-7AEB-377F-9DA5-9757A465DBE8}
		{8C0BFB54-728C-01F9-BB1A-7212CA62FBFD} = {EC447DCF-ABFA-6E24-52A5-D7FD48A5C558}
		{BD14A4F2-7F5C-4F58-95F1-2ADC24B9318C} = {8C0BFB54-728C-01F9-BB1A-7212CA62FBFD}
		{A092A965-E9B2-400D-B3CD-1FD8FA7EAFE3} = {EC447DCF-ABFA-6E24-52A5-D7FD48A5C558}
		{7EA30DBE-7672-417D-A082-ED2FB8B377A9} = {A092A965-E9B2-400D-B3CD-1FD8FA7EAFE3}
		{5C565D6D-56B2-913B-284D-BFD5D44658B6} = {EC447DCF-ABFA-6E24-52A5-D7FD48A5C558}
		{5DF16309-6279-4D8F-86A6-FCCE4AEAAA2F} = {5C565D6D-56B2-913B-284D-BFD5D44658B6}
		{9CA5241A-57B4-7BFD-CD43-0F52D93CABCE} = {EC447DCF-ABFA-6E24-52A5-D7FD48A5C558}
		{E7C67348-3047-47F3-AE83-DB771FF6A2A1} = {9CA5241A-57B4-7BFD-CD43-0F52D93CABCE}
		{02F79728-E4D5-234D-DE2F-5DC0F32FA794} = {EC447DCF-ABFA-6E24-52A5-D7FD48A5C558}
		{14C8E30D-4609-4E53-810F-2786CEFFA8E9} = {02F79728-E4D5-234D-DE2F-5DC0F32FA794}
		{631C0356-7B6D-43C4-905C-3821946F458C} = {0AB3BF05-4346-4AA6-1389-037BE0695223}
		{4A8EB017-0F19-40F4-8B00-08B2B05B0DC8} = {0AB3BF05-4346-4AA6-1389-037BE0695223}
		{6F2C993F-5723-492C-AA34-BB2F9A303F57} = {0AB3BF05-4346-4AA6-1389-037BE0695223}
		{FBC78024-A764-4AEA-9C5F-73366EAEF04C} = {8234BF57-6CB6-97B7-5A2A-3959BF14D0E7}
		{2D18E54D-982E-4DD5-8917-BED4D84B23E9} = {8234BF57-6CB6-97B7-5A2A-3959BF14D0E7}
		{E77F1CE9-4918-4E86-912C-3A69AEB697C7} = {8234BF57-6CB6-97B7-5A2A-3959BF14D0E7}
		{D5241B90-CEA8-47C8-8D71-15A3141B4301} = {8234BF57-6CB6-97B7-5A2A-3959BF14D0E7}
		{1F34AC91-C0EE-4A23-8E4A-7C19C81D858F} = {8234BF57-6CB6-97B7-5A2A-3959BF14D0E7}
		{61C483C5-302B-45E5-9718-6D8E2F9B1B3D} = {8234BF57-6CB6-97B7-5A2A-3959BF14D0E7}
		{85222C3E-831A-4CF0-A239-10CB6AF3EE96} = {8234BF57-6CB6-97B7-5A2A-3959BF14D0E7}
		{8C2213D8-E2B6-467D-8F74-7539B814E521} = {8234BF57-6CB6-97B7-5A2A-3959BF14D0E7}
		{688D797D-280B-4C3A-9324-C5B0E713808C} = {8234BF57-6CB6-97B7-5A2A-3959BF14D0E7}
		{17720BAB-4F4D-4201-A410-1098F6F80EF4} = {8234BF57-6CB6-97B7-5A2A-3959BF14D0E7}
		{B4F19585-9578-4FBB-941A-01F5B2320CC3} = {8234BF57-6CB6-97B7-5A2A-3959BF14D0E7}
		{4879960C-CC9E-4E78-B67C-9FFABCEDBD0A} = {8234BF57-6CB6-97B7-5A2A-3959BF14D0E7}
		{3CE8C7C3-3787-4083-BDC8-DAD0B9A59150} = {8234BF57-6CB6-97B7-5A2A-3959BF14D0E7}
		{AFD319BA-13C1-439E-AA50-8CE525705235} = {8234BF57-6CB6-97B7-5A2A-3959BF14D0E7}
		{A046E80F-2F99-49FC-A929-EAEB635242B9} = {8234BF57-6CB6-97B7-5A2A-3959BF14D0E7}
		{A1EB5899-0ECA-4A29-8B50-9A8849A6E474} = {8234BF57-6CB6-97B7-5A2A-3959BF14D0E7}
		{5FC48DDC-73AB-4C1F-88C5-FFBB82EFC0D3} = {8234BF57-6CB6-97B7-5A2A-3959BF14D0E7}
		{BC7B3B18-D28F-4259-92A7-1B76D864E307} = {8234BF57-6CB6-97B7-5A2A-3959BF14D0E7}
		{E6C969BA-9FEA-471B-97A3-1E44D3CB49AA} = {8234BF57-6CB6-97B7-5A2A-3959BF14D0E7}
		{76D46ADF-F8F3-4F3D-8562-435A88FA73F9} = {8234BF57-6CB6-97B7-5A2A-3959BF14D0E7}
		{1352AF5D-08C2-4B00-B843-A75F79B6A29D} = {8234BF57-6CB6-97B7-5A2A-3959BF14D0E7}
		{1B573AAE-3F46-40B8-A7F8-6FA771FBDF7E} = {8234BF57-6CB6-97B7-5A2A-3959BF14D0E7}
		{3C293059-CA6B-46CF-937B-857596FDA191} = {8234BF57-6CB6-97B7-5A2A-3959BF14D0E7}
		{AEF6F488-462E-45F9-9FC1-265ACF930A0E} = {8234BF57-6CB6-97B7-5A2A-3959BF14D0E7}
		{B47DE931-722E-4FCE-B12F-56720BB8FBBF} = {8234BF57-6CB6-97B7-5A2A-3959BF14D0E7}
		{A567B860-42AF-4D1E-BA18-7C8CFA860E93} = {8234BF57-6CB6-97B7-5A2A-3959BF14D0E7}
		{9C931396-E459-457F-816D-527439EE01A7} = {8234BF57-6CB6-97B7-5A2A-3959BF14D0E7}
		{8EDE58CD-45D1-48C1-BDD2-05560097A28A} = {8234BF57-6CB6-97B7-5A2A-3959BF14D0E7}
		{705B14EA-4135-4274-A24E-19BB7E888295} = {8234BF57-6CB6-97B7-5A2A-3959BF14D0E7}
		{F9F4299E-C390-469D-BFEB-EDA9DDEF26E6} = {8234BF57-6CB6-97B7-5A2A-3959BF14D0E7}
		{7C6A38F9-2E4D-4633-9EEA-E3347BB63AE2} = {8234BF57-6CB6-97B7-5A2A-3959BF14D0E7}
		{9D2E194A-2736-4F5C-8E13-7BBFCEF38577} = {8234BF57-6CB6-97B7-5A2A-3959BF14D0E7}
		{D43DD81F-B40B-4784-B96C-6D7BE97D4EF7} = {8234BF57-6CB6-97B7-5A2A-3959BF14D0E7}
		{95D11F52-B7C8-4C0C-8593-BC31C2F43EE2} = {8234BF57-6CB6-97B7-5A2A-3959BF14D0E7}
		{76351E41-B2C8-4256-A26A-F0823B26C862} = {8234BF57-6CB6-97B7-5A2A-3959BF14D0E7}
		{AD91A973-C667-42AC-AEBB-5486F9775BF1} = {8234BF57-6CB6-97B7-5A2A-3959BF14D0E7}
	EndGlobalSection
EndGlobal
